{
  "version": 4,
  "terraform_version": "1.13.3",
  "serial": 127,
  "lineage": "9ba9d331-24f6-95c9-aa3f-60552f3d15a9",
  "outputs": {
    "ai_agents_autoscaling_target_resource_id": {
      "value": "service/dental-clinic-cluster/dental-prod-ai-agents",
      "type": "string"
    },
    "ai_agents_ecr_repository_url": {
      "value": "488675216463.dkr.ecr.us-east-1.amazonaws.com/dental-prod-ai-agents",
      "type": "string"
    },
    "ai_agents_health_check_url": {
      "value": "http://dental-prod-alb-230896070.us-east-1.elb.amazonaws.com/ai/health",
      "type": "string"
    },
    "ai_agents_log_group_name": {
      "value": "/ecs/dental-prod/ai-agents",
      "type": "string"
    },
    "ai_agents_service_name": {
      "value": "dental-prod-ai-agents",
      "type": "string"
    },
    "ai_agents_target_group_arn": {
      "value": "arn:aws:elasticloadbalancing:us-east-1:488675216463:targetgroup/dental-prod-ai-agents-tg/3f08a6fac184659f",
      "type": "string"
    },
    "alb_security_group_id": {
      "value": "sg-00c73b0ebfa0f8180",
      "type": "string"
    },
    "app_config_secret_arn": {
      "value": "arn:aws:secretsmanager:us-east-1:488675216463:secret:dental-prod/app/config-mpR7st",
      "type": "string",
      "sensitive": true
    },
    "application_url": {
      "value": "http://dental-prod-alb-230896070.us-east-1.elb.amazonaws.com",
      "type": "string"
    },
    "aws_region": {
      "value": "us-east-1",
      "type": "string"
    },
    "database_connection_string": {
      "value": "mysql://admin:PASSWORD@dental-prod-database.c0jiwcc6ykf7.us-east-1.rds.amazonaws.com:3306:3306/dental_clinic",
      "type": "string",
      "sensitive": true
    },
    "database_credentials_secret_arn": {
      "value": "arn:aws:secretsmanager:us-east-1:488675216463:secret:dental-prod/database/credentials-JpJByt",
      "type": "string",
      "sensitive": true
    },
    "database_endpoint": {
      "value": "dental-prod-database.c0jiwcc6ykf7.us-east-1.rds.amazonaws.com:3306",
      "type": "string",
      "sensitive": true
    },
    "database_name": {
      "value": "dental_clinic",
      "type": "string"
    },
    "database_port": {
      "value": 3306,
      "type": "number"
    },
    "database_subnet_ids": {
      "value": [
        "subnet-01845b0b64af784f1",
        "subnet-05f23c9449ad7c11e"
      ],
      "type": [
        "tuple",
        [
          "string",
          "string"
        ]
      ]
    },
    "database_username": {
      "value": "admin",
      "type": "string",
      "sensitive": true
    },
    "deployment_timestamp": {
      "value": "2025-09-27T07:25:17Z",
      "type": "string"
    },
    "ecs_cluster_arn": {
      "value": "arn:aws:ecs:us-east-1:488675216463:cluster/dental-clinic-cluster",
      "type": "string"
    },
    "ecs_cluster_id": {
      "value": "arn:aws:ecs:us-east-1:488675216463:cluster/dental-clinic-cluster",
      "type": "string"
    },
    "ecs_cluster_name": {
      "value": "dental-clinic-cluster",
      "type": "string"
    },
    "ecs_security_group_id": {
      "value": "sg-0ef6a623b68a7a124",
      "type": "string"
    },
    "ecs_task_execution_role_arn": {
      "value": "arn:aws:iam::488675216463:role/dental-prod-ecs-task-execution",
      "type": "string"
    },
    "ecs_task_role_arn": {
      "value": "arn:aws:iam::488675216463:role/dental-prod-ecs-task",
      "type": "string"
    },
    "environment": {
      "value": "prod",
      "type": "string"
    },
    "gateway_autoscaling_target_resource_id": {
      "value": "service/dental-clinic-cluster/dental-prod-gateway",
      "type": "string"
    },
    "gateway_ecr_repository_url": {
      "value": "488675216463.dkr.ecr.us-east-1.amazonaws.com/dental-prod-gateway",
      "type": "string"
    },
    "gateway_health_check_url": {
      "value": "http://dental-prod-alb-230896070.us-east-1.elb.amazonaws.com/health",
      "type": "string"
    },
    "gateway_log_group_name": {
      "value": "/ecs/dental-prod/gateway",
      "type": "string"
    },
    "gateway_service_name": {
      "value": "dental-prod-gateway",
      "type": "string"
    },
    "gateway_target_group_arn": {
      "value": "arn:aws:elasticloadbalancing:us-east-1:488675216463:targetgroup/dental-prod-gateway-tg/cdea4ad2cccad3af",
      "type": "string"
    },
    "load_balancer_arn": {
      "value": "arn:aws:elasticloadbalancing:us-east-1:488675216463:loadbalancer/app/dental-prod-alb/5949b1a56d8e9cd8",
      "type": "string"
    },
    "load_balancer_dns_name": {
      "value": "dental-prod-alb-230896070.us-east-1.elb.amazonaws.com",
      "type": "string"
    },
    "load_balancer_zone_id": {
      "value": "Z35SXDOTRQ7X7K",
      "type": "string"
    },
    "openai_api_key_secret_arn": {
      "value": "arn:aws:secretsmanager:us-east-1:488675216463:secret:dental-prod/openai/api-key-Cr7efu",
      "type": "string",
      "sensitive": true
    },
    "private_subnet_ids": {
      "value": [
        "subnet-0a43c0902bc7f09eb",
        "subnet-03981f48ddb7cef8d"
      ],
      "type": [
        "tuple",
        [
          "string",
          "string"
        ]
      ]
    },
    "project_name": {
      "value": "dental-clinic-ai",
      "type": "string"
    },
    "public_subnet_ids": {
      "value": [
        "subnet-032b67803b53c760a",
        "subnet-0cf108ad65fa45f1e"
      ],
      "type": [
        "tuple",
        [
          "string",
          "string"
        ]
      ]
    },
    "rds_security_group_id": {
      "value": "sg-0b2581b17e3dd065b",
      "type": "string"
    },
    "redis_connection_string": {
      "value": "redis://dental-prod-redis.egz2rz.0001.use1.cache.amazonaws.com:6379/0",
      "type": "string",
      "sensitive": true
    },
    "redis_endpoint": {
      "value": "dental-prod-redis.egz2rz.0001.use1.cache.amazonaws.com",
      "type": "string",
      "sensitive": true
    },
    "redis_port": {
      "value": 6379,
      "type": "number"
    },
    "redis_security_group_id": {
      "value": "sg-0d98f2a2a6a9d4b41",
      "type": "string"
    },
    "secrets_kms_key_arn": {
      "value": "arn:aws:kms:us-east-1:488675216463:key/7298660a-dae6-43ba-9870-47365a9d161e",
      "type": "string"
    },
    "secrets_kms_key_id": {
      "value": "7298660a-dae6-43ba-9870-47365a9d161e",
      "type": "string"
    },
    "sns_alerts_topic_arn": {
      "value": "arn:aws:sns:us-east-1:488675216463:dental-prod-alerts",
      "type": "string"
    },
    "terraform_workspace": {
      "value": "prod",
      "type": "string"
    },
    "vpc_cidr_block": {
      "value": "10.0.0.0/16",
      "type": "string"
    },
    "vpc_id": {
      "value": "vpc-04fb294eb77c6b88f",
      "type": "string"
    }
  },
  "resources": [
    {
      "mode": "data",
      "type": "aws_availability_zones",
      "name": "available",
      "provider": "provider[\"registry.terraform.io/hashicorp/aws\"]",
      "instances": [
        {
          "schema_version": 0,
          "attributes": {
            "all_availability_zones": null,
            "exclude_names": null,
            "exclude_zone_ids": null,
            "filter": null,
            "group_names": [
              "us-east-1-zg-1"
            ],
            "id": "us-east-1",
            "names": [
              "us-east-1a",
              "us-east-1b",
              "us-east-1c",
              "us-east-1d",
              "us-east-1e",
              "us-east-1f"
            ],
            "state": "available",
            "timeouts": null,
            "zone_ids": [
              "use1-az4",
              "use1-az6",
              "use1-az1",
              "use1-az2",
              "use1-az3",
              "use1-az5"
            ]
          },
          "sensitive_attributes": [],
          "identity_schema_version": 0
        }
      ]
    },
    {
      "mode": "data",
      "type": "aws_caller_identity",
      "name": "current",
      "provider": "provider[\"registry.terraform.io/hashicorp/aws\"]",
      "instances": [
        {
          "schema_version": 0,
          "attributes": {
            "account_id": "488675216463",
            "arn": "arn:aws:iam::488675216463:user/Scubapro711_Dev_API",
            "id": "488675216463",
            "user_id": "AIDAXDR2QBRHYF4JE5VQ4"
          },
          "sensitive_attributes": [],
          "identity_schema_version": 0
        }
      ]
    },
    {
      "mode": "managed",
      "type": "aws_appautoscaling_policy",
      "name": "ai_agents_cpu",
      "provider": "provider[\"registry.terraform.io/hashicorp/aws\"]",
      "instances": [
        {
          "index_key": 0,
          "schema_version": 0,
          "attributes": {
            "alarm_arns": [
              "arn:aws:cloudwatch:us-east-1:488675216463:alarm:TargetTracking-service/dental-clinic-cluster/dental-prod-ai-agents-AlarmHigh-27554c10-b709-45de-a81c-2021d1407305",
              "arn:aws:cloudwatch:us-east-1:488675216463:alarm:TargetTracking-service/dental-clinic-cluster/dental-prod-ai-agents-AlarmLow-ac5f84cf-00c3-437a-88f8-16e602709082",
              "arn:aws:cloudwatch:us-east-1:488675216463:alarm:dental-prod-redis-queue-length"
            ],
            "arn": "arn:aws:autoscaling:us-east-1:488675216463:scalingPolicy:a9554844-8cc7-4fc3-817f-e71087b2df6b:resource/ecs/service/dental-clinic-cluster/dental-prod-ai-agents:policyName/dental-prod-ai-agents-cpu-scaling",
            "id": "dental-prod-ai-agents-cpu-scaling",
            "name": "dental-prod-ai-agents-cpu-scaling",
            "policy_type": "TargetTrackingScaling",
            "resource_id": "service/dental-clinic-cluster/dental-prod-ai-agents",
            "scalable_dimension": "ecs:service:DesiredCount",
            "service_namespace": "ecs",
            "step_scaling_policy_configuration": [],
            "target_tracking_scaling_policy_configuration": [
              {
                "customized_metric_specification": [],
                "disable_scale_in": false,
                "predefined_metric_specification": [
                  {
                    "predefined_metric_type": "ECSServiceAverageCPUUtilization",
                    "resource_label": ""
                  }
                ],
                "scale_in_cooldown": 300,
                "scale_out_cooldown": 300,
                "target_value": 70
              }
            ]
          },
          "sensitive_attributes": [],
          "identity_schema_version": 0,
          "private": "bnVsbA==",
          "dependencies": [
            "aws_appautoscaling_target.ai_agents",
            "aws_cloudwatch_log_group.ai_agents",
            "aws_ecs_cluster.main",
            "aws_ecs_service.ai_agents",
            "aws_ecs_task_definition.ai_agents",
            "aws_elasticache_cluster.redis",
            "aws_elasticache_parameter_group.redis",
            "aws_elasticache_subnet_group.main",
            "aws_iam_role.ecs_task",
            "aws_iam_role.ecs_task_execution",
            "aws_kms_key.secrets",
            "aws_lb.main",
            "aws_lb_listener.http_dev",
            "aws_lb_listener.https",
            "aws_lb_target_group.ai_agents",
            "aws_lb_target_group.gateway",
            "aws_secretsmanager_secret.openai_api_key",
            "aws_security_group.alb",
            "aws_security_group.ecs",
            "aws_security_group.redis",
            "aws_subnet.private",
            "aws_subnet.public",
            "aws_vpc.main",
            "data.aws_availability_zones.available",
            "data.aws_caller_identity.current"
          ]
        }
      ]
    },
    {
      "mode": "managed",
      "type": "aws_appautoscaling_policy",
      "name": "ai_agents_memory",
      "provider": "provider[\"registry.terraform.io/hashicorp/aws\"]",
      "instances": [
        {
          "index_key": 0,
          "schema_version": 0,
          "attributes": {
            "alarm_arns": [
              "arn:aws:cloudwatch:us-east-1:488675216463:alarm:TargetTracking-service/dental-clinic-cluster/dental-prod-ai-agents-AlarmHigh-ce2ea6e8-c214-4920-b2fa-c00140b1ee30",
              "arn:aws:cloudwatch:us-east-1:488675216463:alarm:TargetTracking-service/dental-clinic-cluster/dental-prod-ai-agents-AlarmLow-be20ddc5-d1df-4a2d-9dd7-5ab738730877"
            ],
            "arn": "arn:aws:autoscaling:us-east-1:488675216463:scalingPolicy:a9554844-8cc7-4fc3-817f-e71087b2df6b:resource/ecs/service/dental-clinic-cluster/dental-prod-ai-agents:policyName/dental-prod-ai-agents-memory-scaling",
            "id": "dental-prod-ai-agents-memory-scaling",
            "name": "dental-prod-ai-agents-memory-scaling",
            "policy_type": "TargetTrackingScaling",
            "resource_id": "service/dental-clinic-cluster/dental-prod-ai-agents",
            "scalable_dimension": "ecs:service:DesiredCount",
            "service_namespace": "ecs",
            "step_scaling_policy_configuration": [],
            "target_tracking_scaling_policy_configuration": [
              {
                "customized_metric_specification": [],
                "disable_scale_in": false,
                "predefined_metric_specification": [
                  {
                    "predefined_metric_type": "ECSServiceAverageMemoryUtilization",
                    "resource_label": ""
                  }
                ],
                "scale_in_cooldown": 300,
                "scale_out_cooldown": 300,
                "target_value": 80
              }
            ]
          },
          "sensitive_attributes": [],
          "identity_schema_version": 0,
          "private": "bnVsbA==",
          "dependencies": [
            "aws_appautoscaling_target.ai_agents",
            "aws_cloudwatch_log_group.ai_agents",
            "aws_ecs_cluster.main",
            "aws_ecs_service.ai_agents",
            "aws_ecs_task_definition.ai_agents",
            "aws_elasticache_cluster.redis",
            "aws_elasticache_parameter_group.redis",
            "aws_elasticache_subnet_group.main",
            "aws_iam_role.ecs_task",
            "aws_iam_role.ecs_task_execution",
            "aws_kms_key.secrets",
            "aws_lb.main",
            "aws_lb_listener.http_dev",
            "aws_lb_listener.https",
            "aws_lb_target_group.ai_agents",
            "aws_lb_target_group.gateway",
            "aws_secretsmanager_secret.openai_api_key",
            "aws_security_group.alb",
            "aws_security_group.ecs",
            "aws_security_group.redis",
            "aws_subnet.private",
            "aws_subnet.public",
            "aws_vpc.main",
            "data.aws_availability_zones.available",
            "data.aws_caller_identity.current"
          ]
        }
      ]
    },
    {
      "mode": "managed",
      "type": "aws_appautoscaling_policy",
      "name": "ai_agents_queue_scaling",
      "provider": "provider[\"registry.terraform.io/hashicorp/aws\"]",
      "instances": [
        {
          "index_key": 0,
          "schema_version": 0,
          "attributes": {
            "alarm_arns": [],
            "arn": "arn:aws:autoscaling:us-east-1:488675216463:scalingPolicy:a9554844-8cc7-4fc3-817f-e71087b2df6b:resource/ecs/service/dental-clinic-cluster/dental-prod-ai-agents:policyName/dental-prod-ai-agents-queue-scaling",
            "id": "dental-prod-ai-agents-queue-scaling",
            "name": "dental-prod-ai-agents-queue-scaling",
            "policy_type": "StepScaling",
            "resource_id": "service/dental-clinic-cluster/dental-prod-ai-agents",
            "scalable_dimension": "ecs:service:DesiredCount",
            "service_namespace": "ecs",
            "step_scaling_policy_configuration": [
              {
                "adjustment_type": "ChangeInCapacity",
                "cooldown": 300,
                "metric_aggregation_type": "Average",
                "min_adjustment_magnitude": 0,
                "step_adjustment": [
                  {
                    "metric_interval_lower_bound": "0",
                    "metric_interval_upper_bound": "20",
                    "scaling_adjustment": 1
                  },
                  {
                    "metric_interval_lower_bound": "20",
                    "metric_interval_upper_bound": "50",
                    "scaling_adjustment": 2
                  },
                  {
                    "metric_interval_lower_bound": "50",
                    "metric_interval_upper_bound": "",
                    "scaling_adjustment": 3
                  }
                ]
              }
            ],
            "target_tracking_scaling_policy_configuration": []
          },
          "sensitive_attributes": [],
          "identity_schema_version": 0,
          "private": "bnVsbA==",
          "dependencies": [
            "aws_appautoscaling_target.ai_agents",
            "aws_cloudwatch_log_group.ai_agents",
            "aws_ecs_cluster.main",
            "aws_ecs_service.ai_agents",
            "aws_ecs_task_definition.ai_agents",
            "aws_elasticache_cluster.redis",
            "aws_elasticache_parameter_group.redis",
            "aws_elasticache_subnet_group.main",
            "aws_iam_role.ecs_task",
            "aws_iam_role.ecs_task_execution",
            "aws_kms_key.secrets",
            "aws_lb.main",
            "aws_lb_listener.http_dev",
            "aws_lb_listener.https",
            "aws_lb_target_group.ai_agents",
            "aws_lb_target_group.gateway",
            "aws_secretsmanager_secret.openai_api_key",
            "aws_security_group.alb",
            "aws_security_group.ecs",
            "aws_security_group.redis",
            "aws_subnet.private",
            "aws_subnet.public",
            "aws_vpc.main",
            "data.aws_availability_zones.available",
            "data.aws_caller_identity.current"
          ]
        }
      ]
    },
    {
      "mode": "managed",
      "type": "aws_appautoscaling_policy",
      "name": "gateway_cpu",
      "provider": "provider[\"registry.terraform.io/hashicorp/aws\"]",
      "instances": [
        {
          "index_key": 0,
          "schema_version": 0,
          "attributes": {
            "alarm_arns": [
              "arn:aws:cloudwatch:us-east-1:488675216463:alarm:TargetTracking-service/dental-clinic-cluster/dental-prod-gateway-AlarmHigh-a241d581-36a3-45f7-9c31-866b7f703876",
              "arn:aws:cloudwatch:us-east-1:488675216463:alarm:TargetTracking-service/dental-clinic-cluster/dental-prod-gateway-AlarmLow-cf8084cc-c03d-4872-b427-f2baf90ca3b8"
            ],
            "arn": "arn:aws:autoscaling:us-east-1:488675216463:scalingPolicy:08a67d7a-f71e-4f53-8c50-cd539374314c:resource/ecs/service/dental-clinic-cluster/dental-prod-gateway:policyName/dental-prod-gateway-cpu-scaling",
            "id": "dental-prod-gateway-cpu-scaling",
            "name": "dental-prod-gateway-cpu-scaling",
            "policy_type": "TargetTrackingScaling",
            "resource_id": "service/dental-clinic-cluster/dental-prod-gateway",
            "scalable_dimension": "ecs:service:DesiredCount",
            "service_namespace": "ecs",
            "step_scaling_policy_configuration": [],
            "target_tracking_scaling_policy_configuration": [
              {
                "customized_metric_specification": [],
                "disable_scale_in": false,
                "predefined_metric_specification": [
                  {
                    "predefined_metric_type": "ECSServiceAverageCPUUtilization",
                    "resource_label": ""
                  }
                ],
                "scale_in_cooldown": 300,
                "scale_out_cooldown": 300,
                "target_value": 70
              }
            ]
          },
          "sensitive_attributes": [],
          "identity_schema_version": 0,
          "private": "bnVsbA==",
          "dependencies": [
            "aws_appautoscaling_target.gateway",
            "aws_cloudwatch_log_group.gateway",
            "aws_db_instance.main",
            "aws_db_parameter_group.main",
            "aws_db_subnet_group.main",
            "aws_ecs_cluster.main",
            "aws_ecs_service.gateway",
            "aws_ecs_task_definition.gateway",
            "aws_elasticache_cluster.redis",
            "aws_elasticache_parameter_group.redis",
            "aws_elasticache_subnet_group.main",
            "aws_iam_role.ecs_task",
            "aws_iam_role.ecs_task_execution",
            "aws_kms_key.secrets",
            "aws_lb.main",
            "aws_lb_listener.http_dev",
            "aws_lb_listener.https",
            "aws_lb_target_group.gateway",
            "aws_secretsmanager_secret.app_config",
            "aws_secretsmanager_secret.db_credentials",
            "aws_secretsmanager_secret.openai_api_key",
            "aws_secretsmanager_secret.telegram_credentials",
            "aws_secretsmanager_secret.whatsapp_credentials",
            "aws_security_group.alb",
            "aws_security_group.ecs",
            "aws_security_group.rds",
            "aws_security_group.redis",
            "aws_subnet.database",
            "aws_subnet.private",
            "aws_subnet.public",
            "aws_vpc.main",
            "data.aws_availability_zones.available",
            "data.aws_caller_identity.current",
            "random_password.db_password"
          ]
        }
      ]
    },
    {
      "mode": "managed",
      "type": "aws_appautoscaling_policy",
      "name": "gateway_memory",
      "provider": "provider[\"registry.terraform.io/hashicorp/aws\"]",
      "instances": [
        {
          "index_key": 0,
          "schema_version": 0,
          "attributes": {
            "alarm_arns": [
              "arn:aws:cloudwatch:us-east-1:488675216463:alarm:TargetTracking-service/dental-clinic-cluster/dental-prod-gateway-AlarmHigh-b2b3ef4c-3550-447c-a633-a7a3d42ef89b",
              "arn:aws:cloudwatch:us-east-1:488675216463:alarm:TargetTracking-service/dental-clinic-cluster/dental-prod-gateway-AlarmLow-259fa021-3e28-4ac5-a281-7b85058fb0b8"
            ],
            "arn": "arn:aws:autoscaling:us-east-1:488675216463:scalingPolicy:08a67d7a-f71e-4f53-8c50-cd539374314c:resource/ecs/service/dental-clinic-cluster/dental-prod-gateway:policyName/dental-prod-gateway-memory-scaling",
            "id": "dental-prod-gateway-memory-scaling",
            "name": "dental-prod-gateway-memory-scaling",
            "policy_type": "TargetTrackingScaling",
            "resource_id": "service/dental-clinic-cluster/dental-prod-gateway",
            "scalable_dimension": "ecs:service:DesiredCount",
            "service_namespace": "ecs",
            "step_scaling_policy_configuration": [],
            "target_tracking_scaling_policy_configuration": [
              {
                "customized_metric_specification": [],
                "disable_scale_in": false,
                "predefined_metric_specification": [
                  {
                    "predefined_metric_type": "ECSServiceAverageMemoryUtilization",
                    "resource_label": ""
                  }
                ],
                "scale_in_cooldown": 300,
                "scale_out_cooldown": 300,
                "target_value": 80
              }
            ]
          },
          "sensitive_attributes": [],
          "identity_schema_version": 0,
          "private": "bnVsbA==",
          "dependencies": [
            "aws_appautoscaling_target.gateway",
            "aws_cloudwatch_log_group.gateway",
            "aws_db_instance.main",
            "aws_db_parameter_group.main",
            "aws_db_subnet_group.main",
            "aws_ecs_cluster.main",
            "aws_ecs_service.gateway",
            "aws_ecs_task_definition.gateway",
            "aws_elasticache_cluster.redis",
            "aws_elasticache_parameter_group.redis",
            "aws_elasticache_subnet_group.main",
            "aws_iam_role.ecs_task",
            "aws_iam_role.ecs_task_execution",
            "aws_kms_key.secrets",
            "aws_lb.main",
            "aws_lb_listener.http_dev",
            "aws_lb_listener.https",
            "aws_lb_target_group.gateway",
            "aws_secretsmanager_secret.app_config",
            "aws_secretsmanager_secret.db_credentials",
            "aws_secretsmanager_secret.openai_api_key",
            "aws_secretsmanager_secret.telegram_credentials",
            "aws_secretsmanager_secret.whatsapp_credentials",
            "aws_security_group.alb",
            "aws_security_group.ecs",
            "aws_security_group.rds",
            "aws_security_group.redis",
            "aws_subnet.database",
            "aws_subnet.private",
            "aws_subnet.public",
            "aws_vpc.main",
            "data.aws_availability_zones.available",
            "data.aws_caller_identity.current",
            "random_password.db_password"
          ]
        }
      ]
    },
    {
      "mode": "managed",
      "type": "aws_appautoscaling_scheduled_action",
      "name": "scale_down_evening",
      "provider": "provider[\"registry.terraform.io/hashicorp/aws\"]",
      "instances": [
        {
          "index_key": 0,
          "schema_version": 0,
          "attributes": {
            "arn": "arn:aws:autoscaling:us-east-1:488675216463:scheduledAction:08a67d7a-f71e-4f53-8c50-cd539374314c:resource/ecs/service/dental-clinic-cluster/dental-prod-gateway:scheduledActionName/dental-prod-scale-down-evening",
            "end_time": null,
            "id": "dental-prod-scale-down-evening-ecs-service/dental-clinic-cluster/dental-prod-gateway",
            "name": "dental-prod-scale-down-evening",
            "resource_id": "service/dental-clinic-cluster/dental-prod-gateway",
            "scalable_dimension": "ecs:service:DesiredCount",
            "scalable_target_action": [
              {
                "max_capacity": "10",
                "min_capacity": "1"
              }
            ],
            "schedule": "cron(0 20 ? * 1-5 *)",
            "service_namespace": "ecs",
            "start_time": null,
            "timezone": "UTC"
          },
          "sensitive_attributes": [],
          "identity_schema_version": 0,
          "private": "bnVsbA==",
          "dependencies": [
            "aws_appautoscaling_target.gateway",
            "aws_cloudwatch_log_group.gateway",
            "aws_db_instance.main",
            "aws_db_parameter_group.main",
            "aws_db_subnet_group.main",
            "aws_ecs_cluster.main",
            "aws_ecs_service.gateway",
            "aws_ecs_task_definition.gateway",
            "aws_elasticache_cluster.redis",
            "aws_elasticache_parameter_group.redis",
            "aws_elasticache_subnet_group.main",
            "aws_iam_role.ecs_task",
            "aws_iam_role.ecs_task_execution",
            "aws_kms_key.secrets",
            "aws_lb.main",
            "aws_lb_listener.http_dev",
            "aws_lb_listener.https",
            "aws_lb_target_group.gateway",
            "aws_secretsmanager_secret.app_config",
            "aws_secretsmanager_secret.db_credentials",
            "aws_secretsmanager_secret.openai_api_key",
            "aws_secretsmanager_secret.telegram_credentials",
            "aws_secretsmanager_secret.whatsapp_credentials",
            "aws_security_group.alb",
            "aws_security_group.ecs",
            "aws_security_group.rds",
            "aws_security_group.redis",
            "aws_subnet.database",
            "aws_subnet.private",
            "aws_subnet.public",
            "aws_vpc.main",
            "data.aws_availability_zones.available",
            "data.aws_caller_identity.current",
            "random_password.db_password"
          ]
        }
      ]
    },
    {
      "mode": "managed",
      "type": "aws_appautoscaling_scheduled_action",
      "name": "scale_up_morning",
      "provider": "provider[\"registry.terraform.io/hashicorp/aws\"]",
      "instances": [
        {
          "index_key": 0,
          "schema_version": 0,
          "attributes": {
            "arn": "arn:aws:autoscaling:us-east-1:488675216463:scheduledAction:08a67d7a-f71e-4f53-8c50-cd539374314c:resource/ecs/service/dental-clinic-cluster/dental-prod-gateway:scheduledActionName/dental-prod-scale-up-morning",
            "end_time": null,
            "id": "dental-prod-scale-up-morning-ecs-service/dental-clinic-cluster/dental-prod-gateway",
            "name": "dental-prod-scale-up-morning",
            "resource_id": "service/dental-clinic-cluster/dental-prod-gateway",
            "scalable_dimension": "ecs:service:DesiredCount",
            "scalable_target_action": [
              {
                "max_capacity": "10",
                "min_capacity": "2"
              }
            ],
            "schedule": "cron(0 8 ? * 1-5 *)",
            "service_namespace": "ecs",
            "start_time": null,
            "timezone": "UTC"
          },
          "sensitive_attributes": [],
          "identity_schema_version": 0,
          "private": "bnVsbA==",
          "dependencies": [
            "aws_appautoscaling_target.gateway",
            "aws_cloudwatch_log_group.gateway",
            "aws_db_instance.main",
            "aws_db_parameter_group.main",
            "aws_db_subnet_group.main",
            "aws_ecs_cluster.main",
            "aws_ecs_service.gateway",
            "aws_ecs_task_definition.gateway",
            "aws_elasticache_cluster.redis",
            "aws_elasticache_parameter_group.redis",
            "aws_elasticache_subnet_group.main",
            "aws_iam_role.ecs_task",
            "aws_iam_role.ecs_task_execution",
            "aws_kms_key.secrets",
            "aws_lb.main",
            "aws_lb_listener.http_dev",
            "aws_lb_listener.https",
            "aws_lb_target_group.gateway",
            "aws_secretsmanager_secret.app_config",
            "aws_secretsmanager_secret.db_credentials",
            "aws_secretsmanager_secret.openai_api_key",
            "aws_secretsmanager_secret.telegram_credentials",
            "aws_secretsmanager_secret.whatsapp_credentials",
            "aws_security_group.alb",
            "aws_security_group.ecs",
            "aws_security_group.rds",
            "aws_security_group.redis",
            "aws_subnet.database",
            "aws_subnet.private",
            "aws_subnet.public",
            "aws_vpc.main",
            "data.aws_availability_zones.available",
            "data.aws_caller_identity.current",
            "random_password.db_password"
          ]
        }
      ]
    },
    {
      "mode": "managed",
      "type": "aws_appautoscaling_target",
      "name": "ai_agents",
      "provider": "provider[\"registry.terraform.io/hashicorp/aws\"]",
      "instances": [
        {
          "index_key": 0,
          "schema_version": 0,
          "attributes": {
            "arn": "arn:aws:application-autoscaling:us-east-1:488675216463:scalable-target/0ec5a95548448cc74fc3817fe71087b2df6b",
            "id": "service/dental-clinic-cluster/dental-prod-ai-agents",
            "max_capacity": 10,
            "min_capacity": 1,
            "resource_id": "service/dental-clinic-cluster/dental-prod-ai-agents",
            "role_arn": "arn:aws:iam::488675216463:role/aws-service-role/ecs.application-autoscaling.amazonaws.com/AWSServiceRoleForApplicationAutoScaling_ECSService",
            "scalable_dimension": "ecs:service:DesiredCount",
            "service_namespace": "ecs",
            "suspended_state": [
              {
                "dynamic_scaling_in_suspended": false,
                "dynamic_scaling_out_suspended": false,
                "scheduled_scaling_suspended": false
              }
            ],
            "tags": {
              "Environment": "prod",
              "ManagedBy": "terraform",
              "Name": "dental-prod-ai-agents-autoscaling-target",
              "Project": "dental-clinic-ai"
            },
            "tags_all": {
              "Environment": "prod",
              "ManagedBy": "terraform",
              "Name": "dental-prod-ai-agents-autoscaling-target",
              "Owner": "dental-clinic-team",
              "Project": "dental-clinic-ai"
            }
          },
          "sensitive_attributes": [],
          "identity_schema_version": 0,
          "private": "bnVsbA==",
          "dependencies": [
            "aws_cloudwatch_log_group.ai_agents",
            "aws_ecs_cluster.main",
            "aws_ecs_service.ai_agents",
            "aws_ecs_task_definition.ai_agents",
            "aws_elasticache_cluster.redis",
            "aws_elasticache_parameter_group.redis",
            "aws_elasticache_subnet_group.main",
            "aws_iam_role.ecs_task",
            "aws_iam_role.ecs_task_execution",
            "aws_kms_key.secrets",
            "aws_lb.main",
            "aws_lb_listener.http_dev",
            "aws_lb_listener.https",
            "aws_lb_target_group.ai_agents",
            "aws_lb_target_group.gateway",
            "aws_secretsmanager_secret.openai_api_key",
            "aws_security_group.alb",
            "aws_security_group.ecs",
            "aws_security_group.redis",
            "aws_subnet.private",
            "aws_subnet.public",
            "aws_vpc.main",
            "data.aws_availability_zones.available",
            "data.aws_caller_identity.current"
          ]
        }
      ]
    },
    {
      "mode": "managed",
      "type": "aws_appautoscaling_target",
      "name": "gateway",
      "provider": "provider[\"registry.terraform.io/hashicorp/aws\"]",
      "instances": [
        {
          "index_key": 0,
          "schema_version": 0,
          "attributes": {
            "arn": "arn:aws:application-autoscaling:us-east-1:488675216463:scalable-target/0ec508a67d7af71e4f538c50cd539374314c",
            "id": "service/dental-clinic-cluster/dental-prod-gateway",
            "max_capacity": 10,
            "min_capacity": 1,
            "resource_id": "service/dental-clinic-cluster/dental-prod-gateway",
            "role_arn": "arn:aws:iam::488675216463:role/aws-service-role/ecs.application-autoscaling.amazonaws.com/AWSServiceRoleForApplicationAutoScaling_ECSService",
            "scalable_dimension": "ecs:service:DesiredCount",
            "service_namespace": "ecs",
            "suspended_state": [
              {
                "dynamic_scaling_in_suspended": false,
                "dynamic_scaling_out_suspended": false,
                "scheduled_scaling_suspended": false
              }
            ],
            "tags": {
              "Environment": "prod",
              "ManagedBy": "terraform",
              "Name": "dental-prod-gateway-autoscaling-target",
              "Project": "dental-clinic-ai"
            },
            "tags_all": {
              "Environment": "prod",
              "ManagedBy": "terraform",
              "Name": "dental-prod-gateway-autoscaling-target",
              "Owner": "dental-clinic-team",
              "Project": "dental-clinic-ai"
            }
          },
          "sensitive_attributes": [],
          "identity_schema_version": 0,
          "private": "bnVsbA==",
          "dependencies": [
            "aws_cloudwatch_log_group.gateway",
            "aws_db_instance.main",
            "aws_db_parameter_group.main",
            "aws_db_subnet_group.main",
            "aws_ecs_cluster.main",
            "aws_ecs_service.gateway",
            "aws_ecs_task_definition.gateway",
            "aws_elasticache_cluster.redis",
            "aws_elasticache_parameter_group.redis",
            "aws_elasticache_subnet_group.main",
            "aws_iam_role.ecs_task",
            "aws_iam_role.ecs_task_execution",
            "aws_kms_key.secrets",
            "aws_lb.main",
            "aws_lb_listener.http_dev",
            "aws_lb_listener.https",
            "aws_lb_target_group.gateway",
            "aws_secretsmanager_secret.app_config",
            "aws_secretsmanager_secret.db_credentials",
            "aws_secretsmanager_secret.openai_api_key",
            "aws_secretsmanager_secret.telegram_credentials",
            "aws_secretsmanager_secret.whatsapp_credentials",
            "aws_security_group.alb",
            "aws_security_group.ecs",
            "aws_security_group.rds",
            "aws_security_group.redis",
            "aws_subnet.database",
            "aws_subnet.private",
            "aws_subnet.public",
            "aws_vpc.main",
            "data.aws_availability_zones.available",
            "data.aws_caller_identity.current",
            "random_password.db_password"
          ]
        }
      ]
    },
    {
      "mode": "managed",
      "type": "aws_cloudwatch_log_group",
      "name": "ai_agents",
      "provider": "provider[\"registry.terraform.io/hashicorp/aws\"]",
      "instances": [
        {
          "schema_version": 0,
          "attributes": {
            "arn": "arn:aws:logs:us-east-1:488675216463:log-group:/ecs/dental-prod/ai-agents",
            "id": "/ecs/dental-prod/ai-agents",
            "kms_key_id": "",
            "log_group_class": "STANDARD",
            "name": "/ecs/dental-prod/ai-agents",
            "name_prefix": "",
            "retention_in_days": 14,
            "skip_destroy": false,
            "tags": {
              "Environment": "prod",
              "ManagedBy": "terraform",
              "Name": "dental-prod-ai-agents-logs",
              "Project": "dental-clinic-ai"
            },
            "tags_all": {
              "Environment": "prod",
              "ManagedBy": "terraform",
              "Name": "dental-prod-ai-agents-logs",
              "Owner": "dental-clinic-team",
              "Project": "dental-clinic-ai"
            }
          },
          "sensitive_attributes": [],
          "identity_schema_version": 0,
          "private": "bnVsbA=="
        }
      ]
    },
    {
      "mode": "managed",
      "type": "aws_cloudwatch_log_group",
      "name": "gateway",
      "provider": "provider[\"registry.terraform.io/hashicorp/aws\"]",
      "instances": [
        {
          "schema_version": 0,
          "attributes": {
            "arn": "arn:aws:logs:us-east-1:488675216463:log-group:/ecs/dental-prod/gateway",
            "id": "/ecs/dental-prod/gateway",
            "kms_key_id": "",
            "log_group_class": "STANDARD",
            "name": "/ecs/dental-prod/gateway",
            "name_prefix": "",
            "retention_in_days": 14,
            "skip_destroy": false,
            "tags": {
              "Environment": "prod",
              "ManagedBy": "terraform",
              "Name": "dental-prod-gateway-logs",
              "Project": "dental-clinic-ai"
            },
            "tags_all": {
              "Environment": "prod",
              "ManagedBy": "terraform",
              "Name": "dental-prod-gateway-logs",
              "Owner": "dental-clinic-team",
              "Project": "dental-clinic-ai"
            }
          },
          "sensitive_attributes": [],
          "identity_schema_version": 0,
          "private": "bnVsbA=="
        }
      ]
    },
    {
      "mode": "managed",
      "type": "aws_cloudwatch_metric_alarm",
      "name": "ai_agents_high_cpu",
      "provider": "provider[\"registry.terraform.io/hashicorp/aws\"]",
      "instances": [
        {
          "index_key": 0,
          "schema_version": 1,
          "attributes": {
            "actions_enabled": true,
            "alarm_actions": [
              "arn:aws:sns:us-east-1:488675216463:dental-prod-alerts"
            ],
            "alarm_description": "This metric monitors ECS AI Agents service CPU utilization",
            "alarm_name": "dental-prod-ai-agents-high-cpu",
            "arn": "arn:aws:cloudwatch:us-east-1:488675216463:alarm:dental-prod-ai-agents-high-cpu",
            "comparison_operator": "GreaterThanThreshold",
            "datapoints_to_alarm": 0,
            "dimensions": {
              "ClusterName": "dental-clinic-cluster",
              "ServiceName": "dental-prod-ai-agents"
            },
            "evaluate_low_sample_count_percentiles": "",
            "evaluation_periods": 2,
            "extended_statistic": "",
            "id": "dental-prod-ai-agents-high-cpu",
            "insufficient_data_actions": [],
            "metric_name": "CPUUtilization",
            "metric_query": [],
            "namespace": "AWS/ECS",
            "ok_actions": [],
            "period": 300,
            "statistic": "Average",
            "tags": {
              "Environment": "prod",
              "ManagedBy": "terraform",
              "Project": "dental-clinic-ai"
            },
            "tags_all": {
              "Environment": "prod",
              "ManagedBy": "terraform",
              "Owner": "dental-clinic-team",
              "Project": "dental-clinic-ai"
            },
            "threshold": 80,
            "threshold_metric_id": "",
            "treat_missing_data": "missing",
            "unit": ""
          },
          "sensitive_attributes": [],
          "identity_schema_version": 0,
          "private": "eyJzY2hlbWFfdmVyc2lvbiI6IjEifQ==",
          "dependencies": [
            "aws_cloudwatch_log_group.ai_agents",
            "aws_ecs_cluster.main",
            "aws_ecs_service.ai_agents",
            "aws_ecs_task_definition.ai_agents",
            "aws_elasticache_cluster.redis",
            "aws_elasticache_parameter_group.redis",
            "aws_elasticache_subnet_group.main",
            "aws_iam_role.ecs_task",
            "aws_iam_role.ecs_task_execution",
            "aws_kms_key.secrets",
            "aws_lb.main",
            "aws_lb_listener.http_dev",
            "aws_lb_listener.https",
            "aws_lb_target_group.ai_agents",
            "aws_lb_target_group.gateway",
            "aws_secretsmanager_secret.openai_api_key",
            "aws_security_group.alb",
            "aws_security_group.ecs",
            "aws_security_group.redis",
            "aws_sns_topic.alerts",
            "aws_subnet.private",
            "aws_subnet.public",
            "aws_vpc.main",
            "data.aws_availability_zones.available",
            "data.aws_caller_identity.current"
          ]
        }
      ]
    },
    {
      "mode": "managed",
      "type": "aws_cloudwatch_metric_alarm",
      "name": "database_connections",
      "provider": "provider[\"registry.terraform.io/hashicorp/aws\"]",
      "instances": [
        {
          "schema_version": 1,
          "attributes": {
            "actions_enabled": true,
            "alarm_actions": [
              "arn:aws:sns:us-east-1:488675216463:dental-prod-alerts"
            ],
            "alarm_description": "This metric monitors RDS connection count",
            "alarm_name": "dental-prod-database-connections",
            "arn": "arn:aws:cloudwatch:us-east-1:488675216463:alarm:dental-prod-database-connections",
            "comparison_operator": "GreaterThanThreshold",
            "datapoints_to_alarm": 0,
            "dimensions": {
              "DBInstanceIdentifier": "db-VQZ54ESDKWORSTZO3TKBH5A3Y4"
            },
            "evaluate_low_sample_count_percentiles": "",
            "evaluation_periods": 2,
            "extended_statistic": "",
            "id": "dental-prod-database-connections",
            "insufficient_data_actions": [],
            "metric_name": "DatabaseConnections",
            "metric_query": [],
            "namespace": "AWS/RDS",
            "ok_actions": [],
            "period": 120,
            "statistic": "Average",
            "tags": {
              "Environment": "prod",
              "ManagedBy": "terraform",
              "Project": "dental-clinic-ai"
            },
            "tags_all": {
              "Environment": "prod",
              "ManagedBy": "terraform",
              "Owner": "dental-clinic-team",
              "Project": "dental-clinic-ai"
            },
            "threshold": 80,
            "threshold_metric_id": "",
            "treat_missing_data": "missing",
            "unit": ""
          },
          "sensitive_attributes": [],
          "identity_schema_version": 0,
          "private": "eyJzY2hlbWFfdmVyc2lvbiI6IjEifQ==",
          "dependencies": [
            "aws_db_instance.main",
            "aws_db_parameter_group.main",
            "aws_db_subnet_group.main",
            "aws_kms_key.secrets",
            "aws_security_group.alb",
            "aws_security_group.ecs",
            "aws_security_group.rds",
            "aws_sns_topic.alerts",
            "aws_subnet.database",
            "aws_vpc.main",
            "data.aws_availability_zones.available",
            "random_password.db_password"
          ]
        }
      ]
    },
    {
      "mode": "managed",
      "type": "aws_cloudwatch_metric_alarm",
      "name": "database_cpu",
      "provider": "provider[\"registry.terraform.io/hashicorp/aws\"]",
      "instances": [
        {
          "schema_version": 1,
          "attributes": {
            "actions_enabled": true,
            "alarm_actions": [
              "arn:aws:sns:us-east-1:488675216463:dental-prod-alerts"
            ],
            "alarm_description": "This metric monitors RDS CPU utilization",
            "alarm_name": "dental-prod-database-cpu-utilization",
            "arn": "arn:aws:cloudwatch:us-east-1:488675216463:alarm:dental-prod-database-cpu-utilization",
            "comparison_operator": "GreaterThanThreshold",
            "datapoints_to_alarm": 0,
            "dimensions": {
              "DBInstanceIdentifier": "db-VQZ54ESDKWORSTZO3TKBH5A3Y4"
            },
            "evaluate_low_sample_count_percentiles": "",
            "evaluation_periods": 2,
            "extended_statistic": "",
            "id": "dental-prod-database-cpu-utilization",
            "insufficient_data_actions": [],
            "metric_name": "CPUUtilization",
            "metric_query": [],
            "namespace": "AWS/RDS",
            "ok_actions": [],
            "period": 120,
            "statistic": "Average",
            "tags": {
              "Environment": "prod",
              "ManagedBy": "terraform",
              "Project": "dental-clinic-ai"
            },
            "tags_all": {
              "Environment": "prod",
              "ManagedBy": "terraform",
              "Owner": "dental-clinic-team",
              "Project": "dental-clinic-ai"
            },
            "threshold": 80,
            "threshold_metric_id": "",
            "treat_missing_data": "missing",
            "unit": ""
          },
          "sensitive_attributes": [],
          "identity_schema_version": 0,
          "private": "eyJzY2hlbWFfdmVyc2lvbiI6IjEifQ==",
          "dependencies": [
            "aws_db_instance.main",
            "aws_db_parameter_group.main",
            "aws_db_subnet_group.main",
            "aws_kms_key.secrets",
            "aws_security_group.alb",
            "aws_security_group.ecs",
            "aws_security_group.rds",
            "aws_sns_topic.alerts",
            "aws_subnet.database",
            "aws_vpc.main",
            "data.aws_availability_zones.available",
            "random_password.db_password"
          ]
        }
      ]
    },
    {
      "mode": "managed",
      "type": "aws_cloudwatch_metric_alarm",
      "name": "gateway_high_cpu",
      "provider": "provider[\"registry.terraform.io/hashicorp/aws\"]",
      "instances": [
        {
          "index_key": 0,
          "schema_version": 1,
          "attributes": {
            "actions_enabled": true,
            "alarm_actions": [
              "arn:aws:sns:us-east-1:488675216463:dental-prod-alerts"
            ],
            "alarm_description": "This metric monitors ECS Gateway service CPU utilization",
            "alarm_name": "dental-prod-gateway-high-cpu",
            "arn": "arn:aws:cloudwatch:us-east-1:488675216463:alarm:dental-prod-gateway-high-cpu",
            "comparison_operator": "GreaterThanThreshold",
            "datapoints_to_alarm": 0,
            "dimensions": {
              "ClusterName": "dental-clinic-cluster",
              "ServiceName": "dental-prod-gateway"
            },
            "evaluate_low_sample_count_percentiles": "",
            "evaluation_periods": 2,
            "extended_statistic": "",
            "id": "dental-prod-gateway-high-cpu",
            "insufficient_data_actions": [],
            "metric_name": "CPUUtilization",
            "metric_query": [],
            "namespace": "AWS/ECS",
            "ok_actions": [],
            "period": 300,
            "statistic": "Average",
            "tags": {
              "Environment": "prod",
              "ManagedBy": "terraform",
              "Project": "dental-clinic-ai"
            },
            "tags_all": {
              "Environment": "prod",
              "ManagedBy": "terraform",
              "Owner": "dental-clinic-team",
              "Project": "dental-clinic-ai"
            },
            "threshold": 80,
            "threshold_metric_id": "",
            "treat_missing_data": "missing",
            "unit": ""
          },
          "sensitive_attributes": [],
          "identity_schema_version": 0,
          "private": "eyJzY2hlbWFfdmVyc2lvbiI6IjEifQ==",
          "dependencies": [
            "aws_cloudwatch_log_group.gateway",
            "aws_db_instance.main",
            "aws_db_parameter_group.main",
            "aws_db_subnet_group.main",
            "aws_ecs_cluster.main",
            "aws_ecs_service.gateway",
            "aws_ecs_task_definition.gateway",
            "aws_elasticache_cluster.redis",
            "aws_elasticache_parameter_group.redis",
            "aws_elasticache_subnet_group.main",
            "aws_iam_role.ecs_task",
            "aws_iam_role.ecs_task_execution",
            "aws_kms_key.secrets",
            "aws_lb.main",
            "aws_lb_listener.http_dev",
            "aws_lb_listener.https",
            "aws_lb_target_group.gateway",
            "aws_secretsmanager_secret.app_config",
            "aws_secretsmanager_secret.db_credentials",
            "aws_secretsmanager_secret.openai_api_key",
            "aws_secretsmanager_secret.telegram_credentials",
            "aws_secretsmanager_secret.whatsapp_credentials",
            "aws_security_group.alb",
            "aws_security_group.ecs",
            "aws_security_group.rds",
            "aws_security_group.redis",
            "aws_sns_topic.alerts",
            "aws_subnet.database",
            "aws_subnet.private",
            "aws_subnet.public",
            "aws_vpc.main",
            "data.aws_availability_zones.available",
            "data.aws_caller_identity.current",
            "random_password.db_password"
          ]
        }
      ]
    },
    {
      "mode": "managed",
      "type": "aws_cloudwatch_metric_alarm",
      "name": "redis_cpu",
      "provider": "provider[\"registry.terraform.io/hashicorp/aws\"]",
      "instances": [
        {
          "schema_version": 1,
          "attributes": {
            "actions_enabled": true,
            "alarm_actions": [
              "arn:aws:sns:us-east-1:488675216463:dental-prod-alerts"
            ],
            "alarm_description": "This metric monitors Redis CPU utilization",
            "alarm_name": "dental-prod-redis-cpu-utilization",
            "arn": "arn:aws:cloudwatch:us-east-1:488675216463:alarm:dental-prod-redis-cpu-utilization",
            "comparison_operator": "GreaterThanThreshold",
            "datapoints_to_alarm": 0,
            "dimensions": {
              "CacheClusterId": "dental-prod-redis"
            },
            "evaluate_low_sample_count_percentiles": "",
            "evaluation_periods": 2,
            "extended_statistic": "",
            "id": "dental-prod-redis-cpu-utilization",
            "insufficient_data_actions": [],
            "metric_name": "CPUUtilization",
            "metric_query": [],
            "namespace": "AWS/ElastiCache",
            "ok_actions": [],
            "period": 120,
            "statistic": "Average",
            "tags": {
              "Environment": "prod",
              "ManagedBy": "terraform",
              "Project": "dental-clinic-ai"
            },
            "tags_all": {
              "Environment": "prod",
              "ManagedBy": "terraform",
              "Owner": "dental-clinic-team",
              "Project": "dental-clinic-ai"
            },
            "threshold": 75,
            "threshold_metric_id": "",
            "treat_missing_data": "missing",
            "unit": ""
          },
          "sensitive_attributes": [],
          "identity_schema_version": 0,
          "private": "eyJzY2hlbWFfdmVyc2lvbiI6IjEifQ==",
          "dependencies": [
            "aws_elasticache_cluster.redis",
            "aws_elasticache_parameter_group.redis",
            "aws_elasticache_subnet_group.main",
            "aws_security_group.alb",
            "aws_security_group.ecs",
            "aws_security_group.redis",
            "aws_sns_topic.alerts",
            "aws_subnet.private",
            "aws_vpc.main",
            "data.aws_availability_zones.available"
          ]
        }
      ]
    },
    {
      "mode": "managed",
      "type": "aws_cloudwatch_metric_alarm",
      "name": "redis_memory",
      "provider": "provider[\"registry.terraform.io/hashicorp/aws\"]",
      "instances": [
        {
          "schema_version": 1,
          "attributes": {
            "actions_enabled": true,
            "alarm_actions": [
              "arn:aws:sns:us-east-1:488675216463:dental-prod-alerts"
            ],
            "alarm_description": "This metric monitors Redis memory utilization",
            "alarm_name": "dental-prod-redis-memory-utilization",
            "arn": "arn:aws:cloudwatch:us-east-1:488675216463:alarm:dental-prod-redis-memory-utilization",
            "comparison_operator": "GreaterThanThreshold",
            "datapoints_to_alarm": 0,
            "dimensions": {
              "CacheClusterId": "dental-prod-redis"
            },
            "evaluate_low_sample_count_percentiles": "",
            "evaluation_periods": 2,
            "extended_statistic": "",
            "id": "dental-prod-redis-memory-utilization",
            "insufficient_data_actions": [],
            "metric_name": "DatabaseMemoryUsagePercentage",
            "metric_query": [],
            "namespace": "AWS/ElastiCache",
            "ok_actions": [],
            "period": 120,
            "statistic": "Average",
            "tags": {
              "Environment": "prod",
              "ManagedBy": "terraform",
              "Project": "dental-clinic-ai"
            },
            "tags_all": {
              "Environment": "prod",
              "ManagedBy": "terraform",
              "Owner": "dental-clinic-team",
              "Project": "dental-clinic-ai"
            },
            "threshold": 85,
            "threshold_metric_id": "",
            "treat_missing_data": "missing",
            "unit": ""
          },
          "sensitive_attributes": [],
          "identity_schema_version": 0,
          "private": "eyJzY2hlbWFfdmVyc2lvbiI6IjEifQ==",
          "dependencies": [
            "aws_elasticache_cluster.redis",
            "aws_elasticache_parameter_group.redis",
            "aws_elasticache_subnet_group.main",
            "aws_security_group.alb",
            "aws_security_group.ecs",
            "aws_security_group.redis",
            "aws_sns_topic.alerts",
            "aws_subnet.private",
            "aws_vpc.main",
            "data.aws_availability_zones.available"
          ]
        }
      ]
    },
    {
      "mode": "managed",
      "type": "aws_cloudwatch_metric_alarm",
      "name": "redis_queue_length",
      "provider": "provider[\"registry.terraform.io/hashicorp/aws\"]",
      "instances": [
        {
          "index_key": 0,
          "schema_version": 1,
          "attributes": {
            "actions_enabled": true,
            "alarm_actions": [
              "arn:aws:autoscaling:us-east-1:488675216463:scalingPolicy:a9554844-8cc7-4fc3-817f-e71087b2df6b:resource/ecs/service/dental-clinic-cluster/dental-prod-ai-agents:policyName/dental-prod-ai-agents-cpu-scaling"
            ],
            "alarm_description": "This metric monitors Redis queue length for AI processing",
            "alarm_name": "dental-prod-redis-queue-length",
            "arn": "arn:aws:cloudwatch:us-east-1:488675216463:alarm:dental-prod-redis-queue-length",
            "comparison_operator": "GreaterThanThreshold",
            "datapoints_to_alarm": 0,
            "dimensions": {
              "CacheClusterId": "dental-prod-redis"
            },
            "evaluate_low_sample_count_percentiles": "",
            "evaluation_periods": 2,
            "extended_statistic": "",
            "id": "dental-prod-redis-queue-length",
            "insufficient_data_actions": [],
            "metric_name": "CurrItems",
            "metric_query": [],
            "namespace": "AWS/ElastiCache",
            "ok_actions": [],
            "period": 60,
            "statistic": "Average",
            "tags": {
              "Environment": "prod",
              "ManagedBy": "terraform",
              "Project": "dental-clinic-ai"
            },
            "tags_all": {
              "Environment": "prod",
              "ManagedBy": "terraform",
              "Owner": "dental-clinic-team",
              "Project": "dental-clinic-ai"
            },
            "threshold": 10,
            "threshold_metric_id": "",
            "treat_missing_data": "missing",
            "unit": ""
          },
          "sensitive_attributes": [],
          "identity_schema_version": 0,
          "private": "eyJzY2hlbWFfdmVyc2lvbiI6IjEifQ==",
          "dependencies": [
            "aws_appautoscaling_policy.ai_agents_cpu",
            "aws_appautoscaling_target.ai_agents",
            "aws_cloudwatch_log_group.ai_agents",
            "aws_ecs_cluster.main",
            "aws_ecs_service.ai_agents",
            "aws_ecs_task_definition.ai_agents",
            "aws_elasticache_cluster.redis",
            "aws_elasticache_parameter_group.redis",
            "aws_elasticache_subnet_group.main",
            "aws_iam_role.ecs_task",
            "aws_iam_role.ecs_task_execution",
            "aws_kms_key.secrets",
            "aws_lb.main",
            "aws_lb_listener.http_dev",
            "aws_lb_listener.https",
            "aws_lb_target_group.ai_agents",
            "aws_lb_target_group.gateway",
            "aws_secretsmanager_secret.openai_api_key",
            "aws_security_group.alb",
            "aws_security_group.ecs",
            "aws_security_group.redis",
            "aws_subnet.private",
            "aws_subnet.public",
            "aws_vpc.main",
            "data.aws_availability_zones.available",
            "data.aws_caller_identity.current"
          ]
        }
      ]
    },
    {
      "mode": "managed",
      "type": "aws_db_instance",
      "name": "main",
      "provider": "provider[\"registry.terraform.io/hashicorp/aws\"]",
      "instances": [
        {
          "schema_version": 2,
          "attributes": {
            "address": "dental-prod-database.c0jiwcc6ykf7.us-east-1.rds.amazonaws.com",
            "allocated_storage": 20,
            "allow_major_version_upgrade": null,
            "apply_immediately": false,
            "arn": "arn:aws:rds:us-east-1:488675216463:db:dental-prod-database",
            "auto_minor_version_upgrade": true,
            "availability_zone": "us-east-1b",
            "backup_retention_period": 7,
            "backup_target": "region",
            "backup_window": "03:00-04:00",
            "blue_green_update": [],
            "ca_cert_identifier": "rds-ca-rsa2048-g1",
            "character_set_name": "",
            "copy_tags_to_snapshot": true,
            "custom_iam_instance_profile": "",
            "customer_owned_ip_enabled": false,
            "database_insights_mode": "standard",
            "db_name": "dental_clinic",
            "db_subnet_group_name": "dental-prod-db-subnet-group",
            "dedicated_log_volume": false,
            "delete_automated_backups": true,
            "deletion_protection": true,
            "domain": "",
            "domain_auth_secret_arn": "",
            "domain_dns_ips": [],
            "domain_fqdn": "",
            "domain_iam_role_name": "",
            "domain_ou": "",
            "enabled_cloudwatch_logs_exports": [],
            "endpoint": "dental-prod-database.c0jiwcc6ykf7.us-east-1.rds.amazonaws.com:3306",
            "engine": "mysql",
            "engine_lifecycle_support": "open-source-rds-extended-support",
            "engine_version": "8.0",
            "engine_version_actual": "8.0.42",
            "final_snapshot_identifier": "dental-prod-final-snapshot-2025-09-27-0725",
            "hosted_zone_id": "Z2R2ITUGPM61AM",
            "iam_database_authentication_enabled": false,
            "id": "db-VQZ54ESDKWORSTZO3TKBH5A3Y4",
            "identifier": "dental-prod-database",
            "identifier_prefix": "",
            "instance_class": "db.t3.micro",
            "iops": 0,
            "kms_key_id": "arn:aws:kms:us-east-1:488675216463:key/7298660a-dae6-43ba-9870-47365a9d161e",
            "latest_restorable_time": "2025-09-27T07:20:00Z",
            "license_model": "general-public-license",
            "listener_endpoint": [],
            "maintenance_window": "sun:04:00-sun:05:00",
            "manage_master_user_password": null,
            "master_user_secret": [],
            "master_user_secret_kms_key_id": null,
            "max_allocated_storage": 100,
            "monitoring_interval": 0,
            "monitoring_role_arn": "",
            "multi_az": false,
            "nchar_character_set_name": "",
            "network_type": "IPV4",
            "option_group_name": "default:mysql-8-0",
            "parameter_group_name": "dental-prod-db-params",
            "password": "Jr?lRY0N-OLQz%Z5",
            "password_wo": null,
            "password_wo_version": null,
            "performance_insights_enabled": false,
            "performance_insights_kms_key_id": "",
            "performance_insights_retention_period": 0,
            "port": 3306,
            "publicly_accessible": false,
            "replica_mode": "",
            "replicas": [],
            "replicate_source_db": "",
            "resource_id": "db-VQZ54ESDKWORSTZO3TKBH5A3Y4",
            "restore_to_point_in_time": [],
            "s3_import": [],
            "skip_final_snapshot": false,
            "snapshot_identifier": null,
            "status": "available",
            "storage_encrypted": true,
            "storage_throughput": 0,
            "storage_type": "gp2",
            "tags": {
              "Environment": "prod",
              "ManagedBy": "terraform",
              "Name": "dental-prod-database",
              "Project": "dental-clinic-ai"
            },
            "tags_all": {
              "Environment": "prod",
              "ManagedBy": "terraform",
              "Name": "dental-prod-database",
              "Owner": "dental-clinic-team",
              "Project": "dental-clinic-ai"
            },
            "timeouts": null,
            "timezone": "",
            "upgrade_storage_config": null,
            "username": "admin",
            "vpc_security_group_ids": [
              "sg-0b2581b17e3dd065b"
            ]
          },
          "sensitive_attributes": [
            [
              {
                "type": "get_attr",
                "value": "password"
              }
            ],
            [
              {
                "type": "get_attr",
                "value": "password_wo"
              }
            ]
          ],
          "identity_schema_version": 0,
          "private": "eyJlMmJmYjczMC1lY2FhLTExZTYtOGY4OC0zNDM2M2JjN2M0YzAiOnsiY3JlYXRlIjozMDAwMDAwMDAwMDAwLCJkZWxldGUiOjM2MDAwMDAwMDAwMDAsInVwZGF0ZSI6NDgwMDAwMDAwMDAwMH0sInNjaGVtYV92ZXJzaW9uIjoiMiJ9",
          "dependencies": [
            "aws_db_parameter_group.main",
            "aws_db_subnet_group.main",
            "aws_kms_key.secrets",
            "aws_security_group.alb",
            "aws_security_group.ecs",
            "aws_security_group.rds",
            "aws_subnet.database",
            "aws_vpc.main",
            "data.aws_availability_zones.available",
            "random_password.db_password"
          ]
        }
      ]
    },
    {
      "mode": "managed",
      "type": "aws_db_parameter_group",
      "name": "main",
      "provider": "provider[\"registry.terraform.io/hashicorp/aws\"]",
      "instances": [
        {
          "schema_version": 0,
          "attributes": {
            "arn": "arn:aws:rds:us-east-1:488675216463:pg:dental-prod-db-params",
            "description": "Managed by Terraform",
            "family": "mysql8.0",
            "id": "dental-prod-db-params",
            "name": "dental-prod-db-params",
            "name_prefix": "",
            "parameter": [
              {
                "apply_method": "immediate",
                "name": "general_log",
                "value": "0"
              },
              {
                "apply_method": "immediate",
                "name": "innodb_buffer_pool_size",
                "value": "{DBInstanceClassMemory*3/4}"
              },
              {
                "apply_method": "immediate",
                "name": "long_query_time",
                "value": "2"
              },
              {
                "apply_method": "immediate",
                "name": "max_connections",
                "value": "1000"
              },
              {
                "apply_method": "immediate",
                "name": "slow_query_log",
                "value": "1"
              }
            ],
            "skip_destroy": false,
            "tags": {
              "Environment": "prod",
              "ManagedBy": "terraform",
              "Name": "dental-prod-db-params",
              "Project": "dental-clinic-ai"
            },
            "tags_all": {
              "Environment": "prod",
              "ManagedBy": "terraform",
              "Name": "dental-prod-db-params",
              "Owner": "dental-clinic-team",
              "Project": "dental-clinic-ai"
            }
          },
          "sensitive_attributes": [],
          "identity_schema_version": 0,
          "private": "bnVsbA=="
        }
      ]
    },
    {
      "mode": "managed",
      "type": "aws_db_subnet_group",
      "name": "main",
      "provider": "provider[\"registry.terraform.io/hashicorp/aws\"]",
      "instances": [
        {
          "schema_version": 0,
          "attributes": {
            "arn": "arn:aws:rds:us-east-1:488675216463:subgrp:dental-prod-db-subnet-group",
            "description": "Managed by Terraform",
            "id": "dental-prod-db-subnet-group",
            "name": "dental-prod-db-subnet-group",
            "name_prefix": "",
            "subnet_ids": [
              "subnet-01845b0b64af784f1",
              "subnet-05f23c9449ad7c11e"
            ],
            "supported_network_types": [
              "IPV4"
            ],
            "tags": {
              "Environment": "prod",
              "ManagedBy": "terraform",
              "Name": "dental-prod-db-subnet-group",
              "Project": "dental-clinic-ai"
            },
            "tags_all": {
              "Environment": "prod",
              "ManagedBy": "terraform",
              "Name": "dental-prod-db-subnet-group",
              "Owner": "dental-clinic-team",
              "Project": "dental-clinic-ai"
            },
            "vpc_id": "vpc-04fb294eb77c6b88f"
          },
          "sensitive_attributes": [],
          "identity_schema_version": 0,
          "private": "bnVsbA==",
          "dependencies": [
            "aws_subnet.database",
            "aws_vpc.main",
            "data.aws_availability_zones.available"
          ]
        }
      ]
    },
    {
      "mode": "managed",
      "type": "aws_ecr_lifecycle_policy",
      "name": "ai_agents",
      "provider": "provider[\"registry.terraform.io/hashicorp/aws\"]",
      "instances": [
        {
          "schema_version": 0,
          "attributes": {
            "id": "dental-prod-ai-agents",
            "policy": "{\"rules\":[{\"action\":{\"type\":\"expire\"},\"description\":\"Keep last 10 production images\",\"rulePriority\":1,\"selection\":{\"countNumber\":10,\"countType\":\"imageCountMoreThan\",\"tagPrefixList\":[\"prod\",\"v\"],\"tagStatus\":\"tagged\"}},{\"action\":{\"type\":\"expire\"},\"description\":\"Keep last 5 development images\",\"rulePriority\":2,\"selection\":{\"countNumber\":5,\"countType\":\"imageCountMoreThan\",\"tagPrefixList\":[\"dev\",\"staging\"],\"tagStatus\":\"tagged\"}},{\"action\":{\"type\":\"expire\"},\"description\":\"Delete untagged images older than 1 day\",\"rulePriority\":3,\"selection\":{\"countNumber\":1,\"countType\":\"sinceImagePushed\",\"countUnit\":\"days\",\"tagStatus\":\"untagged\"}}]}",
            "registry_id": "488675216463",
            "repository": "dental-prod-ai-agents"
          },
          "sensitive_attributes": [],
          "identity_schema_version": 0,
          "private": "bnVsbA==",
          "dependencies": [
            "aws_ecr_repository.ai_agents"
          ]
        }
      ]
    },
    {
      "mode": "managed",
      "type": "aws_ecr_lifecycle_policy",
      "name": "gateway",
      "provider": "provider[\"registry.terraform.io/hashicorp/aws\"]",
      "instances": [
        {
          "schema_version": 0,
          "attributes": {
            "id": "dental-prod-gateway",
            "policy": "{\"rules\":[{\"action\":{\"type\":\"expire\"},\"description\":\"Keep last 10 production images\",\"rulePriority\":1,\"selection\":{\"countNumber\":10,\"countType\":\"imageCountMoreThan\",\"tagPrefixList\":[\"prod\",\"v\"],\"tagStatus\":\"tagged\"}},{\"action\":{\"type\":\"expire\"},\"description\":\"Keep last 5 development images\",\"rulePriority\":2,\"selection\":{\"countNumber\":5,\"countType\":\"imageCountMoreThan\",\"tagPrefixList\":[\"dev\",\"staging\"],\"tagStatus\":\"tagged\"}},{\"action\":{\"type\":\"expire\"},\"description\":\"Delete untagged images older than 1 day\",\"rulePriority\":3,\"selection\":{\"countNumber\":1,\"countType\":\"sinceImagePushed\",\"countUnit\":\"days\",\"tagStatus\":\"untagged\"}}]}",
            "registry_id": "488675216463",
            "repository": "dental-prod-gateway"
          },
          "sensitive_attributes": [],
          "identity_schema_version": 0,
          "private": "bnVsbA==",
          "dependencies": [
            "aws_ecr_repository.gateway"
          ]
        }
      ]
    },
    {
      "mode": "managed",
      "type": "aws_ecr_repository",
      "name": "ai_agents",
      "provider": "provider[\"registry.terraform.io/hashicorp/aws\"]",
      "instances": [
        {
          "schema_version": 0,
          "attributes": {
            "arn": "arn:aws:ecr:us-east-1:488675216463:repository/dental-prod-ai-agents",
            "encryption_configuration": [
              {
                "encryption_type": "AES256",
                "kms_key": ""
              }
            ],
            "force_delete": null,
            "id": "dental-prod-ai-agents",
            "image_scanning_configuration": [
              {
                "scan_on_push": true
              }
            ],
            "image_tag_mutability": "MUTABLE",
            "name": "dental-prod-ai-agents",
            "registry_id": "488675216463",
            "repository_url": "488675216463.dkr.ecr.us-east-1.amazonaws.com/dental-prod-ai-agents",
            "tags": {
              "Environment": "prod",
              "ManagedBy": "terraform",
              "Name": "dental-prod-ai-agents-repo",
              "Project": "dental-clinic-ai"
            },
            "tags_all": {
              "Environment": "prod",
              "ManagedBy": "terraform",
              "Name": "dental-prod-ai-agents-repo",
              "Owner": "dental-clinic-team",
              "Project": "dental-clinic-ai"
            },
            "timeouts": null
          },
          "sensitive_attributes": [],
          "identity_schema_version": 0,
          "private": "eyJlMmJmYjczMC1lY2FhLTExZTYtOGY4OC0zNDM2M2JjN2M0YzAiOnsiZGVsZXRlIjoxMjAwMDAwMDAwMDAwfX0="
        }
      ]
    },
    {
      "mode": "managed",
      "type": "aws_ecr_repository",
      "name": "gateway",
      "provider": "provider[\"registry.terraform.io/hashicorp/aws\"]",
      "instances": [
        {
          "schema_version": 0,
          "attributes": {
            "arn": "arn:aws:ecr:us-east-1:488675216463:repository/dental-prod-gateway",
            "encryption_configuration": [
              {
                "encryption_type": "AES256",
                "kms_key": ""
              }
            ],
            "force_delete": null,
            "id": "dental-prod-gateway",
            "image_scanning_configuration": [
              {
                "scan_on_push": true
              }
            ],
            "image_tag_mutability": "MUTABLE",
            "name": "dental-prod-gateway",
            "registry_id": "488675216463",
            "repository_url": "488675216463.dkr.ecr.us-east-1.amazonaws.com/dental-prod-gateway",
            "tags": {
              "Environment": "prod",
              "ManagedBy": "terraform",
              "Name": "dental-prod-gateway-repo",
              "Project": "dental-clinic-ai"
            },
            "tags_all": {
              "Environment": "prod",
              "ManagedBy": "terraform",
              "Name": "dental-prod-gateway-repo",
              "Owner": "dental-clinic-team",
              "Project": "dental-clinic-ai"
            },
            "timeouts": null
          },
          "sensitive_attributes": [],
          "identity_schema_version": 0,
          "private": "eyJlMmJmYjczMC1lY2FhLTExZTYtOGY4OC0zNDM2M2JjN2M0YzAiOnsiZGVsZXRlIjoxMjAwMDAwMDAwMDAwfX0="
        }
      ]
    },
    {
      "mode": "managed",
      "type": "aws_ecr_repository_policy",
      "name": "ai_agents",
      "provider": "provider[\"registry.terraform.io/hashicorp/aws\"]",
      "instances": [
        {
          "schema_version": 0,
          "attributes": {
            "id": "dental-prod-ai-agents",
            "policy": "{\"Statement\":[{\"Action\":[\"ecr:GetDownloadUrlForLayer\",\"ecr:BatchGetImage\",\"ecr:BatchCheckLayerAvailability\"],\"Effect\":\"Allow\",\"Principal\":{\"AWS\":\"arn:aws:iam::488675216463:root\"},\"Sid\":\"AllowPull\"}],\"Version\":\"2012-10-17\"}",
            "registry_id": "488675216463",
            "repository": "dental-prod-ai-agents"
          },
          "sensitive_attributes": [],
          "identity_schema_version": 0,
          "private": "bnVsbA==",
          "dependencies": [
            "aws_ecr_repository.ai_agents",
            "data.aws_caller_identity.current"
          ]
        }
      ]
    },
    {
      "mode": "managed",
      "type": "aws_ecr_repository_policy",
      "name": "gateway",
      "provider": "provider[\"registry.terraform.io/hashicorp/aws\"]",
      "instances": [
        {
          "schema_version": 0,
          "attributes": {
            "id": "dental-prod-gateway",
            "policy": "{\"Statement\":[{\"Action\":[\"ecr:GetDownloadUrlForLayer\",\"ecr:BatchGetImage\",\"ecr:BatchCheckLayerAvailability\"],\"Effect\":\"Allow\",\"Principal\":{\"AWS\":\"arn:aws:iam::488675216463:root\"},\"Sid\":\"AllowPull\"}],\"Version\":\"2012-10-17\"}",
            "registry_id": "488675216463",
            "repository": "dental-prod-gateway"
          },
          "sensitive_attributes": [],
          "identity_schema_version": 0,
          "private": "bnVsbA==",
          "dependencies": [
            "aws_ecr_repository.gateway",
            "data.aws_caller_identity.current"
          ]
        }
      ]
    },
    {
      "mode": "managed",
      "type": "aws_ecs_cluster",
      "name": "main",
      "provider": "provider[\"registry.terraform.io/hashicorp/aws\"]",
      "instances": [
        {
          "schema_version": 0,
          "attributes": {
            "arn": "arn:aws:ecs:us-east-1:488675216463:cluster/dental-clinic-cluster",
            "configuration": [],
            "id": "arn:aws:ecs:us-east-1:488675216463:cluster/dental-clinic-cluster",
            "name": "dental-clinic-cluster",
            "service_connect_defaults": [],
            "setting": [
              {
                "name": "containerInsights",
                "value": "enabled"
              }
            ],
            "tags": {
              "Environment": "prod",
              "ManagedBy": "terraform",
              "Name": "dental-prod-cluster",
              "Project": "dental-clinic-ai"
            },
            "tags_all": {
              "Environment": "prod",
              "ManagedBy": "terraform",
              "Name": "dental-prod-cluster",
              "Owner": "dental-clinic-team",
              "Project": "dental-clinic-ai"
            }
          },
          "sensitive_attributes": [],
          "identity_schema_version": 0,
          "private": "bnVsbA=="
        }
      ]
    },
    {
      "mode": "managed",
      "type": "aws_ecs_service",
      "name": "ai_agents",
      "provider": "provider[\"registry.terraform.io/hashicorp/aws\"]",
      "instances": [
        {
          "schema_version": 1,
          "attributes": {
            "alarms": [],
            "availability_zone_rebalancing": "DISABLED",
            "capacity_provider_strategy": [],
            "cluster": "arn:aws:ecs:us-east-1:488675216463:cluster/dental-clinic-cluster",
            "deployment_circuit_breaker": [
              {
                "enable": false,
                "rollback": false
              }
            ],
            "deployment_controller": [
              {
                "type": "ECS"
              }
            ],
            "deployment_maximum_percent": 200,
            "deployment_minimum_healthy_percent": 100,
            "desired_count": 2,
            "enable_ecs_managed_tags": false,
            "enable_execute_command": false,
            "force_delete": null,
            "force_new_deployment": null,
            "health_check_grace_period_seconds": 0,
            "iam_role": "/aws-service-role/ecs.amazonaws.com/AWSServiceRoleForECS",
            "id": "arn:aws:ecs:us-east-1:488675216463:service/dental-clinic-cluster/dental-prod-ai-agents",
            "launch_type": "FARGATE",
            "load_balancer": [
              {
                "container_name": "ai-agents",
                "container_port": 8001,
                "elb_name": "",
                "target_group_arn": "arn:aws:elasticloadbalancing:us-east-1:488675216463:targetgroup/dental-prod-ai-agents-tg/3f08a6fac184659f"
              }
            ],
            "name": "dental-prod-ai-agents",
            "network_configuration": [
              {
                "assign_public_ip": false,
                "security_groups": [
                  "sg-0ef6a623b68a7a124"
                ],
                "subnets": [
                  "subnet-03981f48ddb7cef8d",
                  "subnet-0a43c0902bc7f09eb"
                ]
              }
            ],
            "ordered_placement_strategy": [],
            "placement_constraints": [],
            "platform_version": "LATEST",
            "propagate_tags": "NONE",
            "scheduling_strategy": "REPLICA",
            "service_connect_configuration": [],
            "service_registries": [],
            "tags": {
              "Environment": "prod",
              "ManagedBy": "terraform",
              "Name": "dental-prod-ai-agents-service",
              "Project": "dental-clinic-ai"
            },
            "tags_all": {
              "Environment": "prod",
              "ManagedBy": "terraform",
              "Name": "dental-prod-ai-agents-service",
              "Owner": "dental-clinic-team",
              "Project": "dental-clinic-ai"
            },
            "task_definition": "arn:aws:ecs:us-east-1:488675216463:task-definition/dental-prod-ai-agents:1",
            "timeouts": null,
            "triggers": {},
            "volume_configuration": [],
            "vpc_lattice_configurations": [],
            "wait_for_steady_state": false
          },
          "sensitive_attributes": [],
          "identity_schema_version": 0,
          "private": "eyJlMmJmYjczMC1lY2FhLTExZTYtOGY4OC0zNDM2M2JjN2M0YzAiOnsiY3JlYXRlIjoxMjAwMDAwMDAwMDAwLCJkZWxldGUiOjEyMDAwMDAwMDAwMDAsInVwZGF0ZSI6MTIwMDAwMDAwMDAwMH0sInNjaGVtYV92ZXJzaW9uIjoiMSJ9",
          "dependencies": [
            "aws_cloudwatch_log_group.ai_agents",
            "aws_ecs_cluster.main",
            "aws_ecs_task_definition.ai_agents",
            "aws_elasticache_cluster.redis",
            "aws_elasticache_parameter_group.redis",
            "aws_elasticache_subnet_group.main",
            "aws_iam_role.ecs_task",
            "aws_iam_role.ecs_task_execution",
            "aws_kms_key.secrets",
            "aws_lb.main",
            "aws_lb_listener.http_dev",
            "aws_lb_listener.https",
            "aws_lb_target_group.ai_agents",
            "aws_lb_target_group.gateway",
            "aws_secretsmanager_secret.openai_api_key",
            "aws_security_group.alb",
            "aws_security_group.ecs",
            "aws_security_group.redis",
            "aws_subnet.private",
            "aws_subnet.public",
            "aws_vpc.main",
            "data.aws_availability_zones.available",
            "data.aws_caller_identity.current"
          ]
        }
      ]
    },
    {
      "mode": "managed",
      "type": "aws_ecs_service",
      "name": "gateway",
      "provider": "provider[\"registry.terraform.io/hashicorp/aws\"]",
      "instances": [
        {
          "schema_version": 1,
          "attributes": {
            "alarms": [],
            "availability_zone_rebalancing": "DISABLED",
            "capacity_provider_strategy": [],
            "cluster": "arn:aws:ecs:us-east-1:488675216463:cluster/dental-clinic-cluster",
            "deployment_circuit_breaker": [
              {
                "enable": false,
                "rollback": false
              }
            ],
            "deployment_controller": [
              {
                "type": "ECS"
              }
            ],
            "deployment_maximum_percent": 200,
            "deployment_minimum_healthy_percent": 100,
            "desired_count": 2,
            "enable_ecs_managed_tags": false,
            "enable_execute_command": false,
            "force_delete": null,
            "force_new_deployment": null,
            "health_check_grace_period_seconds": 0,
            "iam_role": "/aws-service-role/ecs.amazonaws.com/AWSServiceRoleForECS",
            "id": "arn:aws:ecs:us-east-1:488675216463:service/dental-clinic-cluster/dental-prod-gateway",
            "launch_type": "FARGATE",
            "load_balancer": [
              {
                "container_name": "gateway",
                "container_port": 8000,
                "elb_name": "",
                "target_group_arn": "arn:aws:elasticloadbalancing:us-east-1:488675216463:targetgroup/dental-prod-gateway-tg/cdea4ad2cccad3af"
              }
            ],
            "name": "dental-prod-gateway",
            "network_configuration": [
              {
                "assign_public_ip": false,
                "security_groups": [
                  "sg-0ef6a623b68a7a124"
                ],
                "subnets": [
                  "subnet-03981f48ddb7cef8d",
                  "subnet-0a43c0902bc7f09eb"
                ]
              }
            ],
            "ordered_placement_strategy": [],
            "placement_constraints": [],
            "platform_version": "LATEST",
            "propagate_tags": "NONE",
            "scheduling_strategy": "REPLICA",
            "service_connect_configuration": [],
            "service_registries": [],
            "tags": {
              "Environment": "prod",
              "ManagedBy": "terraform",
              "Name": "dental-prod-gateway-service",
              "Project": "dental-clinic-ai"
            },
            "tags_all": {
              "Environment": "prod",
              "ManagedBy": "terraform",
              "Name": "dental-prod-gateway-service",
              "Owner": "dental-clinic-team",
              "Project": "dental-clinic-ai"
            },
            "task_definition": "arn:aws:ecs:us-east-1:488675216463:task-definition/dental-prod-gateway:1",
            "timeouts": null,
            "triggers": {},
            "volume_configuration": [],
            "vpc_lattice_configurations": [],
            "wait_for_steady_state": false
          },
          "sensitive_attributes": [],
          "identity_schema_version": 0,
          "private": "eyJlMmJmYjczMC1lY2FhLTExZTYtOGY4OC0zNDM2M2JjN2M0YzAiOnsiY3JlYXRlIjoxMjAwMDAwMDAwMDAwLCJkZWxldGUiOjEyMDAwMDAwMDAwMDAsInVwZGF0ZSI6MTIwMDAwMDAwMDAwMH0sInNjaGVtYV92ZXJzaW9uIjoiMSJ9",
          "dependencies": [
            "aws_cloudwatch_log_group.gateway",
            "aws_db_instance.main",
            "aws_db_parameter_group.main",
            "aws_db_subnet_group.main",
            "aws_ecs_cluster.main",
            "aws_ecs_task_definition.gateway",
            "aws_elasticache_cluster.redis",
            "aws_elasticache_parameter_group.redis",
            "aws_elasticache_subnet_group.main",
            "aws_iam_role.ecs_task",
            "aws_iam_role.ecs_task_execution",
            "aws_kms_key.secrets",
            "aws_lb.main",
            "aws_lb_listener.http_dev",
            "aws_lb_listener.https",
            "aws_lb_target_group.gateway",
            "aws_secretsmanager_secret.app_config",
            "aws_secretsmanager_secret.db_credentials",
            "aws_secretsmanager_secret.openai_api_key",
            "aws_secretsmanager_secret.telegram_credentials",
            "aws_secretsmanager_secret.whatsapp_credentials",
            "aws_security_group.alb",
            "aws_security_group.ecs",
            "aws_security_group.rds",
            "aws_security_group.redis",
            "aws_subnet.database",
            "aws_subnet.private",
            "aws_subnet.public",
            "aws_vpc.main",
            "data.aws_availability_zones.available",
            "data.aws_caller_identity.current",
            "random_password.db_password"
          ]
        }
      ]
    },
    {
      "mode": "managed",
      "type": "aws_ecs_task_definition",
      "name": "ai_agents",
      "provider": "provider[\"registry.terraform.io/hashicorp/aws\"]",
      "instances": [
        {
          "schema_version": 1,
          "attributes": {
            "arn": "arn:aws:ecs:us-east-1:488675216463:task-definition/dental-prod-ai-agents:1",
            "arn_without_revision": "arn:aws:ecs:us-east-1:488675216463:task-definition/dental-prod-ai-agents",
            "container_definitions": "[{\"environment\":[{\"name\":\"APP_HOST\",\"value\":\"0.0.0.0\"},{\"name\":\"APP_PORT\",\"value\":\"8001\"},{\"name\":\"ENVIRONMENT\",\"value\":\"prod\"},{\"name\":\"REDIS_HOST\",\"value\":\"dental-prod-redis.egz2rz.0001.use1.cache.amazonaws.com\"},{\"name\":\"REDIS_PORT\",\"value\":\"6379\"}],\"essential\":true,\"healthCheck\":{\"command\":[\"CMD-SHELL\",\"curl -f http://localhost:8001/health || exit 1\"],\"interval\":30,\"retries\":3,\"startPeriod\":60,\"timeout\":5},\"image\":\"488675216463.dkr.ecr.us-east-1.amazonaws.com/dental-prod-ai-agents:latest\",\"logConfiguration\":{\"logDriver\":\"awslogs\",\"options\":{\"awslogs-group\":\"/ecs/dental-prod/ai-agents\",\"awslogs-region\":\"us-east-1\",\"awslogs-stream-prefix\":\"ecs\"}},\"mountPoints\":[],\"name\":\"ai-agents\",\"portMappings\":[{\"containerPort\":8001,\"hostPort\":8001,\"protocol\":\"tcp\"}],\"secrets\":[{\"name\":\"OPENAI_API_KEY\",\"valueFrom\":\"arn:aws:secretsmanager:us-east-1:488675216463:secret:dental-prod/openai/api-key-Cr7efu:api_key::\"}],\"systemControls\":[],\"volumesFrom\":[]}]",
            "cpu": "1024",
            "enable_fault_injection": false,
            "ephemeral_storage": [],
            "execution_role_arn": "arn:aws:iam::488675216463:role/dental-prod-ecs-task-execution",
            "family": "dental-prod-ai-agents",
            "id": "dental-prod-ai-agents",
            "inference_accelerator": [],
            "ipc_mode": "",
            "memory": "2048",
            "network_mode": "awsvpc",
            "pid_mode": "",
            "placement_constraints": [],
            "proxy_configuration": [],
            "requires_compatibilities": [
              "FARGATE"
            ],
            "revision": 1,
            "runtime_platform": [],
            "skip_destroy": false,
            "tags": {
              "Environment": "prod",
              "ManagedBy": "terraform",
              "Name": "dental-prod-ai-agents-task",
              "Project": "dental-clinic-ai"
            },
            "tags_all": {
              "Environment": "prod",
              "ManagedBy": "terraform",
              "Name": "dental-prod-ai-agents-task",
              "Owner": "dental-clinic-team",
              "Project": "dental-clinic-ai"
            },
            "task_role_arn": "arn:aws:iam::488675216463:role/dental-prod-ecs-task",
            "track_latest": false,
            "volume": []
          },
          "sensitive_attributes": [],
          "identity_schema_version": 0,
          "private": "eyJzY2hlbWFfdmVyc2lvbiI6IjEifQ==",
          "dependencies": [
            "aws_cloudwatch_log_group.ai_agents",
            "aws_elasticache_cluster.redis",
            "aws_elasticache_parameter_group.redis",
            "aws_elasticache_subnet_group.main",
            "aws_iam_role.ecs_task",
            "aws_iam_role.ecs_task_execution",
            "aws_kms_key.secrets",
            "aws_secretsmanager_secret.openai_api_key",
            "aws_security_group.alb",
            "aws_security_group.ecs",
            "aws_security_group.redis",
            "aws_subnet.private",
            "aws_vpc.main",
            "data.aws_availability_zones.available",
            "data.aws_caller_identity.current"
          ]
        }
      ]
    },
    {
      "mode": "managed",
      "type": "aws_ecs_task_definition",
      "name": "gateway",
      "provider": "provider[\"registry.terraform.io/hashicorp/aws\"]",
      "instances": [
        {
          "schema_version": 1,
          "attributes": {
            "arn": "arn:aws:ecs:us-east-1:488675216463:task-definition/dental-prod-gateway:1",
            "arn_without_revision": "arn:aws:ecs:us-east-1:488675216463:task-definition/dental-prod-gateway",
            "container_definitions": "[{\"environment\":[{\"name\":\"APP_HOST\",\"value\":\"0.0.0.0\"},{\"name\":\"APP_PORT\",\"value\":\"8000\"},{\"name\":\"ENVIRONMENT\",\"value\":\"prod\"},{\"name\":\"MYSQL_DATABASE\",\"value\":\"dental_clinic\"},{\"name\":\"MYSQL_HOST\",\"value\":\"dental-prod-database.c0jiwcc6ykf7.us-east-1.rds.amazonaws.com:3306\"},{\"name\":\"MYSQL_PORT\",\"value\":\"3306\"},{\"name\":\"REDIS_HOST\",\"value\":\"dental-prod-redis.egz2rz.0001.use1.cache.amazonaws.com\"},{\"name\":\"REDIS_PORT\",\"value\":\"6379\"}],\"essential\":true,\"healthCheck\":{\"command\":[\"CMD-SHELL\",\"curl -f http://localhost:8000/health || exit 1\"],\"interval\":30,\"retries\":3,\"startPeriod\":60,\"timeout\":5},\"image\":\"488675216463.dkr.ecr.us-east-1.amazonaws.com/dental-prod-gateway:latest\",\"logConfiguration\":{\"logDriver\":\"awslogs\",\"options\":{\"awslogs-group\":\"/ecs/dental-prod/gateway\",\"awslogs-region\":\"us-east-1\",\"awslogs-stream-prefix\":\"ecs\"}},\"mountPoints\":[],\"name\":\"gateway\",\"portMappings\":[{\"containerPort\":8000,\"hostPort\":8000,\"protocol\":\"tcp\"}],\"secrets\":[{\"name\":\"MYSQL_PASSWORD\",\"valueFrom\":\"arn:aws:secretsmanager:us-east-1:488675216463:secret:dental-prod/database/credentials-JpJByt:password::\"},{\"name\":\"MYSQL_USER\",\"valueFrom\":\"arn:aws:secretsmanager:us-east-1:488675216463:secret:dental-prod/database/credentials-JpJByt:username::\"},{\"name\":\"OPENAI_API_KEY\",\"valueFrom\":\"arn:aws:secretsmanager:us-east-1:488675216463:secret:dental-prod/openai/api-key-Cr7efu:api_key::\"},{\"name\":\"SECRET_KEY\",\"valueFrom\":\"arn:aws:secretsmanager:us-east-1:488675216463:secret:dental-prod/app/config-mpR7st:jwt_secret_key::\"},{\"name\":\"TELEGRAM_TOKEN\",\"valueFrom\":\"arn:aws:secretsmanager:us-east-1:488675216463:secret:dental-prod/telegram/credentials-Cr7efu:bot_token::\"},{\"name\":\"WHATSAPP_TOKEN\",\"valueFrom\":\"arn:aws:secretsmanager:us-east-1:488675216463:secret:dental-prod/whatsapp/credentials-mpR7st:webhook_token::\"}],\"systemControls\":[],\"volumesFrom\":[]}]",
            "cpu": "512",
            "enable_fault_injection": false,
            "ephemeral_storage": [],
            "execution_role_arn": "arn:aws:iam::488675216463:role/dental-prod-ecs-task-execution",
            "family": "dental-prod-gateway",
            "id": "dental-prod-gateway",
            "inference_accelerator": [],
            "ipc_mode": "",
            "memory": "1024",
            "network_mode": "awsvpc",
            "pid_mode": "",
            "placement_constraints": [],
            "proxy_configuration": [],
            "requires_compatibilities": [
              "FARGATE"
            ],
            "revision": 1,
            "runtime_platform": [],
            "skip_destroy": false,
            "tags": {
              "Environment": "prod",
              "ManagedBy": "terraform",
              "Name": "dental-prod-gateway-task",
              "Project": "dental-clinic-ai"
            },
            "tags_all": {
              "Environment": "prod",
              "ManagedBy": "terraform",
              "Name": "dental-prod-gateway-task",
              "Owner": "dental-clinic-team",
              "Project": "dental-clinic-ai"
            },
            "task_role_arn": "arn:aws:iam::488675216463:role/dental-prod-ecs-task",
            "track_latest": false,
            "volume": []
          },
          "sensitive_attributes": [],
          "identity_schema_version": 0,
          "private": "eyJzY2hlbWFfdmVyc2lvbiI6IjEifQ==",
          "dependencies": [
            "aws_cloudwatch_log_group.gateway",
            "aws_db_instance.main",
            "aws_db_parameter_group.main",
            "aws_db_subnet_group.main",
            "aws_elasticache_cluster.redis",
            "aws_elasticache_parameter_group.redis",
            "aws_elasticache_subnet_group.main",
            "aws_iam_role.ecs_task",
            "aws_iam_role.ecs_task_execution",
            "aws_kms_key.secrets",
            "aws_secretsmanager_secret.app_config",
            "aws_secretsmanager_secret.db_credentials",
            "aws_secretsmanager_secret.openai_api_key",
            "aws_secretsmanager_secret.telegram_credentials",
            "aws_secretsmanager_secret.whatsapp_credentials",
            "aws_security_group.alb",
            "aws_security_group.ecs",
            "aws_security_group.rds",
            "aws_security_group.redis",
            "aws_subnet.database",
            "aws_subnet.private",
            "aws_vpc.main",
            "data.aws_availability_zones.available",
            "data.aws_caller_identity.current",
            "random_password.db_password"
          ]
        }
      ]
    },
    {
      "mode": "managed",
      "type": "aws_eip",
      "name": "nat",
      "provider": "provider[\"registry.terraform.io/hashicorp/aws\"]",
      "instances": [
        {
          "index_key": 0,
          "schema_version": 0,
          "attributes": {
            "address": null,
            "allocation_id": "eipalloc-05bf98afff66c4f35",
            "arn": "arn:aws:ec2:us-east-1:488675216463:elastic-ip/eipalloc-05bf98afff66c4f35",
            "associate_with_private_ip": null,
            "association_id": "eipassoc-05938de0230aad361",
            "carrier_ip": "",
            "customer_owned_ip": "",
            "customer_owned_ipv4_pool": "",
            "domain": "vpc",
            "id": "eipalloc-05bf98afff66c4f35",
            "instance": "",
            "ipam_pool_id": null,
            "network_border_group": "us-east-1",
            "network_interface": "eni-05c89ecb5f399e89f",
            "private_dns": "ip-10-0-0-238.ec2.internal",
            "private_ip": "10.0.0.238",
            "ptr_record": "",
            "public_dns": "ec2-34-233-70-164.compute-1.amazonaws.com",
            "public_ip": "34.233.70.164",
            "public_ipv4_pool": "amazon",
            "tags": {
              "Environment": "prod",
              "ManagedBy": "terraform",
              "Name": "dental-prod-nat-eip-1",
              "Project": "dental-clinic-ai"
            },
            "tags_all": {
              "Environment": "prod",
              "ManagedBy": "terraform",
              "Name": "dental-prod-nat-eip-1",
              "Owner": "dental-clinic-team",
              "Project": "dental-clinic-ai"
            },
            "timeouts": null,
            "vpc": true
          },
          "sensitive_attributes": [],
          "identity_schema_version": 0,
          "private": "eyJlMmJmYjczMC1lY2FhLTExZTYtOGY4OC0zNDM2M2JjN2M0YzAiOnsiZGVsZXRlIjoxODAwMDAwMDAwMDAsInJlYWQiOjkwMDAwMDAwMDAwMCwidXBkYXRlIjozMDAwMDAwMDAwMDB9fQ==",
          "dependencies": [
            "aws_internet_gateway.main",
            "aws_vpc.main",
            "data.aws_availability_zones.available"
          ]
        },
        {
          "index_key": 1,
          "schema_version": 0,
          "attributes": {
            "address": null,
            "allocation_id": "eipalloc-066f0647dc4d8befd",
            "arn": "arn:aws:ec2:us-east-1:488675216463:elastic-ip/eipalloc-066f0647dc4d8befd",
            "associate_with_private_ip": null,
            "association_id": "eipassoc-0552d52a3942f6223",
            "carrier_ip": "",
            "customer_owned_ip": "",
            "customer_owned_ipv4_pool": "",
            "domain": "vpc",
            "id": "eipalloc-066f0647dc4d8befd",
            "instance": "",
            "ipam_pool_id": null,
            "network_border_group": "us-east-1",
            "network_interface": "eni-02c126970e0174aea",
            "private_dns": "ip-10-0-1-64.ec2.internal",
            "private_ip": "10.0.1.64",
            "ptr_record": "",
            "public_dns": "ec2-98-87-95-4.compute-1.amazonaws.com",
            "public_ip": "98.87.95.4",
            "public_ipv4_pool": "amazon",
            "tags": {
              "Environment": "prod",
              "ManagedBy": "terraform",
              "Name": "dental-prod-nat-eip-2",
              "Project": "dental-clinic-ai"
            },
            "tags_all": {
              "Environment": "prod",
              "ManagedBy": "terraform",
              "Name": "dental-prod-nat-eip-2",
              "Owner": "dental-clinic-team",
              "Project": "dental-clinic-ai"
            },
            "timeouts": null,
            "vpc": true
          },
          "sensitive_attributes": [],
          "identity_schema_version": 0,
          "private": "eyJlMmJmYjczMC1lY2FhLTExZTYtOGY4OC0zNDM2M2JjN2M0YzAiOnsiZGVsZXRlIjoxODAwMDAwMDAwMDAsInJlYWQiOjkwMDAwMDAwMDAwMCwidXBkYXRlIjozMDAwMDAwMDAwMDB9fQ==",
          "dependencies": [
            "aws_internet_gateway.main",
            "aws_vpc.main",
            "data.aws_availability_zones.available"
          ]
        }
      ]
    },
    {
      "mode": "managed",
      "type": "aws_elasticache_cluster",
      "name": "redis",
      "provider": "provider[\"registry.terraform.io/hashicorp/aws\"]",
      "instances": [
        {
          "schema_version": 0,
          "attributes": {
            "apply_immediately": null,
            "arn": "arn:aws:elasticache:us-east-1:488675216463:cluster:dental-prod-redis",
            "auto_minor_version_upgrade": "true",
            "availability_zone": "us-east-1a",
            "az_mode": "single-az",
            "cache_nodes": [
              {
                "address": "dental-prod-redis.egz2rz.0001.use1.cache.amazonaws.com",
                "availability_zone": "us-east-1a",
                "id": "0001",
                "outpost_arn": "",
                "port": 6379
              }
            ],
            "cluster_address": null,
            "cluster_id": "dental-prod-redis",
            "configuration_endpoint": null,
            "engine": "redis",
            "engine_version": "7.1",
            "engine_version_actual": "7.1.0",
            "final_snapshot_identifier": null,
            "id": "dental-prod-redis",
            "ip_discovery": "ipv4",
            "log_delivery_configuration": [],
            "maintenance_window": "sun:05:00-sun:06:00",
            "network_type": "ipv4",
            "node_type": "cache.t3.micro",
            "notification_topic_arn": null,
            "num_cache_nodes": 1,
            "outpost_mode": null,
            "parameter_group_name": "dental-prod-redis-params",
            "port": 6379,
            "preferred_availability_zones": null,
            "preferred_outpost_arn": "",
            "replication_group_id": "",
            "security_group_ids": [
              "sg-0d98f2a2a6a9d4b41"
            ],
            "snapshot_arns": null,
            "snapshot_name": null,
            "snapshot_retention_limit": 5,
            "snapshot_window": "06:00-07:00",
            "subnet_group_name": "dental-prod-cache-subnet-group",
            "tags": {
              "Environment": "prod",
              "ManagedBy": "terraform",
              "Name": "dental-prod-redis",
              "Project": "dental-clinic-ai"
            },
            "tags_all": {
              "Environment": "prod",
              "ManagedBy": "terraform",
              "Name": "dental-prod-redis",
              "Owner": "dental-clinic-team",
              "Project": "dental-clinic-ai"
            },
            "timeouts": null,
            "transit_encryption_enabled": false
          },
          "sensitive_attributes": [],
          "identity_schema_version": 0,
          "private": "eyJlMmJmYjczMC1lY2FhLTExZTYtOGY4OC0zNDM2M2JjN2M0YzAiOnsiY3JlYXRlIjoyNDAwMDAwMDAwMDAwLCJkZWxldGUiOjI0MDAwMDAwMDAwMDAsInVwZGF0ZSI6NDgwMDAwMDAwMDAwMH19",
          "dependencies": [
            "aws_elasticache_parameter_group.redis",
            "aws_elasticache_subnet_group.main",
            "aws_security_group.alb",
            "aws_security_group.ecs",
            "aws_security_group.redis",
            "aws_subnet.private",
            "aws_vpc.main",
            "data.aws_availability_zones.available"
          ]
        }
      ]
    },
    {
      "mode": "managed",
      "type": "aws_elasticache_parameter_group",
      "name": "redis",
      "provider": "provider[\"registry.terraform.io/hashicorp/aws\"]",
      "instances": [
        {
          "schema_version": 0,
          "attributes": {
            "arn": "arn:aws:elasticache:us-east-1:488675216463:parametergroup:dental-prod-redis-params",
            "description": "Managed by Terraform",
            "family": "redis7",
            "id": "dental-prod-redis-params",
            "name": "dental-prod-redis-params",
            "parameter": [
              {
                "name": "maxmemory-policy",
                "value": "allkeys-lru"
              },
              {
                "name": "tcp-keepalive",
                "value": "300"
              },
              {
                "name": "timeout",
                "value": "300"
              }
            ],
            "tags": {
              "Environment": "prod",
              "ManagedBy": "terraform",
              "Name": "dental-prod-redis-params",
              "Project": "dental-clinic-ai"
            },
            "tags_all": {
              "Environment": "prod",
              "ManagedBy": "terraform",
              "Name": "dental-prod-redis-params",
              "Owner": "dental-clinic-team",
              "Project": "dental-clinic-ai"
            }
          },
          "sensitive_attributes": [],
          "identity_schema_version": 0,
          "private": "bnVsbA=="
        }
      ]
    },
    {
      "mode": "managed",
      "type": "aws_elasticache_subnet_group",
      "name": "main",
      "provider": "provider[\"registry.terraform.io/hashicorp/aws\"]",
      "instances": [
        {
          "schema_version": 0,
          "attributes": {
            "arn": "arn:aws:elasticache:us-east-1:488675216463:subnetgroup:dental-prod-cache-subnet-group",
            "description": "Managed by Terraform",
            "id": "dental-prod-cache-subnet-group",
            "name": "dental-prod-cache-subnet-group",
            "subnet_ids": [
              "subnet-03981f48ddb7cef8d",
              "subnet-0a43c0902bc7f09eb"
            ],
            "tags": {
              "Environment": "prod",
              "ManagedBy": "terraform",
              "Name": "dental-prod-cache-subnet-group",
              "Project": "dental-clinic-ai"
            },
            "tags_all": {
              "Environment": "prod",
              "ManagedBy": "terraform",
              "Name": "dental-prod-cache-subnet-group",
              "Owner": "dental-clinic-team",
              "Project": "dental-clinic-ai"
            },
            "vpc_id": "vpc-04fb294eb77c6b88f"
          },
          "sensitive_attributes": [],
          "identity_schema_version": 0,
          "private": "bnVsbA==",
          "dependencies": [
            "aws_subnet.private",
            "aws_vpc.main",
            "data.aws_availability_zones.available"
          ]
        }
      ]
    },
    {
      "mode": "managed",
      "type": "aws_iam_policy",
      "name": "app_secrets_access",
      "provider": "provider[\"registry.terraform.io/hashicorp/aws\"]",
      "instances": [
        {
          "schema_version": 0,
          "attributes": {
            "arn": "arn:aws:iam::488675216463:policy/dental-prod-app-secrets-access",
            "attachment_count": 1,
            "description": "Policy for application to access its secrets at runtime",
            "id": "arn:aws:iam::488675216463:policy/dental-prod-app-secrets-access",
            "name": "dental-prod-app-secrets-access",
            "name_prefix": "",
            "path": "/",
            "policy": "{\"Statement\":[{\"Action\":[\"secretsmanager:GetSecretValue\"],\"Effect\":\"Allow\",\"Resource\":[\"arn:aws:secretsmanager:us-east-1:488675216463:secret:dental-prod/openai/api-key-Cr7efu\",\"arn:aws:secretsmanager:us-east-1:488675216463:secret:dental-prod/whatsapp/credentials-mpR7st\",\"arn:aws:secretsmanager:us-east-1:488675216463:secret:dental-prod/telegram/credentials-Cr7efu\",\"arn:aws:secretsmanager:us-east-1:488675216463:secret:dental-prod/app/config-mpR7st\"]},{\"Action\":[\"kms:Decrypt\"],\"Effect\":\"Allow\",\"Resource\":[\"arn:aws:kms:us-east-1:488675216463:key/7298660a-dae6-43ba-9870-47365a9d161e\"]}],\"Version\":\"2012-10-17\"}",
            "policy_id": "ANPAXDR2QBRHZ3IXQATRN",
            "tags": {
              "Environment": "prod",
              "ManagedBy": "terraform",
              "Project": "dental-clinic-ai"
            },
            "tags_all": {
              "Environment": "prod",
              "ManagedBy": "terraform",
              "Owner": "dental-clinic-team",
              "Project": "dental-clinic-ai"
            }
          },
          "sensitive_attributes": [],
          "identity_schema_version": 0,
          "private": "bnVsbA==",
          "dependencies": [
            "aws_kms_key.secrets",
            "aws_secretsmanager_secret.app_config",
            "aws_secretsmanager_secret.openai_api_key",
            "aws_secretsmanager_secret.telegram_credentials",
            "aws_secretsmanager_secret.whatsapp_credentials"
          ]
        }
      ]
    },
    {
      "mode": "managed",
      "type": "aws_iam_policy",
      "name": "ecr_access",
      "provider": "provider[\"registry.terraform.io/hashicorp/aws\"]",
      "instances": [
        {
          "schema_version": 0,
          "attributes": {
            "arn": "arn:aws:iam::488675216463:policy/dental-prod-ecr-access",
            "attachment_count": 1,
            "description": "Policy for accessing ECR repositories",
            "id": "arn:aws:iam::488675216463:policy/dental-prod-ecr-access",
            "name": "dental-prod-ecr-access",
            "name_prefix": "",
            "path": "/",
            "policy": "{\"Statement\":[{\"Action\":[\"ecr:GetAuthorizationToken\"],\"Effect\":\"Allow\",\"Resource\":\"*\"},{\"Action\":[\"ecr:BatchCheckLayerAvailability\",\"ecr:GetDownloadUrlForLayer\",\"ecr:BatchGetImage\"],\"Effect\":\"Allow\",\"Resource\":[\"arn:aws:ecr:us-east-1:488675216463:repository/dental-prod-gateway\",\"arn:aws:ecr:us-east-1:488675216463:repository/dental-prod-ai-agents\"]}],\"Version\":\"2012-10-17\"}",
            "policy_id": "ANPAXDR2QBRH5AK6NZNLO",
            "tags": {
              "Environment": "prod",
              "ManagedBy": "terraform",
              "Project": "dental-clinic-ai"
            },
            "tags_all": {
              "Environment": "prod",
              "ManagedBy": "terraform",
              "Owner": "dental-clinic-team",
              "Project": "dental-clinic-ai"
            }
          },
          "sensitive_attributes": [],
          "identity_schema_version": 0,
          "private": "bnVsbA==",
          "dependencies": [
            "aws_ecr_repository.ai_agents",
            "aws_ecr_repository.gateway"
          ]
        }
      ]
    },
    {
      "mode": "managed",
      "type": "aws_iam_policy",
      "name": "secrets_access",
      "provider": "provider[\"registry.terraform.io/hashicorp/aws\"]",
      "instances": [
        {
          "schema_version": 0,
          "attributes": {
            "arn": "arn:aws:iam::488675216463:policy/dental-prod-secrets-access",
            "attachment_count": 1,
            "description": "Policy for accessing application secrets",
            "id": "arn:aws:iam::488675216463:policy/dental-prod-secrets-access",
            "name": "dental-prod-secrets-access",
            "name_prefix": "",
            "path": "/",
            "policy": "{\"Statement\":[{\"Action\":[\"secretsmanager:GetSecretValue\",\"secretsmanager:DescribeSecret\"],\"Effect\":\"Allow\",\"Resource\":[\"arn:aws:secretsmanager:us-east-1:488675216463:secret:dental-prod/database/credentials-JpJByt\",\"arn:aws:secretsmanager:us-east-1:488675216463:secret:dental-prod/openai/api-key-Cr7efu\",\"arn:aws:secretsmanager:us-east-1:488675216463:secret:dental-prod/google/credentials-UnFP5t\",\"arn:aws:secretsmanager:us-east-1:488675216463:secret:dental-prod/whatsapp/credentials-mpR7st\",\"arn:aws:secretsmanager:us-east-1:488675216463:secret:dental-prod/telegram/credentials-Cr7efu\",\"arn:aws:secretsmanager:us-east-1:488675216463:secret:dental-prod/app/config-mpR7st\"]},{\"Action\":[\"kms:Decrypt\",\"kms:DescribeKey\"],\"Effect\":\"Allow\",\"Resource\":[\"arn:aws:kms:us-east-1:488675216463:key/7298660a-dae6-43ba-9870-47365a9d161e\"]}],\"Version\":\"2012-10-17\"}",
            "policy_id": "ANPAXDR2QBRH6YDHU2LMB",
            "tags": {
              "Environment": "prod",
              "ManagedBy": "terraform",
              "Project": "dental-clinic-ai"
            },
            "tags_all": {
              "Environment": "prod",
              "ManagedBy": "terraform",
              "Owner": "dental-clinic-team",
              "Project": "dental-clinic-ai"
            }
          },
          "sensitive_attributes": [],
          "identity_schema_version": 0,
          "private": "bnVsbA==",
          "dependencies": [
            "aws_kms_key.secrets",
            "aws_secretsmanager_secret.app_config",
            "aws_secretsmanager_secret.db_credentials",
            "aws_secretsmanager_secret.google_credentials",
            "aws_secretsmanager_secret.openai_api_key",
            "aws_secretsmanager_secret.telegram_credentials",
            "aws_secretsmanager_secret.whatsapp_credentials"
          ]
        }
      ]
    },
    {
      "mode": "managed",
      "type": "aws_iam_role",
      "name": "ecs_task",
      "provider": "provider[\"registry.terraform.io/hashicorp/aws\"]",
      "instances": [
        {
          "schema_version": 0,
          "attributes": {
            "arn": "arn:aws:iam::488675216463:role/dental-prod-ecs-task",
            "assume_role_policy": "{\"Statement\":[{\"Action\":\"sts:AssumeRole\",\"Effect\":\"Allow\",\"Principal\":{\"Service\":\"ecs-tasks.amazonaws.com\"}}],\"Version\":\"2012-10-17\"}",
            "create_date": "2025-09-27T07:08:34Z",
            "description": "",
            "force_detach_policies": false,
            "id": "dental-prod-ecs-task",
            "inline_policy": [],
            "managed_policy_arns": [
              "arn:aws:iam::488675216463:policy/dental-prod-app-secrets-access"
            ],
            "max_session_duration": 3600,
            "name": "dental-prod-ecs-task",
            "name_prefix": "",
            "path": "/",
            "permissions_boundary": "",
            "tags": {
              "Environment": "prod",
              "ManagedBy": "terraform",
              "Project": "dental-clinic-ai"
            },
            "tags_all": {
              "Environment": "prod",
              "ManagedBy": "terraform",
              "Owner": "dental-clinic-team",
              "Project": "dental-clinic-ai"
            },
            "unique_id": "AROAXDR2QBRH6RJZFWKZF"
          },
          "sensitive_attributes": [],
          "identity_schema_version": 0,
          "private": "bnVsbA=="
        }
      ]
    },
    {
      "mode": "managed",
      "type": "aws_iam_role",
      "name": "ecs_task_execution",
      "provider": "provider[\"registry.terraform.io/hashicorp/aws\"]",
      "instances": [
        {
          "schema_version": 0,
          "attributes": {
            "arn": "arn:aws:iam::488675216463:role/dental-prod-ecs-task-execution",
            "assume_role_policy": "{\"Statement\":[{\"Action\":\"sts:AssumeRole\",\"Effect\":\"Allow\",\"Principal\":{\"Service\":\"ecs-tasks.amazonaws.com\"}}],\"Version\":\"2012-10-17\"}",
            "create_date": "2025-09-27T07:08:34Z",
            "description": "",
            "force_detach_policies": false,
            "id": "dental-prod-ecs-task-execution",
            "inline_policy": [],
            "managed_policy_arns": [
              "arn:aws:iam::488675216463:policy/dental-prod-ecr-access",
              "arn:aws:iam::488675216463:policy/dental-prod-secrets-access",
              "arn:aws:iam::aws:policy/service-role/AmazonECSTaskExecutionRolePolicy"
            ],
            "max_session_duration": 3600,
            "name": "dental-prod-ecs-task-execution",
            "name_prefix": "",
            "path": "/",
            "permissions_boundary": "",
            "tags": {
              "Environment": "prod",
              "ManagedBy": "terraform",
              "Project": "dental-clinic-ai"
            },
            "tags_all": {
              "Environment": "prod",
              "ManagedBy": "terraform",
              "Owner": "dental-clinic-team",
              "Project": "dental-clinic-ai"
            },
            "unique_id": "AROAXDR2QBRHUM4ICRC5C"
          },
          "sensitive_attributes": [],
          "identity_schema_version": 0,
          "private": "bnVsbA=="
        }
      ]
    },
    {
      "mode": "managed",
      "type": "aws_iam_role",
      "name": "rds_enhanced_monitoring",
      "provider": "provider[\"registry.terraform.io/hashicorp/aws\"]",
      "instances": [
        {
          "schema_version": 0,
          "attributes": {
            "arn": "arn:aws:iam::488675216463:role/dental-prod-rds-monitoring",
            "assume_role_policy": "{\"Statement\":[{\"Action\":\"sts:AssumeRole\",\"Effect\":\"Allow\",\"Principal\":{\"Service\":\"monitoring.rds.amazonaws.com\"}}],\"Version\":\"2012-10-17\"}",
            "create_date": "2025-09-27T07:08:34Z",
            "description": "",
            "force_detach_policies": false,
            "id": "dental-prod-rds-monitoring",
            "inline_policy": [],
            "managed_policy_arns": [
              "arn:aws:iam::aws:policy/service-role/AmazonRDSEnhancedMonitoringRole"
            ],
            "max_session_duration": 3600,
            "name": "dental-prod-rds-monitoring",
            "name_prefix": "",
            "path": "/",
            "permissions_boundary": "",
            "tags": {
              "Environment": "prod",
              "ManagedBy": "terraform",
              "Project": "dental-clinic-ai"
            },
            "tags_all": {
              "Environment": "prod",
              "ManagedBy": "terraform",
              "Owner": "dental-clinic-team",
              "Project": "dental-clinic-ai"
            },
            "unique_id": "AROAXDR2QBRHQPWKL7IBP"
          },
          "sensitive_attributes": [],
          "identity_schema_version": 0,
          "private": "bnVsbA=="
        }
      ]
    },
    {
      "mode": "managed",
      "type": "aws_iam_role_policy_attachment",
      "name": "app_secrets_access",
      "provider": "provider[\"registry.terraform.io/hashicorp/aws\"]",
      "instances": [
        {
          "schema_version": 0,
          "attributes": {
            "id": "dental-prod-ecs-task-20250927070844663000000010",
            "policy_arn": "arn:aws:iam::488675216463:policy/dental-prod-app-secrets-access",
            "role": "dental-prod-ecs-task"
          },
          "sensitive_attributes": [],
          "identity_schema_version": 0,
          "private": "bnVsbA==",
          "dependencies": [
            "aws_iam_policy.app_secrets_access",
            "aws_iam_role.ecs_task",
            "aws_kms_key.secrets",
            "aws_secretsmanager_secret.app_config",
            "aws_secretsmanager_secret.openai_api_key",
            "aws_secretsmanager_secret.telegram_credentials",
            "aws_secretsmanager_secret.whatsapp_credentials"
          ]
        }
      ]
    },
    {
      "mode": "managed",
      "type": "aws_iam_role_policy_attachment",
      "name": "ecs_ecr_access",
      "provider": "provider[\"registry.terraform.io/hashicorp/aws\"]",
      "instances": [
        {
          "schema_version": 0,
          "attributes": {
            "id": "dental-prod-ecs-task-execution-20250927070835464600000003",
            "policy_arn": "arn:aws:iam::488675216463:policy/dental-prod-ecr-access",
            "role": "dental-prod-ecs-task-execution"
          },
          "sensitive_attributes": [],
          "identity_schema_version": 0,
          "private": "bnVsbA==",
          "dependencies": [
            "aws_ecr_repository.ai_agents",
            "aws_ecr_repository.gateway",
            "aws_iam_policy.ecr_access",
            "aws_iam_role.ecs_task_execution"
          ]
        }
      ]
    },
    {
      "mode": "managed",
      "type": "aws_iam_role_policy_attachment",
      "name": "ecs_task_execution",
      "provider": "provider[\"registry.terraform.io/hashicorp/aws\"]",
      "instances": [
        {
          "schema_version": 0,
          "attributes": {
            "id": "dental-prod-ecs-task-execution-20250927070835190800000002",
            "policy_arn": "arn:aws:iam::aws:policy/service-role/AmazonECSTaskExecutionRolePolicy",
            "role": "dental-prod-ecs-task-execution"
          },
          "sensitive_attributes": [],
          "identity_schema_version": 0,
          "private": "bnVsbA==",
          "dependencies": [
            "aws_iam_role.ecs_task_execution"
          ]
        }
      ]
    },
    {
      "mode": "managed",
      "type": "aws_iam_role_policy_attachment",
      "name": "rds_enhanced_monitoring",
      "provider": "provider[\"registry.terraform.io/hashicorp/aws\"]",
      "instances": [
        {
          "schema_version": 0,
          "attributes": {
            "id": "dental-prod-rds-monitoring-20250927070835164900000001",
            "policy_arn": "arn:aws:iam::aws:policy/service-role/AmazonRDSEnhancedMonitoringRole",
            "role": "dental-prod-rds-monitoring"
          },
          "sensitive_attributes": [],
          "identity_schema_version": 0,
          "private": "bnVsbA==",
          "dependencies": [
            "aws_iam_role.rds_enhanced_monitoring"
          ]
        }
      ]
    },
    {
      "mode": "managed",
      "type": "aws_iam_role_policy_attachment",
      "name": "secrets_access",
      "provider": "provider[\"registry.terraform.io/hashicorp/aws\"]",
      "instances": [
        {
          "schema_version": 0,
          "attributes": {
            "id": "dental-prod-ecs-task-execution-20250927070844713800000011",
            "policy_arn": "arn:aws:iam::488675216463:policy/dental-prod-secrets-access",
            "role": "dental-prod-ecs-task-execution"
          },
          "sensitive_attributes": [],
          "identity_schema_version": 0,
          "private": "bnVsbA==",
          "dependencies": [
            "aws_iam_policy.secrets_access",
            "aws_iam_role.ecs_task_execution",
            "aws_kms_key.secrets",
            "aws_secretsmanager_secret.app_config",
            "aws_secretsmanager_secret.db_credentials",
            "aws_secretsmanager_secret.google_credentials",
            "aws_secretsmanager_secret.openai_api_key",
            "aws_secretsmanager_secret.telegram_credentials",
            "aws_secretsmanager_secret.whatsapp_credentials"
          ]
        }
      ]
    },
    {
      "mode": "managed",
      "type": "aws_internet_gateway",
      "name": "main",
      "provider": "provider[\"registry.terraform.io/hashicorp/aws\"]",
      "instances": [
        {
          "schema_version": 0,
          "attributes": {
            "arn": "arn:aws:ec2:us-east-1:488675216463:internet-gateway/igw-0ff3126a5c10d852c",
            "id": "igw-0ff3126a5c10d852c",
            "owner_id": "488675216463",
            "tags": {
              "Environment": "prod",
              "ManagedBy": "terraform",
              "Name": "dental-prod-igw",
              "Project": "dental-clinic-ai"
            },
            "tags_all": {
              "Environment": "prod",
              "ManagedBy": "terraform",
              "Name": "dental-prod-igw",
              "Owner": "dental-clinic-team",
              "Project": "dental-clinic-ai"
            },
            "timeouts": null,
            "vpc_id": "vpc-04fb294eb77c6b88f"
          },
          "sensitive_attributes": [],
          "identity_schema_version": 0,
          "private": "eyJlMmJmYjczMC1lY2FhLTExZTYtOGY4OC0zNDM2M2JjN2M0YzAiOnsiY3JlYXRlIjoxMjAwMDAwMDAwMDAwLCJkZWxldGUiOjEyMDAwMDAwMDAwMDAsInVwZGF0ZSI6MTIwMDAwMDAwMDAwMH19",
          "dependencies": [
            "aws_vpc.main"
          ]
        }
      ]
    },
    {
      "mode": "managed",
      "type": "aws_kms_alias",
      "name": "secrets",
      "provider": "provider[\"registry.terraform.io/hashicorp/aws\"]",
      "instances": [
        {
          "schema_version": 0,
          "attributes": {
            "arn": "arn:aws:kms:us-east-1:488675216463:alias/dental-prod-secrets",
            "id": "alias/dental-prod-secrets",
            "name": "alias/dental-prod-secrets",
            "name_prefix": "",
            "target_key_arn": "arn:aws:kms:us-east-1:488675216463:key/7298660a-dae6-43ba-9870-47365a9d161e",
            "target_key_id": "7298660a-dae6-43ba-9870-47365a9d161e"
          },
          "sensitive_attributes": [],
          "identity_schema_version": 0,
          "private": "bnVsbA==",
          "dependencies": [
            "aws_kms_key.secrets"
          ]
        }
      ]
    },
    {
      "mode": "managed",
      "type": "aws_kms_key",
      "name": "secrets",
      "provider": "provider[\"registry.terraform.io/hashicorp/aws\"]",
      "instances": [
        {
          "schema_version": 0,
          "attributes": {
            "arn": "arn:aws:kms:us-east-1:488675216463:key/7298660a-dae6-43ba-9870-47365a9d161e",
            "bypass_policy_lockout_safety_check": false,
            "custom_key_store_id": "",
            "customer_master_key_spec": "SYMMETRIC_DEFAULT",
            "deletion_window_in_days": 7,
            "description": "KMS key for encrypting application secrets",
            "enable_key_rotation": true,
            "id": "7298660a-dae6-43ba-9870-47365a9d161e",
            "is_enabled": true,
            "key_id": "7298660a-dae6-43ba-9870-47365a9d161e",
            "key_usage": "ENCRYPT_DECRYPT",
            "multi_region": false,
            "policy": "{\"Id\":\"key-default-1\",\"Statement\":[{\"Action\":\"kms:*\",\"Effect\":\"Allow\",\"Principal\":{\"AWS\":\"arn:aws:iam::488675216463:root\"},\"Resource\":\"*\",\"Sid\":\"Enable IAM User Permissions\"}],\"Version\":\"2012-10-17\"}",
            "rotation_period_in_days": 365,
            "tags": {
              "Environment": "prod",
              "ManagedBy": "terraform",
              "Name": "dental-prod-secrets-key",
              "Project": "dental-clinic-ai"
            },
            "tags_all": {
              "Environment": "prod",
              "ManagedBy": "terraform",
              "Name": "dental-prod-secrets-key",
              "Owner": "dental-clinic-team",
              "Project": "dental-clinic-ai"
            },
            "timeouts": null,
            "xks_key_id": ""
          },
          "sensitive_attributes": [],
          "identity_schema_version": 0,
          "private": "eyJlMmJmYjczMC1lY2FhLTExZTYtOGY4OC0zNDM2M2JjN2M0YzAiOnsiY3JlYXRlIjoxMjAwMDAwMDAwMDB9fQ=="
        }
      ]
    },
    {
      "mode": "managed",
      "type": "aws_lb",
      "name": "main",
      "provider": "provider[\"registry.terraform.io/hashicorp/aws\"]",
      "instances": [
        {
          "schema_version": 0,
          "attributes": {
            "access_logs": [
              {
                "bucket": "",
                "enabled": false,
                "prefix": ""
              }
            ],
            "arn": "arn:aws:elasticloadbalancing:us-east-1:488675216463:loadbalancer/app/dental-prod-alb/5949b1a56d8e9cd8",
            "arn_suffix": "app/dental-prod-alb/5949b1a56d8e9cd8",
            "client_keep_alive": 3600,
            "connection_logs": [
              {
                "bucket": "",
                "enabled": false,
                "prefix": ""
              }
            ],
            "customer_owned_ipv4_pool": "",
            "desync_mitigation_mode": "defensive",
            "dns_name": "dental-prod-alb-230896070.us-east-1.elb.amazonaws.com",
            "dns_record_client_routing_policy": null,
            "drop_invalid_header_fields": false,
            "enable_cross_zone_load_balancing": true,
            "enable_deletion_protection": true,
            "enable_http2": true,
            "enable_tls_version_and_cipher_suite_headers": false,
            "enable_waf_fail_open": false,
            "enable_xff_client_port": false,
            "enable_zonal_shift": false,
            "enforce_security_group_inbound_rules_on_private_link_traffic": "",
            "id": "arn:aws:elasticloadbalancing:us-east-1:488675216463:loadbalancer/app/dental-prod-alb/5949b1a56d8e9cd8",
            "idle_timeout": 60,
            "internal": false,
            "ip_address_type": "ipv4",
            "ipam_pools": [],
            "load_balancer_type": "application",
            "minimum_load_balancer_capacity": [],
            "name": "dental-prod-alb",
            "name_prefix": "",
            "preserve_host_header": false,
            "security_groups": [
              "sg-00c73b0ebfa0f8180"
            ],
            "subnet_mapping": [
              {
                "allocation_id": "",
                "ipv6_address": "",
                "outpost_id": "",
                "private_ipv4_address": "",
                "subnet_id": "subnet-032b67803b53c760a"
              },
              {
                "allocation_id": "",
                "ipv6_address": "",
                "outpost_id": "",
                "private_ipv4_address": "",
                "subnet_id": "subnet-0cf108ad65fa45f1e"
              }
            ],
            "subnets": [
              "subnet-032b67803b53c760a",
              "subnet-0cf108ad65fa45f1e"
            ],
            "tags": {
              "Environment": "prod",
              "ManagedBy": "terraform",
              "Name": "dental-prod-alb",
              "Project": "dental-clinic-ai"
            },
            "tags_all": {
              "Environment": "prod",
              "ManagedBy": "terraform",
              "Name": "dental-prod-alb",
              "Owner": "dental-clinic-team",
              "Project": "dental-clinic-ai"
            },
            "timeouts": null,
            "vpc_id": "vpc-04fb294eb77c6b88f",
            "xff_header_processing_mode": "append",
            "zone_id": "Z35SXDOTRQ7X7K"
          },
          "sensitive_attributes": [],
          "identity_schema_version": 0,
          "private": "eyJlMmJmYjczMC1lY2FhLTExZTYtOGY4OC0zNDM2M2JjN2M0YzAiOnsiY3JlYXRlIjo2MDAwMDAwMDAwMDAsImRlbGV0ZSI6NjAwMDAwMDAwMDAwLCJ1cGRhdGUiOjYwMDAwMDAwMDAwMH19",
          "dependencies": [
            "aws_security_group.alb",
            "aws_subnet.public",
            "aws_vpc.main",
            "data.aws_availability_zones.available"
          ]
        }
      ]
    },
    {
      "mode": "managed",
      "type": "aws_lb_listener",
      "name": "http_dev",
      "provider": "provider[\"registry.terraform.io/hashicorp/aws\"]",
      "instances": [
        {
          "index_key": 0,
          "schema_version": 0,
          "attributes": {
            "alpn_policy": null,
            "arn": "arn:aws:elasticloadbalancing:us-east-1:488675216463:listener/app/dental-prod-alb/5949b1a56d8e9cd8/ad88cf550a45da02",
            "certificate_arn": null,
            "default_action": [
              {
                "authenticate_cognito": [],
                "authenticate_oidc": [],
                "fixed_response": [],
                "forward": [],
                "order": 1,
                "redirect": [],
                "target_group_arn": "arn:aws:elasticloadbalancing:us-east-1:488675216463:targetgroup/dental-prod-gateway-tg/cdea4ad2cccad3af",
                "type": "forward"
              }
            ],
            "id": "arn:aws:elasticloadbalancing:us-east-1:488675216463:listener/app/dental-prod-alb/5949b1a56d8e9cd8/ad88cf550a45da02",
            "load_balancer_arn": "arn:aws:elasticloadbalancing:us-east-1:488675216463:loadbalancer/app/dental-prod-alb/5949b1a56d8e9cd8",
            "mutual_authentication": [],
            "port": 80,
            "protocol": "HTTP",
            "routing_http_request_x_amzn_mtls_clientcert_header_name": null,
            "routing_http_request_x_amzn_mtls_clientcert_issuer_header_name": null,
            "routing_http_request_x_amzn_mtls_clientcert_leaf_header_name": null,
            "routing_http_request_x_amzn_mtls_clientcert_serial_number_header_name": null,
            "routing_http_request_x_amzn_mtls_clientcert_subject_header_name": null,
            "routing_http_request_x_amzn_mtls_clientcert_validity_header_name": null,
            "routing_http_request_x_amzn_tls_cipher_suite_header_name": null,
            "routing_http_request_x_amzn_tls_version_header_name": null,
            "routing_http_response_access_control_allow_credentials_header_value": "",
            "routing_http_response_access_control_allow_headers_header_value": "",
            "routing_http_response_access_control_allow_methods_header_value": "",
            "routing_http_response_access_control_allow_origin_header_value": "",
            "routing_http_response_access_control_expose_headers_header_value": "",
            "routing_http_response_access_control_max_age_header_value": "",
            "routing_http_response_content_security_policy_header_value": "",
            "routing_http_response_server_enabled": true,
            "routing_http_response_strict_transport_security_header_value": "",
            "routing_http_response_x_content_type_options_header_value": "",
            "routing_http_response_x_frame_options_header_value": "",
            "ssl_policy": "",
            "tags": {},
            "tags_all": {
              "Environment": "prod",
              "ManagedBy": "terraform",
              "Owner": "dental-clinic-team",
              "Project": "dental-clinic-ai"
            },
            "tcp_idle_timeout_seconds": null,
            "timeouts": null
          },
          "sensitive_attributes": [],
          "identity_schema_version": 0,
          "private": "eyJlMmJmYjczMC1lY2FhLTExZTYtOGY4OC0zNDM2M2JjN2M0YzAiOnsiY3JlYXRlIjozMDAwMDAwMDAwMDAsInVwZGF0ZSI6MzAwMDAwMDAwMDAwfX0=",
          "dependencies": [
            "aws_lb.main",
            "aws_lb_target_group.gateway",
            "aws_security_group.alb",
            "aws_subnet.public",
            "aws_vpc.main",
            "data.aws_availability_zones.available"
          ]
        }
      ]
    },
    {
      "mode": "managed",
      "type": "aws_lb_listener_rule",
      "name": "ai_agents_dev",
      "provider": "provider[\"registry.terraform.io/hashicorp/aws\"]",
      "instances": [
        {
          "index_key": 0,
          "schema_version": 0,
          "attributes": {
            "action": [
              {
                "authenticate_cognito": [],
                "authenticate_oidc": [],
                "fixed_response": [],
                "forward": [],
                "order": 1,
                "redirect": [],
                "target_group_arn": "arn:aws:elasticloadbalancing:us-east-1:488675216463:targetgroup/dental-prod-ai-agents-tg/3f08a6fac184659f",
                "type": "forward"
              }
            ],
            "arn": "arn:aws:elasticloadbalancing:us-east-1:488675216463:listener-rule/app/dental-prod-alb/5949b1a56d8e9cd8/ad88cf550a45da02/d028e62d7b6e4bee",
            "condition": [
              {
                "host_header": [],
                "http_header": [],
                "http_request_method": [],
                "path_pattern": [
                  {
                    "values": [
                      "/agents/*",
                      "/ai/*"
                    ]
                  }
                ],
                "query_string": [],
                "source_ip": []
              }
            ],
            "id": "arn:aws:elasticloadbalancing:us-east-1:488675216463:listener-rule/app/dental-prod-alb/5949b1a56d8e9cd8/ad88cf550a45da02/d028e62d7b6e4bee",
            "listener_arn": "arn:aws:elasticloadbalancing:us-east-1:488675216463:listener/app/dental-prod-alb/5949b1a56d8e9cd8/ad88cf550a45da02",
            "priority": 100,
            "tags": {},
            "tags_all": {
              "Environment": "prod",
              "ManagedBy": "terraform",
              "Owner": "dental-clinic-team",
              "Project": "dental-clinic-ai"
            }
          },
          "sensitive_attributes": [],
          "identity_schema_version": 0,
          "private": "bnVsbA==",
          "dependencies": [
            "aws_lb.main",
            "aws_lb_listener.http_dev",
            "aws_lb_target_group.ai_agents",
            "aws_lb_target_group.gateway",
            "aws_security_group.alb",
            "aws_subnet.public",
            "aws_vpc.main",
            "data.aws_availability_zones.available"
          ]
        }
      ]
    },
    {
      "mode": "managed",
      "type": "aws_lb_target_group",
      "name": "ai_agents",
      "provider": "provider[\"registry.terraform.io/hashicorp/aws\"]",
      "instances": [
        {
          "schema_version": 0,
          "attributes": {
            "arn": "arn:aws:elasticloadbalancing:us-east-1:488675216463:targetgroup/dental-prod-ai-agents-tg/3f08a6fac184659f",
            "arn_suffix": "targetgroup/dental-prod-ai-agents-tg/3f08a6fac184659f",
            "connection_termination": null,
            "deregistration_delay": "300",
            "health_check": [
              {
                "enabled": true,
                "healthy_threshold": 2,
                "interval": 30,
                "matcher": "200",
                "path": "/health",
                "port": "traffic-port",
                "protocol": "HTTP",
                "timeout": 5,
                "unhealthy_threshold": 2
              }
            ],
            "id": "arn:aws:elasticloadbalancing:us-east-1:488675216463:targetgroup/dental-prod-ai-agents-tg/3f08a6fac184659f",
            "ip_address_type": "ipv4",
            "lambda_multi_value_headers_enabled": false,
            "load_balancer_arns": [
              "arn:aws:elasticloadbalancing:us-east-1:488675216463:loadbalancer/app/dental-prod-alb/5949b1a56d8e9cd8"
            ],
            "load_balancing_algorithm_type": "round_robin",
            "load_balancing_anomaly_mitigation": "off",
            "load_balancing_cross_zone_enabled": "use_load_balancer_configuration",
            "name": "dental-prod-ai-agents-tg",
            "name_prefix": "",
            "port": 8001,
            "preserve_client_ip": null,
            "protocol": "HTTP",
            "protocol_version": "HTTP1",
            "proxy_protocol_v2": false,
            "slow_start": 0,
            "stickiness": [
              {
                "cookie_duration": 86400,
                "cookie_name": "",
                "enabled": false,
                "type": "lb_cookie"
              }
            ],
            "tags": {
              "Environment": "prod",
              "ManagedBy": "terraform",
              "Name": "dental-prod-ai-agents-tg",
              "Project": "dental-clinic-ai"
            },
            "tags_all": {
              "Environment": "prod",
              "ManagedBy": "terraform",
              "Name": "dental-prod-ai-agents-tg",
              "Owner": "dental-clinic-team",
              "Project": "dental-clinic-ai"
            },
            "target_failover": [
              {
                "on_deregistration": null,
                "on_unhealthy": null
              }
            ],
            "target_group_health": [
              {
                "dns_failover": [
                  {
                    "minimum_healthy_targets_count": "1",
                    "minimum_healthy_targets_percentage": "off"
                  }
                ],
                "unhealthy_state_routing": [
                  {
                    "minimum_healthy_targets_count": 1,
                    "minimum_healthy_targets_percentage": "off"
                  }
                ]
              }
            ],
            "target_health_state": [
              {
                "enable_unhealthy_connection_termination": null,
                "unhealthy_draining_interval": null
              }
            ],
            "target_type": "ip",
            "vpc_id": "vpc-04fb294eb77c6b88f"
          },
          "sensitive_attributes": [],
          "identity_schema_version": 0,
          "private": "bnVsbA==",
          "dependencies": [
            "aws_vpc.main"
          ]
        }
      ]
    },
    {
      "mode": "managed",
      "type": "aws_lb_target_group",
      "name": "gateway",
      "provider": "provider[\"registry.terraform.io/hashicorp/aws\"]",
      "instances": [
        {
          "schema_version": 0,
          "attributes": {
            "arn": "arn:aws:elasticloadbalancing:us-east-1:488675216463:targetgroup/dental-prod-gateway-tg/cdea4ad2cccad3af",
            "arn_suffix": "targetgroup/dental-prod-gateway-tg/cdea4ad2cccad3af",
            "connection_termination": null,
            "deregistration_delay": "300",
            "health_check": [
              {
                "enabled": true,
                "healthy_threshold": 2,
                "interval": 30,
                "matcher": "200",
                "path": "/health",
                "port": "traffic-port",
                "protocol": "HTTP",
                "timeout": 5,
                "unhealthy_threshold": 2
              }
            ],
            "id": "arn:aws:elasticloadbalancing:us-east-1:488675216463:targetgroup/dental-prod-gateway-tg/cdea4ad2cccad3af",
            "ip_address_type": "ipv4",
            "lambda_multi_value_headers_enabled": false,
            "load_balancer_arns": [
              "arn:aws:elasticloadbalancing:us-east-1:488675216463:loadbalancer/app/dental-prod-alb/5949b1a56d8e9cd8"
            ],
            "load_balancing_algorithm_type": "round_robin",
            "load_balancing_anomaly_mitigation": "off",
            "load_balancing_cross_zone_enabled": "use_load_balancer_configuration",
            "name": "dental-prod-gateway-tg",
            "name_prefix": "",
            "port": 8000,
            "preserve_client_ip": null,
            "protocol": "HTTP",
            "protocol_version": "HTTP1",
            "proxy_protocol_v2": false,
            "slow_start": 0,
            "stickiness": [
              {
                "cookie_duration": 86400,
                "cookie_name": "",
                "enabled": false,
                "type": "lb_cookie"
              }
            ],
            "tags": {
              "Environment": "prod",
              "ManagedBy": "terraform",
              "Name": "dental-prod-gateway-tg",
              "Project": "dental-clinic-ai"
            },
            "tags_all": {
              "Environment": "prod",
              "ManagedBy": "terraform",
              "Name": "dental-prod-gateway-tg",
              "Owner": "dental-clinic-team",
              "Project": "dental-clinic-ai"
            },
            "target_failover": [
              {
                "on_deregistration": null,
                "on_unhealthy": null
              }
            ],
            "target_group_health": [
              {
                "dns_failover": [
                  {
                    "minimum_healthy_targets_count": "1",
                    "minimum_healthy_targets_percentage": "off"
                  }
                ],
                "unhealthy_state_routing": [
                  {
                    "minimum_healthy_targets_count": 1,
                    "minimum_healthy_targets_percentage": "off"
                  }
                ]
              }
            ],
            "target_health_state": [
              {
                "enable_unhealthy_connection_termination": null,
                "unhealthy_draining_interval": null
              }
            ],
            "target_type": "ip",
            "vpc_id": "vpc-04fb294eb77c6b88f"
          },
          "sensitive_attributes": [],
          "identity_schema_version": 0,
          "private": "bnVsbA==",
          "dependencies": [
            "aws_vpc.main"
          ]
        }
      ]
    },
    {
      "mode": "managed",
      "type": "aws_nat_gateway",
      "name": "main",
      "provider": "provider[\"registry.terraform.io/hashicorp/aws\"]",
      "instances": [
        {
          "index_key": 0,
          "schema_version": 0,
          "attributes": {
            "allocation_id": "eipalloc-05bf98afff66c4f35",
            "association_id": "eipassoc-05938de0230aad361",
            "connectivity_type": "public",
            "id": "nat-0edea5fca41063484",
            "network_interface_id": "eni-05c89ecb5f399e89f",
            "private_ip": "10.0.0.238",
            "public_ip": "34.233.70.164",
            "secondary_allocation_ids": [],
            "secondary_private_ip_address_count": 0,
            "secondary_private_ip_addresses": [],
            "subnet_id": "subnet-032b67803b53c760a",
            "tags": {
              "Environment": "prod",
              "ManagedBy": "terraform",
              "Name": "dental-prod-nat-1",
              "Project": "dental-clinic-ai"
            },
            "tags_all": {
              "Environment": "prod",
              "ManagedBy": "terraform",
              "Name": "dental-prod-nat-1",
              "Owner": "dental-clinic-team",
              "Project": "dental-clinic-ai"
            },
            "timeouts": null
          },
          "sensitive_attributes": [],
          "identity_schema_version": 0,
          "private": "eyJlMmJmYjczMC1lY2FhLTExZTYtOGY4OC0zNDM2M2JjN2M0YzAiOnsiY3JlYXRlIjo2MDAwMDAwMDAwMDAsImRlbGV0ZSI6MTgwMDAwMDAwMDAwMCwidXBkYXRlIjo2MDAwMDAwMDAwMDB9fQ==",
          "dependencies": [
            "aws_eip.nat",
            "aws_internet_gateway.main",
            "aws_subnet.public",
            "aws_vpc.main",
            "data.aws_availability_zones.available"
          ]
        },
        {
          "index_key": 1,
          "schema_version": 0,
          "attributes": {
            "allocation_id": "eipalloc-066f0647dc4d8befd",
            "association_id": "eipassoc-0552d52a3942f6223",
            "connectivity_type": "public",
            "id": "nat-01c928e7c78da405f",
            "network_interface_id": "eni-02c126970e0174aea",
            "private_ip": "10.0.1.64",
            "public_ip": "98.87.95.4",
            "secondary_allocation_ids": [],
            "secondary_private_ip_address_count": 0,
            "secondary_private_ip_addresses": [],
            "subnet_id": "subnet-0cf108ad65fa45f1e",
            "tags": {
              "Environment": "prod",
              "ManagedBy": "terraform",
              "Name": "dental-prod-nat-2",
              "Project": "dental-clinic-ai"
            },
            "tags_all": {
              "Environment": "prod",
              "ManagedBy": "terraform",
              "Name": "dental-prod-nat-2",
              "Owner": "dental-clinic-team",
              "Project": "dental-clinic-ai"
            },
            "timeouts": null
          },
          "sensitive_attributes": [],
          "identity_schema_version": 0,
          "private": "eyJlMmJmYjczMC1lY2FhLTExZTYtOGY4OC0zNDM2M2JjN2M0YzAiOnsiY3JlYXRlIjo2MDAwMDAwMDAwMDAsImRlbGV0ZSI6MTgwMDAwMDAwMDAwMCwidXBkYXRlIjo2MDAwMDAwMDAwMDB9fQ==",
          "dependencies": [
            "aws_eip.nat",
            "aws_internet_gateway.main",
            "aws_subnet.public",
            "aws_vpc.main",
            "data.aws_availability_zones.available"
          ]
        }
      ]
    },
    {
      "mode": "managed",
      "type": "aws_route_table",
      "name": "database",
      "provider": "provider[\"registry.terraform.io/hashicorp/aws\"]",
      "instances": [
        {
          "schema_version": 0,
          "attributes": {
            "arn": "arn:aws:ec2:us-east-1:488675216463:route-table/rtb-0081ffd618ecdb379",
            "id": "rtb-0081ffd618ecdb379",
            "owner_id": "488675216463",
            "propagating_vgws": [],
            "route": [],
            "tags": {
              "Environment": "prod",
              "ManagedBy": "terraform",
              "Name": "dental-prod-database-rt",
              "Project": "dental-clinic-ai"
            },
            "tags_all": {
              "Environment": "prod",
              "ManagedBy": "terraform",
              "Name": "dental-prod-database-rt",
              "Owner": "dental-clinic-team",
              "Project": "dental-clinic-ai"
            },
            "timeouts": null,
            "vpc_id": "vpc-04fb294eb77c6b88f"
          },
          "sensitive_attributes": [],
          "identity_schema_version": 0,
          "private": "eyJlMmJmYjczMC1lY2FhLTExZTYtOGY4OC0zNDM2M2JjN2M0YzAiOnsiY3JlYXRlIjozMDAwMDAwMDAwMDAsImRlbGV0ZSI6MzAwMDAwMDAwMDAwLCJ1cGRhdGUiOjEyMDAwMDAwMDAwMH19",
          "dependencies": [
            "aws_vpc.main"
          ]
        }
      ]
    },
    {
      "mode": "managed",
      "type": "aws_route_table",
      "name": "private",
      "provider": "provider[\"registry.terraform.io/hashicorp/aws\"]",
      "instances": [
        {
          "index_key": 0,
          "schema_version": 0,
          "attributes": {
            "arn": "arn:aws:ec2:us-east-1:488675216463:route-table/rtb-04984e338c7b33ebb",
            "id": "rtb-04984e338c7b33ebb",
            "owner_id": "488675216463",
            "propagating_vgws": [],
            "route": [
              {
                "carrier_gateway_id": "",
                "cidr_block": "0.0.0.0/0",
                "core_network_arn": "",
                "destination_prefix_list_id": "",
                "egress_only_gateway_id": "",
                "gateway_id": "",
                "ipv6_cidr_block": "",
                "local_gateway_id": "",
                "nat_gateway_id": "nat-0edea5fca41063484",
                "network_interface_id": "",
                "transit_gateway_id": "",
                "vpc_endpoint_id": "",
                "vpc_peering_connection_id": ""
              }
            ],
            "tags": {
              "Environment": "prod",
              "ManagedBy": "terraform",
              "Name": "dental-prod-private-rt-1",
              "Project": "dental-clinic-ai"
            },
            "tags_all": {
              "Environment": "prod",
              "ManagedBy": "terraform",
              "Name": "dental-prod-private-rt-1",
              "Owner": "dental-clinic-team",
              "Project": "dental-clinic-ai"
            },
            "timeouts": null,
            "vpc_id": "vpc-04fb294eb77c6b88f"
          },
          "sensitive_attributes": [],
          "identity_schema_version": 0,
          "private": "eyJlMmJmYjczMC1lY2FhLTExZTYtOGY4OC0zNDM2M2JjN2M0YzAiOnsiY3JlYXRlIjozMDAwMDAwMDAwMDAsImRlbGV0ZSI6MzAwMDAwMDAwMDAwLCJ1cGRhdGUiOjEyMDAwMDAwMDAwMH19",
          "dependencies": [
            "aws_eip.nat",
            "aws_internet_gateway.main",
            "aws_nat_gateway.main",
            "aws_subnet.public",
            "aws_vpc.main",
            "data.aws_availability_zones.available"
          ]
        },
        {
          "index_key": 1,
          "schema_version": 0,
          "attributes": {
            "arn": "arn:aws:ec2:us-east-1:488675216463:route-table/rtb-05eedd2faebdf5323",
            "id": "rtb-05eedd2faebdf5323",
            "owner_id": "488675216463",
            "propagating_vgws": [],
            "route": [
              {
                "carrier_gateway_id": "",
                "cidr_block": "0.0.0.0/0",
                "core_network_arn": "",
                "destination_prefix_list_id": "",
                "egress_only_gateway_id": "",
                "gateway_id": "",
                "ipv6_cidr_block": "",
                "local_gateway_id": "",
                "nat_gateway_id": "nat-01c928e7c78da405f",
                "network_interface_id": "",
                "transit_gateway_id": "",
                "vpc_endpoint_id": "",
                "vpc_peering_connection_id": ""
              }
            ],
            "tags": {
              "Environment": "prod",
              "ManagedBy": "terraform",
              "Name": "dental-prod-private-rt-2",
              "Project": "dental-clinic-ai"
            },
            "tags_all": {
              "Environment": "prod",
              "ManagedBy": "terraform",
              "Name": "dental-prod-private-rt-2",
              "Owner": "dental-clinic-team",
              "Project": "dental-clinic-ai"
            },
            "timeouts": null,
            "vpc_id": "vpc-04fb294eb77c6b88f"
          },
          "sensitive_attributes": [],
          "identity_schema_version": 0,
          "private": "eyJlMmJmYjczMC1lY2FhLTExZTYtOGY4OC0zNDM2M2JjN2M0YzAiOnsiY3JlYXRlIjozMDAwMDAwMDAwMDAsImRlbGV0ZSI6MzAwMDAwMDAwMDAwLCJ1cGRhdGUiOjEyMDAwMDAwMDAwMH19",
          "dependencies": [
            "aws_eip.nat",
            "aws_internet_gateway.main",
            "aws_nat_gateway.main",
            "aws_subnet.public",
            "aws_vpc.main",
            "data.aws_availability_zones.available"
          ]
        }
      ]
    },
    {
      "mode": "managed",
      "type": "aws_route_table",
      "name": "public",
      "provider": "provider[\"registry.terraform.io/hashicorp/aws\"]",
      "instances": [
        {
          "schema_version": 0,
          "attributes": {
            "arn": "arn:aws:ec2:us-east-1:488675216463:route-table/rtb-0ecb4afbb1d65b60e",
            "id": "rtb-0ecb4afbb1d65b60e",
            "owner_id": "488675216463",
            "propagating_vgws": [],
            "route": [
              {
                "carrier_gateway_id": "",
                "cidr_block": "0.0.0.0/0",
                "core_network_arn": "",
                "destination_prefix_list_id": "",
                "egress_only_gateway_id": "",
                "gateway_id": "igw-0ff3126a5c10d852c",
                "ipv6_cidr_block": "",
                "local_gateway_id": "",
                "nat_gateway_id": "",
                "network_interface_id": "",
                "transit_gateway_id": "",
                "vpc_endpoint_id": "",
                "vpc_peering_connection_id": ""
              }
            ],
            "tags": {
              "Environment": "prod",
              "ManagedBy": "terraform",
              "Name": "dental-prod-public-rt",
              "Project": "dental-clinic-ai"
            },
            "tags_all": {
              "Environment": "prod",
              "ManagedBy": "terraform",
              "Name": "dental-prod-public-rt",
              "Owner": "dental-clinic-team",
              "Project": "dental-clinic-ai"
            },
            "timeouts": null,
            "vpc_id": "vpc-04fb294eb77c6b88f"
          },
          "sensitive_attributes": [],
          "identity_schema_version": 0,
          "private": "eyJlMmJmYjczMC1lY2FhLTExZTYtOGY4OC0zNDM2M2JjN2M0YzAiOnsiY3JlYXRlIjozMDAwMDAwMDAwMDAsImRlbGV0ZSI6MzAwMDAwMDAwMDAwLCJ1cGRhdGUiOjEyMDAwMDAwMDAwMH19",
          "dependencies": [
            "aws_internet_gateway.main",
            "aws_vpc.main"
          ]
        }
      ]
    },
    {
      "mode": "managed",
      "type": "aws_route_table_association",
      "name": "database",
      "provider": "provider[\"registry.terraform.io/hashicorp/aws\"]",
      "instances": [
        {
          "index_key": 0,
          "schema_version": 0,
          "attributes": {
            "gateway_id": "",
            "id": "rtbassoc-05ed6c8a087c68f79",
            "route_table_id": "rtb-0081ffd618ecdb379",
            "subnet_id": "subnet-01845b0b64af784f1",
            "timeouts": null
          },
          "sensitive_attributes": [],
          "identity_schema_version": 0,
          "private": "eyJlMmJmYjczMC1lY2FhLTExZTYtOGY4OC0zNDM2M2JjN2M0YzAiOnsiY3JlYXRlIjozMDAwMDAwMDAwMDAsImRlbGV0ZSI6MzAwMDAwMDAwMDAwLCJ1cGRhdGUiOjEyMDAwMDAwMDAwMH19",
          "dependencies": [
            "aws_route_table.database",
            "aws_subnet.database",
            "aws_vpc.main",
            "data.aws_availability_zones.available"
          ]
        },
        {
          "index_key": 1,
          "schema_version": 0,
          "attributes": {
            "gateway_id": "",
            "id": "rtbassoc-0fcd8ab3a8cbe0123",
            "route_table_id": "rtb-0081ffd618ecdb379",
            "subnet_id": "subnet-05f23c9449ad7c11e",
            "timeouts": null
          },
          "sensitive_attributes": [],
          "identity_schema_version": 0,
          "private": "eyJlMmJmYjczMC1lY2FhLTExZTYtOGY4OC0zNDM2M2JjN2M0YzAiOnsiY3JlYXRlIjozMDAwMDAwMDAwMDAsImRlbGV0ZSI6MzAwMDAwMDAwMDAwLCJ1cGRhdGUiOjEyMDAwMDAwMDAwMH19",
          "dependencies": [
            "aws_route_table.database",
            "aws_subnet.database",
            "aws_vpc.main",
            "data.aws_availability_zones.available"
          ]
        }
      ]
    },
    {
      "mode": "managed",
      "type": "aws_route_table_association",
      "name": "private",
      "provider": "provider[\"registry.terraform.io/hashicorp/aws\"]",
      "instances": [
        {
          "index_key": 0,
          "schema_version": 0,
          "attributes": {
            "gateway_id": "",
            "id": "rtbassoc-0e6fb162978fe36be",
            "route_table_id": "rtb-04984e338c7b33ebb",
            "subnet_id": "subnet-0a43c0902bc7f09eb",
            "timeouts": null
          },
          "sensitive_attributes": [],
          "identity_schema_version": 0,
          "private": "eyJlMmJmYjczMC1lY2FhLTExZTYtOGY4OC0zNDM2M2JjN2M0YzAiOnsiY3JlYXRlIjozMDAwMDAwMDAwMDAsImRlbGV0ZSI6MzAwMDAwMDAwMDAwLCJ1cGRhdGUiOjEyMDAwMDAwMDAwMH19",
          "dependencies": [
            "aws_eip.nat",
            "aws_internet_gateway.main",
            "aws_nat_gateway.main",
            "aws_route_table.private",
            "aws_subnet.private",
            "aws_subnet.public",
            "aws_vpc.main",
            "data.aws_availability_zones.available"
          ]
        },
        {
          "index_key": 1,
          "schema_version": 0,
          "attributes": {
            "gateway_id": "",
            "id": "rtbassoc-043cc0b2bd12ec433",
            "route_table_id": "rtb-05eedd2faebdf5323",
            "subnet_id": "subnet-03981f48ddb7cef8d",
            "timeouts": null
          },
          "sensitive_attributes": [],
          "identity_schema_version": 0,
          "private": "eyJlMmJmYjczMC1lY2FhLTExZTYtOGY4OC0zNDM2M2JjN2M0YzAiOnsiY3JlYXRlIjozMDAwMDAwMDAwMDAsImRlbGV0ZSI6MzAwMDAwMDAwMDAwLCJ1cGRhdGUiOjEyMDAwMDAwMDAwMH19",
          "dependencies": [
            "aws_eip.nat",
            "aws_internet_gateway.main",
            "aws_nat_gateway.main",
            "aws_route_table.private",
            "aws_subnet.private",
            "aws_subnet.public",
            "aws_vpc.main",
            "data.aws_availability_zones.available"
          ]
        }
      ]
    },
    {
      "mode": "managed",
      "type": "aws_route_table_association",
      "name": "public",
      "provider": "provider[\"registry.terraform.io/hashicorp/aws\"]",
      "instances": [
        {
          "index_key": 0,
          "schema_version": 0,
          "attributes": {
            "gateway_id": "",
            "id": "rtbassoc-0168cbf447aeff2f3",
            "route_table_id": "rtb-0ecb4afbb1d65b60e",
            "subnet_id": "subnet-032b67803b53c760a",
            "timeouts": null
          },
          "sensitive_attributes": [],
          "identity_schema_version": 0,
          "private": "eyJlMmJmYjczMC1lY2FhLTExZTYtOGY4OC0zNDM2M2JjN2M0YzAiOnsiY3JlYXRlIjozMDAwMDAwMDAwMDAsImRlbGV0ZSI6MzAwMDAwMDAwMDAwLCJ1cGRhdGUiOjEyMDAwMDAwMDAwMH19",
          "dependencies": [
            "aws_internet_gateway.main",
            "aws_route_table.public",
            "aws_subnet.public",
            "aws_vpc.main",
            "data.aws_availability_zones.available"
          ]
        },
        {
          "index_key": 1,
          "schema_version": 0,
          "attributes": {
            "gateway_id": "",
            "id": "rtbassoc-06104edd7259a8cee",
            "route_table_id": "rtb-0ecb4afbb1d65b60e",
            "subnet_id": "subnet-0cf108ad65fa45f1e",
            "timeouts": null
          },
          "sensitive_attributes": [],
          "identity_schema_version": 0,
          "private": "eyJlMmJmYjczMC1lY2FhLTExZTYtOGY4OC0zNDM2M2JjN2M0YzAiOnsiY3JlYXRlIjozMDAwMDAwMDAwMDAsImRlbGV0ZSI6MzAwMDAwMDAwMDAwLCJ1cGRhdGUiOjEyMDAwMDAwMDAwMH19",
          "dependencies": [
            "aws_internet_gateway.main",
            "aws_route_table.public",
            "aws_subnet.public",
            "aws_vpc.main",
            "data.aws_availability_zones.available"
          ]
        }
      ]
    },
    {
      "mode": "managed",
      "type": "aws_secretsmanager_secret",
      "name": "app_config",
      "provider": "provider[\"registry.terraform.io/hashicorp/aws\"]",
      "instances": [
        {
          "schema_version": 0,
          "attributes": {
            "arn": "arn:aws:secretsmanager:us-east-1:488675216463:secret:dental-prod/app/config-mpR7st",
            "description": "Application configuration secrets",
            "force_overwrite_replica_secret": false,
            "id": "arn:aws:secretsmanager:us-east-1:488675216463:secret:dental-prod/app/config-mpR7st",
            "kms_key_id": "arn:aws:kms:us-east-1:488675216463:key/7298660a-dae6-43ba-9870-47365a9d161e",
            "name": "dental-prod/app/config",
            "name_prefix": "",
            "policy": "",
            "recovery_window_in_days": 7,
            "replica": [],
            "tags": {
              "Environment": "prod",
              "ManagedBy": "terraform",
              "Name": "dental-prod-app-config",
              "Project": "dental-clinic-ai"
            },
            "tags_all": {
              "Environment": "prod",
              "ManagedBy": "terraform",
              "Name": "dental-prod-app-config",
              "Owner": "dental-clinic-team",
              "Project": "dental-clinic-ai"
            }
          },
          "sensitive_attributes": [],
          "identity_schema_version": 0,
          "private": "bnVsbA==",
          "dependencies": [
            "aws_kms_key.secrets"
          ]
        }
      ]
    },
    {
      "mode": "managed",
      "type": "aws_secretsmanager_secret",
      "name": "db_credentials",
      "provider": "provider[\"registry.terraform.io/hashicorp/aws\"]",
      "instances": [
        {
          "schema_version": 0,
          "attributes": {
            "arn": "arn:aws:secretsmanager:us-east-1:488675216463:secret:dental-prod/database/credentials-JpJByt",
            "description": "Database master credentials",
            "force_overwrite_replica_secret": false,
            "id": "arn:aws:secretsmanager:us-east-1:488675216463:secret:dental-prod/database/credentials-JpJByt",
            "kms_key_id": "arn:aws:kms:us-east-1:488675216463:key/7298660a-dae6-43ba-9870-47365a9d161e",
            "name": "dental-prod/database/credentials",
            "name_prefix": "",
            "policy": "",
            "recovery_window_in_days": 7,
            "replica": [],
            "tags": {
              "Environment": "prod",
              "ManagedBy": "terraform",
              "Name": "dental-prod-db-credentials",
              "Project": "dental-clinic-ai"
            },
            "tags_all": {
              "Environment": "prod",
              "ManagedBy": "terraform",
              "Name": "dental-prod-db-credentials",
              "Owner": "dental-clinic-team",
              "Project": "dental-clinic-ai"
            }
          },
          "sensitive_attributes": [],
          "identity_schema_version": 0,
          "private": "bnVsbA==",
          "dependencies": [
            "aws_kms_key.secrets"
          ]
        }
      ]
    },
    {
      "mode": "managed",
      "type": "aws_secretsmanager_secret",
      "name": "google_credentials",
      "provider": "provider[\"registry.terraform.io/hashicorp/aws\"]",
      "instances": [
        {
          "schema_version": 0,
          "attributes": {
            "arn": "arn:aws:secretsmanager:us-east-1:488675216463:secret:dental-prod/google/credentials-UnFP5t",
            "description": "Google API credentials for various Google services",
            "force_overwrite_replica_secret": false,
            "id": "arn:aws:secretsmanager:us-east-1:488675216463:secret:dental-prod/google/credentials-UnFP5t",
            "kms_key_id": "arn:aws:kms:us-east-1:488675216463:key/7298660a-dae6-43ba-9870-47365a9d161e",
            "name": "dental-prod/google/credentials",
            "name_prefix": "",
            "policy": "",
            "recovery_window_in_days": 7,
            "replica": [],
            "tags": {
              "Environment": "prod",
              "ManagedBy": "terraform",
              "Name": "dental-prod-google-credentials",
              "Project": "dental-clinic-ai"
            },
            "tags_all": {
              "Environment": "prod",
              "ManagedBy": "terraform",
              "Name": "dental-prod-google-credentials",
              "Owner": "dental-clinic-team",
              "Project": "dental-clinic-ai"
            }
          },
          "sensitive_attributes": [],
          "identity_schema_version": 0,
          "private": "bnVsbA==",
          "dependencies": [
            "aws_kms_key.secrets"
          ]
        }
      ]
    },
    {
      "mode": "managed",
      "type": "aws_secretsmanager_secret",
      "name": "openai_api_key",
      "provider": "provider[\"registry.terraform.io/hashicorp/aws\"]",
      "instances": [
        {
          "schema_version": 0,
          "attributes": {
            "arn": "arn:aws:secretsmanager:us-east-1:488675216463:secret:dental-prod/openai/api-key-Cr7efu",
            "description": "OpenAI API key for AI services",
            "force_overwrite_replica_secret": false,
            "id": "arn:aws:secretsmanager:us-east-1:488675216463:secret:dental-prod/openai/api-key-Cr7efu",
            "kms_key_id": "arn:aws:kms:us-east-1:488675216463:key/7298660a-dae6-43ba-9870-47365a9d161e",
            "name": "dental-prod/openai/api-key",
            "name_prefix": "",
            "policy": "",
            "recovery_window_in_days": 7,
            "replica": [],
            "tags": {
              "Environment": "prod",
              "ManagedBy": "terraform",
              "Name": "dental-prod-openai-key",
              "Project": "dental-clinic-ai"
            },
            "tags_all": {
              "Environment": "prod",
              "ManagedBy": "terraform",
              "Name": "dental-prod-openai-key",
              "Owner": "dental-clinic-team",
              "Project": "dental-clinic-ai"
            }
          },
          "sensitive_attributes": [],
          "identity_schema_version": 0,
          "private": "bnVsbA==",
          "dependencies": [
            "aws_kms_key.secrets"
          ]
        }
      ]
    },
    {
      "mode": "managed",
      "type": "aws_secretsmanager_secret",
      "name": "telegram_credentials",
      "provider": "provider[\"registry.terraform.io/hashicorp/aws\"]",
      "instances": [
        {
          "schema_version": 0,
          "attributes": {
            "arn": "arn:aws:secretsmanager:us-east-1:488675216463:secret:dental-prod/telegram/credentials-Cr7efu",
            "description": "Telegram bot credentials",
            "force_overwrite_replica_secret": false,
            "id": "arn:aws:secretsmanager:us-east-1:488675216463:secret:dental-prod/telegram/credentials-Cr7efu",
            "kms_key_id": "arn:aws:kms:us-east-1:488675216463:key/7298660a-dae6-43ba-9870-47365a9d161e",
            "name": "dental-prod/telegram/credentials",
            "name_prefix": "",
            "policy": "",
            "recovery_window_in_days": 7,
            "replica": [],
            "tags": {
              "Environment": "prod",
              "ManagedBy": "terraform",
              "Name": "dental-prod-telegram-credentials",
              "Project": "dental-clinic-ai"
            },
            "tags_all": {
              "Environment": "prod",
              "ManagedBy": "terraform",
              "Name": "dental-prod-telegram-credentials",
              "Owner": "dental-clinic-team",
              "Project": "dental-clinic-ai"
            }
          },
          "sensitive_attributes": [],
          "identity_schema_version": 0,
          "private": "bnVsbA==",
          "dependencies": [
            "aws_kms_key.secrets"
          ]
        }
      ]
    },
    {
      "mode": "managed",
      "type": "aws_secretsmanager_secret",
      "name": "whatsapp_credentials",
      "provider": "provider[\"registry.terraform.io/hashicorp/aws\"]",
      "instances": [
        {
          "schema_version": 0,
          "attributes": {
            "arn": "arn:aws:secretsmanager:us-east-1:488675216463:secret:dental-prod/whatsapp/credentials-mpR7st",
            "description": "WhatsApp webhook credentials",
            "force_overwrite_replica_secret": false,
            "id": "arn:aws:secretsmanager:us-east-1:488675216463:secret:dental-prod/whatsapp/credentials-mpR7st",
            "kms_key_id": "arn:aws:kms:us-east-1:488675216463:key/7298660a-dae6-43ba-9870-47365a9d161e",
            "name": "dental-prod/whatsapp/credentials",
            "name_prefix": "",
            "policy": "",
            "recovery_window_in_days": 7,
            "replica": [],
            "tags": {
              "Environment": "prod",
              "ManagedBy": "terraform",
              "Name": "dental-prod-whatsapp-credentials",
              "Project": "dental-clinic-ai"
            },
            "tags_all": {
              "Environment": "prod",
              "ManagedBy": "terraform",
              "Name": "dental-prod-whatsapp-credentials",
              "Owner": "dental-clinic-team",
              "Project": "dental-clinic-ai"
            }
          },
          "sensitive_attributes": [],
          "identity_schema_version": 0,
          "private": "bnVsbA==",
          "dependencies": [
            "aws_kms_key.secrets"
          ]
        }
      ]
    },
    {
      "mode": "managed",
      "type": "aws_secretsmanager_secret_version",
      "name": "app_config",
      "provider": "provider[\"registry.terraform.io/hashicorp/aws\"]",
      "instances": [
        {
          "schema_version": 0,
          "attributes": {
            "arn": "arn:aws:secretsmanager:us-east-1:488675216463:secret:dental-prod/app/config-mpR7st",
            "has_secret_string_wo": null,
            "id": "arn:aws:secretsmanager:us-east-1:488675216463:secret:dental-prod/app/config-mpR7st|terraform-2025092707084443220000000f",
            "secret_binary": "",
            "secret_id": "arn:aws:secretsmanager:us-east-1:488675216463:secret:dental-prod/app/config-mpR7st",
            "secret_string": "{\"encryption_key\":\"fg6u34W0vvgu4FUmUYT71RJMKXPbt4ep\",\"jwt_secret_key\":\"HvYOZsO[=cZP-@*5sl7*)lNxHJ(uf%d*}QnySW4(Qzd$_[sKBKmX@l]41sviY*5#\",\"session_secret\":\"M9P:?04:f(wl3]AtLKaR\\u003eiQQ\\u0026]+88:vu\",\"webhook_secret\":\"6Q*fgFlGjeB]QW)7Yh]KjCq5rjr_WF)B\"}",
            "secret_string_wo": null,
            "secret_string_wo_version": null,
            "version_id": "terraform-2025092707084443220000000f",
            "version_stages": [
              "AWSCURRENT"
            ]
          },
          "sensitive_attributes": [
            [
              {
                "type": "get_attr",
                "value": "secret_binary"
              }
            ],
            [
              {
                "type": "get_attr",
                "value": "secret_string"
              }
            ],
            [
              {
                "type": "get_attr",
                "value": "secret_string_wo"
              }
            ]
          ],
          "identity_schema_version": 0,
          "private": "bnVsbA==",
          "dependencies": [
            "aws_kms_key.secrets",
            "aws_secretsmanager_secret.app_config",
            "random_password.encryption_key",
            "random_password.jwt_secret",
            "random_password.session_secret",
            "random_password.webhook_secret"
          ]
        }
      ]
    },
    {
      "mode": "managed",
      "type": "aws_secretsmanager_secret_version",
      "name": "db_credentials",
      "provider": "provider[\"registry.terraform.io/hashicorp/aws\"]",
      "instances": [
        {
          "schema_version": 0,
          "attributes": {
            "arn": "arn:aws:secretsmanager:us-east-1:488675216463:secret:dental-prod/database/credentials-JpJByt",
            "has_secret_string_wo": null,
            "id": "arn:aws:secretsmanager:us-east-1:488675216463:secret:dental-prod/database/credentials-JpJByt|terraform-2025092707084440630000000a",
            "secret_binary": "",
            "secret_id": "arn:aws:secretsmanager:us-east-1:488675216463:secret:dental-prod/database/credentials-JpJByt",
            "secret_string": "{\"password\":\"Jr?lRY0N-OLQz%Z5\",\"username\":\"admin\"}",
            "secret_string_wo": null,
            "secret_string_wo_version": null,
            "version_id": "terraform-2025092707084440630000000a",
            "version_stages": [
              "AWSCURRENT"
            ]
          },
          "sensitive_attributes": [
            [
              {
                "type": "get_attr",
                "value": "secret_binary"
              }
            ],
            [
              {
                "type": "get_attr",
                "value": "secret_string"
              }
            ],
            [
              {
                "type": "get_attr",
                "value": "secret_string_wo"
              }
            ]
          ],
          "identity_schema_version": 0,
          "private": "bnVsbA==",
          "dependencies": [
            "aws_kms_key.secrets",
            "aws_secretsmanager_secret.db_credentials",
            "random_password.db_password"
          ]
        }
      ]
    },
    {
      "mode": "managed",
      "type": "aws_secretsmanager_secret_version",
      "name": "google_credentials",
      "provider": "provider[\"registry.terraform.io/hashicorp/aws\"]",
      "instances": [
        {
          "schema_version": 0,
          "attributes": {
            "arn": "arn:aws:secretsmanager:us-east-1:488675216463:secret:dental-prod/google/credentials-UnFP5t",
            "has_secret_string_wo": null,
            "id": "arn:aws:secretsmanager:us-east-1:488675216463:secret:dental-prod/google/credentials-UnFP5t|terraform-2025092707084440840000000b",
            "secret_binary": "",
            "secret_id": "arn:aws:secretsmanager:us-east-1:488675216463:secret:dental-prod/google/credentials-UnFP5t",
            "secret_string": "{\"api_key\":\"\",\"client_id\":\"\",\"client_secret\":\"\",\"maps_api_key\":\"\",\"project_id\":\"\",\"service_account_key\":\"\",\"speech_api_key\":\"\",\"translate_api_key\":\"\"}",
            "secret_string_wo": null,
            "secret_string_wo_version": null,
            "version_id": "terraform-2025092707084440840000000b",
            "version_stages": [
              "AWSCURRENT"
            ]
          },
          "sensitive_attributes": [
            [
              {
                "type": "get_attr",
                "value": "secret_binary"
              }
            ],
            [
              {
                "type": "get_attr",
                "value": "secret_string"
              }
            ],
            [
              {
                "type": "get_attr",
                "value": "secret_string_wo"
              }
            ]
          ],
          "identity_schema_version": 0,
          "private": "bnVsbA==",
          "dependencies": [
            "aws_kms_key.secrets",
            "aws_secretsmanager_secret.google_credentials"
          ]
        }
      ]
    },
    {
      "mode": "managed",
      "type": "aws_secretsmanager_secret_version",
      "name": "openai_api_key",
      "provider": "provider[\"registry.terraform.io/hashicorp/aws\"]",
      "instances": [
        {
          "schema_version": 0,
          "attributes": {
            "arn": "arn:aws:secretsmanager:us-east-1:488675216463:secret:dental-prod/openai/api-key-Cr7efu",
            "has_secret_string_wo": null,
            "id": "arn:aws:secretsmanager:us-east-1:488675216463:secret:dental-prod/openai/api-key-Cr7efu|terraform-2025092707084440880000000c",
            "secret_binary": "",
            "secret_id": "arn:aws:secretsmanager:us-east-1:488675216463:secret:dental-prod/openai/api-key-Cr7efu",
            "secret_string": "{\"api_key\":\"\"}",
            "secret_string_wo": null,
            "secret_string_wo_version": null,
            "version_id": "terraform-2025092707084440880000000c",
            "version_stages": [
              "AWSCURRENT"
            ]
          },
          "sensitive_attributes": [
            [
              {
                "type": "get_attr",
                "value": "secret_binary"
              }
            ],
            [
              {
                "type": "get_attr",
                "value": "secret_string"
              }
            ],
            [
              {
                "type": "get_attr",
                "value": "secret_string_wo"
              }
            ]
          ],
          "identity_schema_version": 0,
          "private": "bnVsbA==",
          "dependencies": [
            "aws_kms_key.secrets",
            "aws_secretsmanager_secret.openai_api_key"
          ]
        }
      ]
    },
    {
      "mode": "managed",
      "type": "aws_secretsmanager_secret_version",
      "name": "telegram_credentials",
      "provider": "provider[\"registry.terraform.io/hashicorp/aws\"]",
      "instances": [
        {
          "schema_version": 0,
          "attributes": {
            "arn": "arn:aws:secretsmanager:us-east-1:488675216463:secret:dental-prod/telegram/credentials-Cr7efu",
            "has_secret_string_wo": null,
            "id": "arn:aws:secretsmanager:us-east-1:488675216463:secret:dental-prod/telegram/credentials-Cr7efu|terraform-2025092707084443120000000e",
            "secret_binary": "",
            "secret_id": "arn:aws:secretsmanager:us-east-1:488675216463:secret:dental-prod/telegram/credentials-Cr7efu",
            "secret_string": "{\"bot_token\":\"\",\"webhook_secret\":\"RKo#H%HgB7}$PIY1{Nhxu)eSr_LG[PEw\"}",
            "secret_string_wo": null,
            "secret_string_wo_version": null,
            "version_id": "terraform-2025092707084443120000000e",
            "version_stages": [
              "AWSCURRENT"
            ]
          },
          "sensitive_attributes": [
            [
              {
                "type": "get_attr",
                "value": "secret_binary"
              }
            ],
            [
              {
                "type": "get_attr",
                "value": "secret_string"
              }
            ],
            [
              {
                "type": "get_attr",
                "value": "secret_string_wo"
              }
            ]
          ],
          "identity_schema_version": 0,
          "private": "bnVsbA==",
          "dependencies": [
            "aws_kms_key.secrets",
            "aws_secretsmanager_secret.telegram_credentials",
            "random_password.telegram_webhook_secret"
          ]
        }
      ]
    },
    {
      "mode": "managed",
      "type": "aws_secretsmanager_secret_version",
      "name": "whatsapp_credentials",
      "provider": "provider[\"registry.terraform.io/hashicorp/aws\"]",
      "instances": [
        {
          "schema_version": 0,
          "attributes": {
            "arn": "arn:aws:secretsmanager:us-east-1:488675216463:secret:dental-prod/whatsapp/credentials-mpR7st",
            "has_secret_string_wo": null,
            "id": "arn:aws:secretsmanager:us-east-1:488675216463:secret:dental-prod/whatsapp/credentials-mpR7st|terraform-2025092707084441670000000d",
            "secret_binary": "",
            "secret_id": "arn:aws:secretsmanager:us-east-1:488675216463:secret:dental-prod/whatsapp/credentials-mpR7st",
            "secret_string": "{\"app_secret\":\"a$5Jr70l@\\u0026$V:h{-tT{QjFvPH?{W\\u003es%B\",\"verify_token\":\"wr6oJeXmQF5x2oBl693VCGcnJpcezvQH\",\"webhook_token\":\"\"}",
            "secret_string_wo": null,
            "secret_string_wo_version": null,
            "version_id": "terraform-2025092707084441670000000d",
            "version_stages": [
              "AWSCURRENT"
            ]
          },
          "sensitive_attributes": [
            [
              {
                "type": "get_attr",
                "value": "secret_binary"
              }
            ],
            [
              {
                "type": "get_attr",
                "value": "secret_string"
              }
            ],
            [
              {
                "type": "get_attr",
                "value": "secret_string_wo"
              }
            ]
          ],
          "identity_schema_version": 0,
          "private": "bnVsbA==",
          "dependencies": [
            "aws_kms_key.secrets",
            "aws_secretsmanager_secret.whatsapp_credentials",
            "random_password.whatsapp_app_secret",
            "random_password.whatsapp_verify_token"
          ]
        }
      ]
    },
    {
      "mode": "managed",
      "type": "aws_security_group",
      "name": "alb",
      "provider": "provider[\"registry.terraform.io/hashicorp/aws\"]",
      "instances": [
        {
          "schema_version": 1,
          "attributes": {
            "arn": "arn:aws:ec2:us-east-1:488675216463:security-group/sg-00c73b0ebfa0f8180",
            "description": "Security group for Application Load Balancer",
            "egress": [
              {
                "cidr_blocks": [
                  "0.0.0.0/0"
                ],
                "description": "",
                "from_port": 0,
                "ipv6_cidr_blocks": [],
                "prefix_list_ids": [],
                "protocol": "-1",
                "security_groups": [],
                "self": false,
                "to_port": 0
              }
            ],
            "id": "sg-00c73b0ebfa0f8180",
            "ingress": [
              {
                "cidr_blocks": [
                  "0.0.0.0/0"
                ],
                "description": "HTTP",
                "from_port": 80,
                "ipv6_cidr_blocks": [],
                "prefix_list_ids": [],
                "protocol": "tcp",
                "security_groups": [],
                "self": false,
                "to_port": 80
              },
              {
                "cidr_blocks": [
                  "0.0.0.0/0"
                ],
                "description": "HTTPS",
                "from_port": 443,
                "ipv6_cidr_blocks": [],
                "prefix_list_ids": [],
                "protocol": "tcp",
                "security_groups": [],
                "self": false,
                "to_port": 443
              }
            ],
            "name": "dental-prod-alb-20250927070846553900000013",
            "name_prefix": "dental-prod-alb-",
            "owner_id": "488675216463",
            "revoke_rules_on_delete": false,
            "tags": {
              "Environment": "prod",
              "ManagedBy": "terraform",
              "Name": "dental-prod-alb-sg",
              "Project": "dental-clinic-ai"
            },
            "tags_all": {
              "Environment": "prod",
              "ManagedBy": "terraform",
              "Name": "dental-prod-alb-sg",
              "Owner": "dental-clinic-team",
              "Project": "dental-clinic-ai"
            },
            "timeouts": null,
            "vpc_id": "vpc-04fb294eb77c6b88f"
          },
          "sensitive_attributes": [],
          "identity_schema_version": 0,
          "private": "eyJlMmJmYjczMC1lY2FhLTExZTYtOGY4OC0zNDM2M2JjN2M0YzAiOnsiY3JlYXRlIjo2MDAwMDAwMDAwMDAsImRlbGV0ZSI6OTAwMDAwMDAwMDAwfSwic2NoZW1hX3ZlcnNpb24iOiIxIn0=",
          "dependencies": [
            "aws_vpc.main"
          ],
          "create_before_destroy": true
        }
      ]
    },
    {
      "mode": "managed",
      "type": "aws_security_group",
      "name": "ecs",
      "provider": "provider[\"registry.terraform.io/hashicorp/aws\"]",
      "instances": [
        {
          "schema_version": 1,
          "attributes": {
            "arn": "arn:aws:ec2:us-east-1:488675216463:security-group/sg-0ef6a623b68a7a124",
            "description": "Security group for ECS tasks",
            "egress": [
              {
                "cidr_blocks": [
                  "0.0.0.0/0"
                ],
                "description": "",
                "from_port": 0,
                "ipv6_cidr_blocks": [],
                "prefix_list_ids": [],
                "protocol": "-1",
                "security_groups": [],
                "self": false,
                "to_port": 0
              }
            ],
            "id": "sg-0ef6a623b68a7a124",
            "ingress": [
              {
                "cidr_blocks": [],
                "description": "HTTP from ALB",
                "from_port": 8000,
                "ipv6_cidr_blocks": [],
                "prefix_list_ids": [],
                "protocol": "tcp",
                "security_groups": [
                  "sg-00c73b0ebfa0f8180"
                ],
                "self": false,
                "to_port": 8001
              }
            ],
            "name": "dental-prod-ecs-20250927070849304600000015",
            "name_prefix": "dental-prod-ecs-",
            "owner_id": "488675216463",
            "revoke_rules_on_delete": false,
            "tags": {
              "Environment": "prod",
              "ManagedBy": "terraform",
              "Name": "dental-prod-ecs-sg",
              "Project": "dental-clinic-ai"
            },
            "tags_all": {
              "Environment": "prod",
              "ManagedBy": "terraform",
              "Name": "dental-prod-ecs-sg",
              "Owner": "dental-clinic-team",
              "Project": "dental-clinic-ai"
            },
            "timeouts": null,
            "vpc_id": "vpc-04fb294eb77c6b88f"
          },
          "sensitive_attributes": [],
          "identity_schema_version": 0,
          "private": "eyJlMmJmYjczMC1lY2FhLTExZTYtOGY4OC0zNDM2M2JjN2M0YzAiOnsiY3JlYXRlIjo2MDAwMDAwMDAwMDAsImRlbGV0ZSI6OTAwMDAwMDAwMDAwfSwic2NoZW1hX3ZlcnNpb24iOiIxIn0=",
          "dependencies": [
            "aws_security_group.alb",
            "aws_vpc.main"
          ],
          "create_before_destroy": true
        }
      ]
    },
    {
      "mode": "managed",
      "type": "aws_security_group",
      "name": "rds",
      "provider": "provider[\"registry.terraform.io/hashicorp/aws\"]",
      "instances": [
        {
          "schema_version": 1,
          "attributes": {
            "arn": "arn:aws:ec2:us-east-1:488675216463:security-group/sg-0b2581b17e3dd065b",
            "description": "Security group for RDS database",
            "egress": [],
            "id": "sg-0b2581b17e3dd065b",
            "ingress": [
              {
                "cidr_blocks": [],
                "description": "MySQL from ECS",
                "from_port": 3306,
                "ipv6_cidr_blocks": [],
                "prefix_list_ids": [],
                "protocol": "tcp",
                "security_groups": [
                  "sg-0ef6a623b68a7a124"
                ],
                "self": false,
                "to_port": 3306
              }
            ],
            "name": "dental-prod-rds-20250927070851700900000017",
            "name_prefix": "dental-prod-rds-",
            "owner_id": "488675216463",
            "revoke_rules_on_delete": false,
            "tags": {
              "Environment": "prod",
              "ManagedBy": "terraform",
              "Name": "dental-prod-rds-sg",
              "Project": "dental-clinic-ai"
            },
            "tags_all": {
              "Environment": "prod",
              "ManagedBy": "terraform",
              "Name": "dental-prod-rds-sg",
              "Owner": "dental-clinic-team",
              "Project": "dental-clinic-ai"
            },
            "timeouts": null,
            "vpc_id": "vpc-04fb294eb77c6b88f"
          },
          "sensitive_attributes": [],
          "identity_schema_version": 0,
          "private": "eyJlMmJmYjczMC1lY2FhLTExZTYtOGY4OC0zNDM2M2JjN2M0YzAiOnsiY3JlYXRlIjo2MDAwMDAwMDAwMDAsImRlbGV0ZSI6OTAwMDAwMDAwMDAwfSwic2NoZW1hX3ZlcnNpb24iOiIxIn0=",
          "dependencies": [
            "aws_security_group.alb",
            "aws_security_group.ecs",
            "aws_vpc.main"
          ],
          "create_before_destroy": true
        }
      ]
    },
    {
      "mode": "managed",
      "type": "aws_security_group",
      "name": "redis",
      "provider": "provider[\"registry.terraform.io/hashicorp/aws\"]",
      "instances": [
        {
          "schema_version": 1,
          "attributes": {
            "arn": "arn:aws:ec2:us-east-1:488675216463:security-group/sg-0d98f2a2a6a9d4b41",
            "description": "Security group for ElastiCache Redis",
            "egress": [],
            "id": "sg-0d98f2a2a6a9d4b41",
            "ingress": [
              {
                "cidr_blocks": [],
                "description": "Redis from ECS",
                "from_port": 6379,
                "ipv6_cidr_blocks": [],
                "prefix_list_ids": [],
                "protocol": "tcp",
                "security_groups": [
                  "sg-0ef6a623b68a7a124"
                ],
                "self": false,
                "to_port": 6379
              }
            ],
            "name": "dental-prod-redis-20250927070851700100000016",
            "name_prefix": "dental-prod-redis-",
            "owner_id": "488675216463",
            "revoke_rules_on_delete": false,
            "tags": {
              "Environment": "prod",
              "ManagedBy": "terraform",
              "Name": "dental-prod-redis-sg",
              "Project": "dental-clinic-ai"
            },
            "tags_all": {
              "Environment": "prod",
              "ManagedBy": "terraform",
              "Name": "dental-prod-redis-sg",
              "Owner": "dental-clinic-team",
              "Project": "dental-clinic-ai"
            },
            "timeouts": null,
            "vpc_id": "vpc-04fb294eb77c6b88f"
          },
          "sensitive_attributes": [],
          "identity_schema_version": 0,
          "private": "eyJlMmJmYjczMC1lY2FhLTExZTYtOGY4OC0zNDM2M2JjN2M0YzAiOnsiY3JlYXRlIjo2MDAwMDAwMDAwMDAsImRlbGV0ZSI6OTAwMDAwMDAwMDAwfSwic2NoZW1hX3ZlcnNpb24iOiIxIn0=",
          "dependencies": [
            "aws_security_group.alb",
            "aws_security_group.ecs",
            "aws_vpc.main"
          ],
          "create_before_destroy": true
        }
      ]
    },
    {
      "mode": "managed",
      "type": "aws_sns_topic",
      "name": "alerts",
      "provider": "provider[\"registry.terraform.io/hashicorp/aws\"]",
      "instances": [
        {
          "schema_version": 0,
          "attributes": {
            "application_failure_feedback_role_arn": "",
            "application_success_feedback_role_arn": "",
            "application_success_feedback_sample_rate": 0,
            "archive_policy": "",
            "arn": "arn:aws:sns:us-east-1:488675216463:dental-prod-alerts",
            "beginning_archive_time": "",
            "content_based_deduplication": false,
            "delivery_policy": "",
            "display_name": "",
            "fifo_throughput_scope": "",
            "fifo_topic": false,
            "firehose_failure_feedback_role_arn": "",
            "firehose_success_feedback_role_arn": "",
            "firehose_success_feedback_sample_rate": 0,
            "http_failure_feedback_role_arn": "",
            "http_success_feedback_role_arn": "",
            "http_success_feedback_sample_rate": 0,
            "id": "arn:aws:sns:us-east-1:488675216463:dental-prod-alerts",
            "kms_master_key_id": "",
            "lambda_failure_feedback_role_arn": "",
            "lambda_success_feedback_role_arn": "",
            "lambda_success_feedback_sample_rate": 0,
            "name": "dental-prod-alerts",
            "name_prefix": "",
            "owner": "488675216463",
            "policy": "{\"Id\":\"__default_policy_ID\",\"Statement\":[{\"Action\":[\"SNS:GetTopicAttributes\",\"SNS:SetTopicAttributes\",\"SNS:AddPermission\",\"SNS:RemovePermission\",\"SNS:DeleteTopic\",\"SNS:Subscribe\",\"SNS:ListSubscriptionsByTopic\",\"SNS:Publish\"],\"Condition\":{\"StringEquals\":{\"AWS:SourceOwner\":\"488675216463\"}},\"Effect\":\"Allow\",\"Principal\":{\"AWS\":\"*\"},\"Resource\":\"arn:aws:sns:us-east-1:488675216463:dental-prod-alerts\",\"Sid\":\"__default_statement_ID\"}],\"Version\":\"2008-10-17\"}",
            "signature_version": 0,
            "sqs_failure_feedback_role_arn": "",
            "sqs_success_feedback_role_arn": "",
            "sqs_success_feedback_sample_rate": 0,
            "tags": {
              "Environment": "prod",
              "ManagedBy": "terraform",
              "Name": "dental-prod-alerts",
              "Project": "dental-clinic-ai"
            },
            "tags_all": {
              "Environment": "prod",
              "ManagedBy": "terraform",
              "Name": "dental-prod-alerts",
              "Owner": "dental-clinic-team",
              "Project": "dental-clinic-ai"
            },
            "tracing_config": ""
          },
          "sensitive_attributes": [],
          "identity_schema_version": 0,
          "private": "bnVsbA=="
        }
      ]
    },
    {
      "mode": "managed",
      "type": "aws_subnet",
      "name": "database",
      "provider": "provider[\"registry.terraform.io/hashicorp/aws\"]",
      "instances": [
        {
          "index_key": 0,
          "schema_version": 1,
          "attributes": {
            "arn": "arn:aws:ec2:us-east-1:488675216463:subnet/subnet-01845b0b64af784f1",
            "assign_ipv6_address_on_creation": false,
            "availability_zone": "us-east-1a",
            "availability_zone_id": "use1-az4",
            "cidr_block": "10.0.20.0/24",
            "customer_owned_ipv4_pool": "",
            "enable_dns64": false,
            "enable_lni_at_device_index": 0,
            "enable_resource_name_dns_a_record_on_launch": false,
            "enable_resource_name_dns_aaaa_record_on_launch": false,
            "id": "subnet-01845b0b64af784f1",
            "ipv6_cidr_block": "",
            "ipv6_cidr_block_association_id": "",
            "ipv6_native": false,
            "map_customer_owned_ip_on_launch": false,
            "map_public_ip_on_launch": false,
            "outpost_arn": "",
            "owner_id": "488675216463",
            "private_dns_hostname_type_on_launch": "ip-name",
            "tags": {
              "Environment": "prod",
              "ManagedBy": "terraform",
              "Name": "dental-prod-database-1",
              "Project": "dental-clinic-ai",
              "Type": "database"
            },
            "tags_all": {
              "Environment": "prod",
              "ManagedBy": "terraform",
              "Name": "dental-prod-database-1",
              "Owner": "dental-clinic-team",
              "Project": "dental-clinic-ai",
              "Type": "database"
            },
            "timeouts": null,
            "vpc_id": "vpc-04fb294eb77c6b88f"
          },
          "sensitive_attributes": [],
          "identity_schema_version": 0,
          "private": "eyJlMmJmYjczMC1lY2FhLTExZTYtOGY4OC0zNDM2M2JjN2M0YzAiOnsiY3JlYXRlIjo2MDAwMDAwMDAwMDAsImRlbGV0ZSI6MTIwMDAwMDAwMDAwMH0sInNjaGVtYV92ZXJzaW9uIjoiMSJ9",
          "dependencies": [
            "aws_vpc.main",
            "data.aws_availability_zones.available"
          ]
        },
        {
          "index_key": 1,
          "schema_version": 1,
          "attributes": {
            "arn": "arn:aws:ec2:us-east-1:488675216463:subnet/subnet-05f23c9449ad7c11e",
            "assign_ipv6_address_on_creation": false,
            "availability_zone": "us-east-1b",
            "availability_zone_id": "use1-az6",
            "cidr_block": "10.0.21.0/24",
            "customer_owned_ipv4_pool": "",
            "enable_dns64": false,
            "enable_lni_at_device_index": 0,
            "enable_resource_name_dns_a_record_on_launch": false,
            "enable_resource_name_dns_aaaa_record_on_launch": false,
            "id": "subnet-05f23c9449ad7c11e",
            "ipv6_cidr_block": "",
            "ipv6_cidr_block_association_id": "",
            "ipv6_native": false,
            "map_customer_owned_ip_on_launch": false,
            "map_public_ip_on_launch": false,
            "outpost_arn": "",
            "owner_id": "488675216463",
            "private_dns_hostname_type_on_launch": "ip-name",
            "tags": {
              "Environment": "prod",
              "ManagedBy": "terraform",
              "Name": "dental-prod-database-2",
              "Project": "dental-clinic-ai",
              "Type": "database"
            },
            "tags_all": {
              "Environment": "prod",
              "ManagedBy": "terraform",
              "Name": "dental-prod-database-2",
              "Owner": "dental-clinic-team",
              "Project": "dental-clinic-ai",
              "Type": "database"
            },
            "timeouts": null,
            "vpc_id": "vpc-04fb294eb77c6b88f"
          },
          "sensitive_attributes": [],
          "identity_schema_version": 0,
          "private": "eyJlMmJmYjczMC1lY2FhLTExZTYtOGY4OC0zNDM2M2JjN2M0YzAiOnsiY3JlYXRlIjo2MDAwMDAwMDAwMDAsImRlbGV0ZSI6MTIwMDAwMDAwMDAwMH0sInNjaGVtYV92ZXJzaW9uIjoiMSJ9",
          "dependencies": [
            "aws_vpc.main",
            "data.aws_availability_zones.available"
          ]
        }
      ]
    },
    {
      "mode": "managed",
      "type": "aws_subnet",
      "name": "private",
      "provider": "provider[\"registry.terraform.io/hashicorp/aws\"]",
      "instances": [
        {
          "index_key": 0,
          "schema_version": 1,
          "attributes": {
            "arn": "arn:aws:ec2:us-east-1:488675216463:subnet/subnet-0a43c0902bc7f09eb",
            "assign_ipv6_address_on_creation": false,
            "availability_zone": "us-east-1a",
            "availability_zone_id": "use1-az4",
            "cidr_block": "10.0.10.0/24",
            "customer_owned_ipv4_pool": "",
            "enable_dns64": false,
            "enable_lni_at_device_index": 0,
            "enable_resource_name_dns_a_record_on_launch": false,
            "enable_resource_name_dns_aaaa_record_on_launch": false,
            "id": "subnet-0a43c0902bc7f09eb",
            "ipv6_cidr_block": "",
            "ipv6_cidr_block_association_id": "",
            "ipv6_native": false,
            "map_customer_owned_ip_on_launch": false,
            "map_public_ip_on_launch": false,
            "outpost_arn": "",
            "owner_id": "488675216463",
            "private_dns_hostname_type_on_launch": "ip-name",
            "tags": {
              "Environment": "prod",
              "ManagedBy": "terraform",
              "Name": "dental-prod-private-1",
              "Project": "dental-clinic-ai",
              "Type": "private"
            },
            "tags_all": {
              "Environment": "prod",
              "ManagedBy": "terraform",
              "Name": "dental-prod-private-1",
              "Owner": "dental-clinic-team",
              "Project": "dental-clinic-ai",
              "Type": "private"
            },
            "timeouts": null,
            "vpc_id": "vpc-04fb294eb77c6b88f"
          },
          "sensitive_attributes": [],
          "identity_schema_version": 0,
          "private": "eyJlMmJmYjczMC1lY2FhLTExZTYtOGY4OC0zNDM2M2JjN2M0YzAiOnsiY3JlYXRlIjo2MDAwMDAwMDAwMDAsImRlbGV0ZSI6MTIwMDAwMDAwMDAwMH0sInNjaGVtYV92ZXJzaW9uIjoiMSJ9",
          "dependencies": [
            "aws_vpc.main",
            "data.aws_availability_zones.available"
          ]
        },
        {
          "index_key": 1,
          "schema_version": 1,
          "attributes": {
            "arn": "arn:aws:ec2:us-east-1:488675216463:subnet/subnet-03981f48ddb7cef8d",
            "assign_ipv6_address_on_creation": false,
            "availability_zone": "us-east-1b",
            "availability_zone_id": "use1-az6",
            "cidr_block": "10.0.11.0/24",
            "customer_owned_ipv4_pool": "",
            "enable_dns64": false,
            "enable_lni_at_device_index": 0,
            "enable_resource_name_dns_a_record_on_launch": false,
            "enable_resource_name_dns_aaaa_record_on_launch": false,
            "id": "subnet-03981f48ddb7cef8d",
            "ipv6_cidr_block": "",
            "ipv6_cidr_block_association_id": "",
            "ipv6_native": false,
            "map_customer_owned_ip_on_launch": false,
            "map_public_ip_on_launch": false,
            "outpost_arn": "",
            "owner_id": "488675216463",
            "private_dns_hostname_type_on_launch": "ip-name",
            "tags": {
              "Environment": "prod",
              "ManagedBy": "terraform",
              "Name": "dental-prod-private-2",
              "Project": "dental-clinic-ai",
              "Type": "private"
            },
            "tags_all": {
              "Environment": "prod",
              "ManagedBy": "terraform",
              "Name": "dental-prod-private-2",
              "Owner": "dental-clinic-team",
              "Project": "dental-clinic-ai",
              "Type": "private"
            },
            "timeouts": null,
            "vpc_id": "vpc-04fb294eb77c6b88f"
          },
          "sensitive_attributes": [],
          "identity_schema_version": 0,
          "private": "eyJlMmJmYjczMC1lY2FhLTExZTYtOGY4OC0zNDM2M2JjN2M0YzAiOnsiY3JlYXRlIjo2MDAwMDAwMDAwMDAsImRlbGV0ZSI6MTIwMDAwMDAwMDAwMH0sInNjaGVtYV92ZXJzaW9uIjoiMSJ9",
          "dependencies": [
            "aws_vpc.main",
            "data.aws_availability_zones.available"
          ]
        }
      ]
    },
    {
      "mode": "managed",
      "type": "aws_subnet",
      "name": "public",
      "provider": "provider[\"registry.terraform.io/hashicorp/aws\"]",
      "instances": [
        {
          "index_key": 0,
          "schema_version": 1,
          "attributes": {
            "arn": "arn:aws:ec2:us-east-1:488675216463:subnet/subnet-032b67803b53c760a",
            "assign_ipv6_address_on_creation": false,
            "availability_zone": "us-east-1a",
            "availability_zone_id": "use1-az4",
            "cidr_block": "10.0.0.0/24",
            "customer_owned_ipv4_pool": "",
            "enable_dns64": false,
            "enable_lni_at_device_index": 0,
            "enable_resource_name_dns_a_record_on_launch": false,
            "enable_resource_name_dns_aaaa_record_on_launch": false,
            "id": "subnet-032b67803b53c760a",
            "ipv6_cidr_block": "",
            "ipv6_cidr_block_association_id": "",
            "ipv6_native": false,
            "map_customer_owned_ip_on_launch": false,
            "map_public_ip_on_launch": true,
            "outpost_arn": "",
            "owner_id": "488675216463",
            "private_dns_hostname_type_on_launch": "ip-name",
            "tags": {
              "Environment": "prod",
              "ManagedBy": "terraform",
              "Name": "dental-prod-public-1",
              "Project": "dental-clinic-ai",
              "Type": "public"
            },
            "tags_all": {
              "Environment": "prod",
              "ManagedBy": "terraform",
              "Name": "dental-prod-public-1",
              "Owner": "dental-clinic-team",
              "Project": "dental-clinic-ai",
              "Type": "public"
            },
            "timeouts": null,
            "vpc_id": "vpc-04fb294eb77c6b88f"
          },
          "sensitive_attributes": [],
          "identity_schema_version": 0,
          "private": "eyJlMmJmYjczMC1lY2FhLTExZTYtOGY4OC0zNDM2M2JjN2M0YzAiOnsiY3JlYXRlIjo2MDAwMDAwMDAwMDAsImRlbGV0ZSI6MTIwMDAwMDAwMDAwMH0sInNjaGVtYV92ZXJzaW9uIjoiMSJ9",
          "dependencies": [
            "aws_vpc.main",
            "data.aws_availability_zones.available"
          ]
        },
        {
          "index_key": 1,
          "schema_version": 1,
          "attributes": {
            "arn": "arn:aws:ec2:us-east-1:488675216463:subnet/subnet-0cf108ad65fa45f1e",
            "assign_ipv6_address_on_creation": false,
            "availability_zone": "us-east-1b",
            "availability_zone_id": "use1-az6",
            "cidr_block": "10.0.1.0/24",
            "customer_owned_ipv4_pool": "",
            "enable_dns64": false,
            "enable_lni_at_device_index": 0,
            "enable_resource_name_dns_a_record_on_launch": false,
            "enable_resource_name_dns_aaaa_record_on_launch": false,
            "id": "subnet-0cf108ad65fa45f1e",
            "ipv6_cidr_block": "",
            "ipv6_cidr_block_association_id": "",
            "ipv6_native": false,
            "map_customer_owned_ip_on_launch": false,
            "map_public_ip_on_launch": true,
            "outpost_arn": "",
            "owner_id": "488675216463",
            "private_dns_hostname_type_on_launch": "ip-name",
            "tags": {
              "Environment": "prod",
              "ManagedBy": "terraform",
              "Name": "dental-prod-public-2",
              "Project": "dental-clinic-ai",
              "Type": "public"
            },
            "tags_all": {
              "Environment": "prod",
              "ManagedBy": "terraform",
              "Name": "dental-prod-public-2",
              "Owner": "dental-clinic-team",
              "Project": "dental-clinic-ai",
              "Type": "public"
            },
            "timeouts": null,
            "vpc_id": "vpc-04fb294eb77c6b88f"
          },
          "sensitive_attributes": [],
          "identity_schema_version": 0,
          "private": "eyJlMmJmYjczMC1lY2FhLTExZTYtOGY4OC0zNDM2M2JjN2M0YzAiOnsiY3JlYXRlIjo2MDAwMDAwMDAwMDAsImRlbGV0ZSI6MTIwMDAwMDAwMDAwMH0sInNjaGVtYV92ZXJzaW9uIjoiMSJ9",
          "dependencies": [
            "aws_vpc.main",
            "data.aws_availability_zones.available"
          ]
        }
      ]
    },
    {
      "mode": "managed",
      "type": "aws_vpc",
      "name": "main",
      "provider": "provider[\"registry.terraform.io/hashicorp/aws\"]",
      "instances": [
        {
          "schema_version": 1,
          "attributes": {
            "arn": "arn:aws:ec2:us-east-1:488675216463:vpc/vpc-04fb294eb77c6b88f",
            "assign_generated_ipv6_cidr_block": false,
            "cidr_block": "10.0.0.0/16",
            "default_network_acl_id": "acl-05e84918e2696393c",
            "default_route_table_id": "rtb-0e8ea873dbf6fb346",
            "default_security_group_id": "sg-03c036663f8ebeb00",
            "dhcp_options_id": "dopt-061a2ee93de5fbf22",
            "enable_dns_hostnames": true,
            "enable_dns_support": true,
            "enable_network_address_usage_metrics": false,
            "id": "vpc-04fb294eb77c6b88f",
            "instance_tenancy": "default",
            "ipv4_ipam_pool_id": null,
            "ipv4_netmask_length": null,
            "ipv6_association_id": "",
            "ipv6_cidr_block": "",
            "ipv6_cidr_block_network_border_group": "",
            "ipv6_ipam_pool_id": "",
            "ipv6_netmask_length": 0,
            "main_route_table_id": "rtb-0e8ea873dbf6fb346",
            "owner_id": "488675216463",
            "tags": {
              "Environment": "prod",
              "ManagedBy": "terraform",
              "Name": "dental-prod-vpc",
              "Project": "dental-clinic-ai"
            },
            "tags_all": {
              "Environment": "prod",
              "ManagedBy": "terraform",
              "Name": "dental-prod-vpc",
              "Owner": "dental-clinic-team",
              "Project": "dental-clinic-ai"
            }
          },
          "sensitive_attributes": [],
          "identity_schema_version": 0,
          "private": "eyJzY2hlbWFfdmVyc2lvbiI6IjEifQ==",
          "create_before_destroy": true
        }
      ]
    },
    {
      "mode": "managed",
      "type": "random_password",
      "name": "db_password",
      "provider": "provider[\"registry.terraform.io/hashicorp/random\"]",
      "instances": [
        {
          "schema_version": 3,
          "attributes": {
            "bcrypt_hash": "$2a$10$FnVRNa/SSHXPcj7xc81YI.a7YoQibIloucCXJj9VDmkYJZnvalx.a",
            "id": "none",
            "keepers": null,
            "length": 16,
            "lower": true,
            "min_lower": 0,
            "min_numeric": 0,
            "min_special": 0,
            "min_upper": 0,
            "number": true,
            "numeric": true,
            "override_special": null,
            "result": "Jr?lRY0N-OLQz%Z5",
            "special": true,
            "upper": true
          },
          "sensitive_attributes": [
            [
              {
                "type": "get_attr",
                "value": "bcrypt_hash"
              }
            ],
            [
              {
                "type": "get_attr",
                "value": "result"
              }
            ]
          ],
          "identity_schema_version": 0
        }
      ]
    },
    {
      "mode": "managed",
      "type": "random_password",
      "name": "encryption_key",
      "provider": "provider[\"registry.terraform.io/hashicorp/random\"]",
      "instances": [
        {
          "schema_version": 3,
          "attributes": {
            "bcrypt_hash": "$2a$10$4F2uuAauwJiFaBWYv/GSt.Jxy.HU/rzvy.CXTI3MxlxS/hxoevSpS",
            "id": "none",
            "keepers": null,
            "length": 32,
            "lower": true,
            "min_lower": 0,
            "min_numeric": 0,
            "min_special": 0,
            "min_upper": 0,
            "number": true,
            "numeric": true,
            "override_special": null,
            "result": "fg6u34W0vvgu4FUmUYT71RJMKXPbt4ep",
            "special": false,
            "upper": true
          },
          "sensitive_attributes": [
            [
              {
                "type": "get_attr",
                "value": "bcrypt_hash"
              }
            ],
            [
              {
                "type": "get_attr",
                "value": "result"
              }
            ]
          ],
          "identity_schema_version": 0
        }
      ]
    },
    {
      "mode": "managed",
      "type": "random_password",
      "name": "jwt_secret",
      "provider": "provider[\"registry.terraform.io/hashicorp/random\"]",
      "instances": [
        {
          "schema_version": 3,
          "attributes": {
            "bcrypt_hash": "$2a$10$V8PlMoOuCgI8LS5Wa0rDKuZok.3D1O4l0n.dQEm4FzfRb9MXZiKDG",
            "id": "none",
            "keepers": null,
            "length": 64,
            "lower": true,
            "min_lower": 0,
            "min_numeric": 0,
            "min_special": 0,
            "min_upper": 0,
            "number": true,
            "numeric": true,
            "override_special": null,
            "result": "HvYOZsO[=cZP-@*5sl7*)lNxHJ(uf%d*}QnySW4(Qzd$_[sKBKmX@l]41sviY*5#",
            "special": true,
            "upper": true
          },
          "sensitive_attributes": [
            [
              {
                "type": "get_attr",
                "value": "bcrypt_hash"
              }
            ],
            [
              {
                "type": "get_attr",
                "value": "result"
              }
            ]
          ],
          "identity_schema_version": 0
        }
      ]
    },
    {
      "mode": "managed",
      "type": "random_password",
      "name": "session_secret",
      "provider": "provider[\"registry.terraform.io/hashicorp/random\"]",
      "instances": [
        {
          "schema_version": 3,
          "attributes": {
            "bcrypt_hash": "$2a$10$662dciHPjqTdTvnj8eYhWeqT73FZOhO9hwEwa391iRXp8DACQgrSW",
            "id": "none",
            "keepers": null,
            "length": 32,
            "lower": true,
            "min_lower": 0,
            "min_numeric": 0,
            "min_special": 0,
            "min_upper": 0,
            "number": true,
            "numeric": true,
            "override_special": null,
            "result": "M9P:?04:f(wl3]AtLKaR\u003eiQQ\u0026]+88:vu",
            "special": true,
            "upper": true
          },
          "sensitive_attributes": [
            [
              {
                "type": "get_attr",
                "value": "bcrypt_hash"
              }
            ],
            [
              {
                "type": "get_attr",
                "value": "result"
              }
            ]
          ],
          "identity_schema_version": 0
        }
      ]
    },
    {
      "mode": "managed",
      "type": "random_password",
      "name": "telegram_webhook_secret",
      "provider": "provider[\"registry.terraform.io/hashicorp/random\"]",
      "instances": [
        {
          "schema_version": 3,
          "attributes": {
            "bcrypt_hash": "$2a$10$nT13ondSbQxHn2M15s/l3.LpB/XIJgeBvuQUEAQK7cY.uHEgN9TkK",
            "id": "none",
            "keepers": null,
            "length": 32,
            "lower": true,
            "min_lower": 0,
            "min_numeric": 0,
            "min_special": 0,
            "min_upper": 0,
            "number": true,
            "numeric": true,
            "override_special": null,
            "result": "RKo#H%HgB7}$PIY1{Nhxu)eSr_LG[PEw",
            "special": true,
            "upper": true
          },
          "sensitive_attributes": [
            [
              {
                "type": "get_attr",
                "value": "bcrypt_hash"
              }
            ],
            [
              {
                "type": "get_attr",
                "value": "result"
              }
            ]
          ],
          "identity_schema_version": 0
        }
      ]
    },
    {
      "mode": "managed",
      "type": "random_password",
      "name": "webhook_secret",
      "provider": "provider[\"registry.terraform.io/hashicorp/random\"]",
      "instances": [
        {
          "schema_version": 3,
          "attributes": {
            "bcrypt_hash": "$2a$10$/nVvzG0AyQMMahEr73A69.ZtH1a6I6RJMs/Oq6H4OsWHS4llJIEAG",
            "id": "none",
            "keepers": null,
            "length": 32,
            "lower": true,
            "min_lower": 0,
            "min_numeric": 0,
            "min_special": 0,
            "min_upper": 0,
            "number": true,
            "numeric": true,
            "override_special": null,
            "result": "6Q*fgFlGjeB]QW)7Yh]KjCq5rjr_WF)B",
            "special": true,
            "upper": true
          },
          "sensitive_attributes": [
            [
              {
                "type": "get_attr",
                "value": "bcrypt_hash"
              }
            ],
            [
              {
                "type": "get_attr",
                "value": "result"
              }
            ]
          ],
          "identity_schema_version": 0
        }
      ]
    },
    {
      "mode": "managed",
      "type": "random_password",
      "name": "whatsapp_app_secret",
      "provider": "provider[\"registry.terraform.io/hashicorp/random\"]",
      "instances": [
        {
          "schema_version": 3,
          "attributes": {
            "bcrypt_hash": "$2a$10$bM8sAIieJmEr61jPuFtWa.X8/UiJc8pfT26ZrgMnGpHb23lwlNBo6",
            "id": "none",
            "keepers": null,
            "length": 32,
            "lower": true,
            "min_lower": 0,
            "min_numeric": 0,
            "min_special": 0,
            "min_upper": 0,
            "number": true,
            "numeric": true,
            "override_special": null,
            "result": "a$5Jr70l@\u0026$V:h{-tT{QjFvPH?{W\u003es%B",
            "special": true,
            "upper": true
          },
          "sensitive_attributes": [
            [
              {
                "type": "get_attr",
                "value": "bcrypt_hash"
              }
            ],
            [
              {
                "type": "get_attr",
                "value": "result"
              }
            ]
          ],
          "identity_schema_version": 0
        }
      ]
    },
    {
      "mode": "managed",
      "type": "random_password",
      "name": "whatsapp_verify_token",
      "provider": "provider[\"registry.terraform.io/hashicorp/random\"]",
      "instances": [
        {
          "schema_version": 3,
          "attributes": {
            "bcrypt_hash": "$2a$10$Vopzau20Zr4uL3mN26reD.yeRuGyAciN.bz2Oxi6DBaDPc7lmfaw2",
            "id": "none",
            "keepers": null,
            "length": 32,
            "lower": true,
            "min_lower": 0,
            "min_numeric": 0,
            "min_special": 0,
            "min_upper": 0,
            "number": true,
            "numeric": true,
            "override_special": null,
            "result": "wr6oJeXmQF5x2oBl693VCGcnJpcezvQH",
            "special": false,
            "upper": true
          },
          "sensitive_attributes": [
            [
              {
                "type": "get_attr",
                "value": "bcrypt_hash"
              }
            ],
            [
              {
                "type": "get_attr",
                "value": "result"
              }
            ]
          ],
          "identity_schema_version": 0
        }
      ]
    }
  ],
  "check_results": [
    {
      "object_kind": "var",
      "config_addr": "var.environment",
      "status": "pass",
      "objects": [
        {
          "object_addr": "var.environment",
          "status": "pass"
        }
      ]
    }
  ]
}
